// !$*UTF8*$!
{
	archiveVersion = 1;
	classes = {
	};
	objectVersion = 56;
	objects = {

/* Begin PBXBuildFile section */
		6637556F2AF7E3A300117085 /* View+Alert.swift in Sources */ = {isa = PBXBuildFile; fileRef = 6637556E2AF7E3A300117085 /* View+Alert.swift */; };
		663755712AF7E53100117085 /* UIViewController+Extension.swift in Sources */ = {isa = PBXBuildFile; fileRef = 663755702AF7E53100117085 /* UIViewController+Extension.swift */; };
		663755792AF7ED3600117085 /* OhwaAlert.swift in Sources */ = {isa = PBXBuildFile; fileRef = 663755782AF7ED3600117085 /* OhwaAlert.swift */; };
		6637557D2AF7F0A700117085 /* UIApplication+Extension.swift in Sources */ = {isa = PBXBuildFile; fileRef = 6637557C2AF7F0A700117085 /* UIApplication+Extension.swift */; };
		665837652AF80B7600A5833E /* FirebaseAnalytics in Frameworks */ = {isa = PBXBuildFile; productRef = 665837642AF80B7600A5833E /* FirebaseAnalytics */; };
		665837672AF80B7600A5833E /* FirebaseAnalyticsOnDeviceConversion in Frameworks */ = {isa = PBXBuildFile; productRef = 665837662AF80B7600A5833E /* FirebaseAnalyticsOnDeviceConversion */; };
		665837692AF80B7600A5833E /* FirebaseAnalyticsSwift in Frameworks */ = {isa = PBXBuildFile; productRef = 665837682AF80B7600A5833E /* FirebaseAnalyticsSwift */; };
		6658376B2AF80B7600A5833E /* FirebaseAnalyticsWithoutAdIdSupport in Frameworks */ = {isa = PBXBuildFile; productRef = 6658376A2AF80B7600A5833E /* FirebaseAnalyticsWithoutAdIdSupport */; };
		6658376D2AF80B7600A5833E /* FirebaseAppCheck in Frameworks */ = {isa = PBXBuildFile; productRef = 6658376C2AF80B7600A5833E /* FirebaseAppCheck */; };
		665837712AF8110600A5833E /* FirebaseAnalytics in Frameworks */ = {isa = PBXBuildFile; productRef = 665837702AF8110600A5833E /* FirebaseAnalytics */; };
		665837732AF8110600A5833E /* FirebaseAnalyticsOnDeviceConversion in Frameworks */ = {isa = PBXBuildFile; productRef = 665837722AF8110600A5833E /* FirebaseAnalyticsOnDeviceConversion */; };
		665837752AF8110600A5833E /* FirebaseAnalyticsSwift in Frameworks */ = {isa = PBXBuildFile; productRef = 665837742AF8110600A5833E /* FirebaseAnalyticsSwift */; };
		665837772AF8110600A5833E /* FirebaseAnalyticsWithoutAdIdSupport in Frameworks */ = {isa = PBXBuildFile; productRef = 665837762AF8110600A5833E /* FirebaseAnalyticsWithoutAdIdSupport */; };
		665837792AF8110600A5833E /* FirebaseAppCheck in Frameworks */ = {isa = PBXBuildFile; productRef = 665837782AF8110600A5833E /* FirebaseAppCheck */; };
		6658377C2AF8CB0A00A5833E /* Tracking.swift in Sources */ = {isa = PBXBuildFile; fileRef = 6658377B2AF8CB0A00A5833E /* Tracking.swift */; };
		791F14682ADD726600F8DDD2 /* RoundedShape.swift in Sources */ = {isa = PBXBuildFile; fileRef = 791F14672ADD726600F8DDD2 /* RoundedShape.swift */; };
		791F146A2ADD736B00F8DDD2 /* TabBarLabelStyle.swift in Sources */ = {isa = PBXBuildFile; fileRef = 791F14692ADD736B00F8DDD2 /* TabBarLabelStyle.swift */; };
		791F146E2ADD8CF200F8DDD2 /* SearchView+Feature.swift in Sources */ = {isa = PBXBuildFile; fileRef = 791F146D2ADD8CF200F8DDD2 /* SearchView+Feature.swift */; };
		791F14742ADD8EA500F8DDD2 /* Feature.swift in Sources */ = {isa = PBXBuildFile; fileRef = 791F14732ADD8EA500F8DDD2 /* Feature.swift */; };
		791F14792AE0D8A400F8DDD2 /* JournalView.swift in Sources */ = {isa = PBXBuildFile; fileRef = 791F14782AE0D8A400F8DDD2 /* JournalView.swift */; };
		791F147B2AE0D8AF00F8DDD2 /* JournalView+Feature.swift in Sources */ = {isa = PBXBuildFile; fileRef = 791F147A2AE0D8AF00F8DDD2 /* JournalView+Feature.swift */; };
		791F147D2AE0DD9000F8DDD2 /* UINavigationController+Extension.swift in Sources */ = {isa = PBXBuildFile; fileRef = 791F147C2AE0DD9000F8DDD2 /* UINavigationController+Extension.swift */; };
		792444092B00D04E00E28FFE /* SettingsView+Feature.swift in Sources */ = {isa = PBXBuildFile; fileRef = 792444082B00D04E00E28FFE /* SettingsView+Feature.swift */; };
		7924440B2B00F13000E28FFE /* DataSettingsView.swift in Sources */ = {isa = PBXBuildFile; fileRef = 7924440A2B00F13000E28FFE /* DataSettingsView.swift */; };
		7924440D2B01FE1000E28FFE /* View+Render.swift in Sources */ = {isa = PBXBuildFile; fileRef = 7924440C2B01FE1000E28FFE /* View+Render.swift */; };
		7924440F2B02195300E28FFE /* ActivityView.swift in Sources */ = {isa = PBXBuildFile; fileRef = 7924440E2B02195300E28FFE /* ActivityView.swift */; };
		792444112B02700000E28FFE /* EmptyPlaceholderView.swift in Sources */ = {isa = PBXBuildFile; fileRef = 792444102B02700000E28FFE /* EmptyPlaceholderView.swift */; };
		792751122AF21AA30023123C /* MainView.swift in Sources */ = {isa = PBXBuildFile; fileRef = 792751112AF21AA30023123C /* MainView.swift */; };
		792751142AF21AAB0023123C /* MainView+Feature.swift in Sources */ = {isa = PBXBuildFile; fileRef = 792751132AF21AAB0023123C /* MainView+Feature.swift */; };
		792751202AF2392C0023123C /* UserDefaultsKey.swift in Sources */ = {isa = PBXBuildFile; fileRef = 7927511F2AF2392C0023123C /* UserDefaultsKey.swift */; };
		792751252AF23DC10023123C /* SwiftKeychainWrapper in Frameworks */ = {isa = PBXBuildFile; productRef = 792751242AF23DC10023123C /* SwiftKeychainWrapper */; };
		792751272AF23F9E0023123C /* SwiftKeychainWrapper+Extension.swift in Sources */ = {isa = PBXBuildFile; fileRef = 792751262AF23F9E0023123C /* SwiftKeychainWrapper+Extension.swift */; };
		7927512B2AF359590023123C /* HapticManager.swift in Sources */ = {isa = PBXBuildFile; fileRef = 7927512A2AF359590023123C /* HapticManager.swift */; };
		7927512D2AF364DC0023123C /* ImageDetailView.swift in Sources */ = {isa = PBXBuildFile; fileRef = 7927512C2AF364DC0023123C /* ImageDetailView.swift */; };
		79407D532AD7E68D006C7571 /* FallWinApp.swift in Sources */ = {isa = PBXBuildFile; fileRef = 79407D522AD7E68D006C7571 /* FallWinApp.swift */; };
		79407D572AD7E68E006C7571 /* Assets.xcassets in Resources */ = {isa = PBXBuildFile; fileRef = 79407D562AD7E68E006C7571 /* Assets.xcassets */; };
		79407D5A2AD7E68E006C7571 /* Preview Assets.xcassets in Resources */ = {isa = PBXBuildFile; fileRef = 79407D592AD7E68E006C7571 /* Preview Assets.xcassets */; };
		79407D642AD7EC80006C7571 /* Date+Exntesion.swift in Sources */ = {isa = PBXBuildFile; fileRef = 79407D632AD7EC80006C7571 /* Date+Exntesion.swift */; };
		79407D662AD7EC9E006C7571 /* String+Extension.swift in Sources */ = {isa = PBXBuildFile; fileRef = 79407D652AD7EC9E006C7571 /* String+Extension.swift */; };
		79407D682AD7ED11006C7571 /* Colors.swift in Sources */ = {isa = PBXBuildFile; fileRef = 79407D672AD7ED11006C7571 /* Colors.swift */; };
		794216B82AE22C6A00F24CFD /* CollapsingScrollView.swift in Sources */ = {isa = PBXBuildFile; fileRef = 794216B72AE22C6A00F24CFD /* CollapsingScrollView.swift */; };
		7951CE552AF4AF98006A3AA7 /* PasscodeView.swift in Sources */ = {isa = PBXBuildFile; fileRef = 7951CE542AF4AF98006A3AA7 /* PasscodeView.swift */; };
		7975B6E72B0DC5050047B5BD /* NotificationSettingView.swift in Sources */ = {isa = PBXBuildFile; fileRef = 7975B6E62B0DC5050047B5BD /* NotificationSettingView.swift */; };
		7975B6E92B0DC5100047B5BD /* NotificationSettingView+Feature.swift in Sources */ = {isa = PBXBuildFile; fileRef = 7975B6E82B0DC5100047B5BD /* NotificationSettingView+Feature.swift */; };
		7975B6EB2B0DCC770047B5BD /* TimePickerView.swift in Sources */ = {isa = PBXBuildFile; fileRef = 7975B6EA2B0DCC770047B5BD /* TimePickerView.swift */; };
		7975B6F02B0E329B0047B5BD /* Kronos in Frameworks */ = {isa = PBXBuildFile; productRef = 7975B6EF2B0E329B0047B5BD /* Kronos */; };
		7975B6F42B0E38030047B5BD /* FilmManager.swift in Sources */ = {isa = PBXBuildFile; fileRef = 7975B6F32B0E38030047B5BD /* FilmManager.swift */; };
		7975B6F62B0F0C180047B5BD /* Notification+Name.swift in Sources */ = {isa = PBXBuildFile; fileRef = 7975B6F52B0F0C180047B5BD /* Notification+Name.swift */; };
		799A57A92B0B409700D6966C /* Localizable.xcstrings in Resources */ = {isa = PBXBuildFile; fileRef = 799A57A82B0B409700D6966C /* Localizable.xcstrings */; };
		799F1D8C2B02EFDD009908DB /* JournalWritingView.swift in Sources */ = {isa = PBXBuildFile; fileRef = 799F1D8B2B02EFDD009908DB /* JournalWritingView.swift */; };
		799F1D8E2B02EFE9009908DB /* JournalWritingView+Feature.swift in Sources */ = {isa = PBXBuildFile; fileRef = 799F1D8D2B02EFE9009908DB /* JournalWritingView+Feature.swift */; };
		799F1D912B033322009908DB /* MindView.swift in Sources */ = {isa = PBXBuildFile; fileRef = 799F1D902B033322009908DB /* MindView.swift */; };
		799F1D932B033700009908DB /* WritingHeaderView.swift in Sources */ = {isa = PBXBuildFile; fileRef = 799F1D922B033700009908DB /* WritingHeaderView.swift */; };
		799F1D952B0343B8009908DB /* WritingContentView.swift in Sources */ = {isa = PBXBuildFile; fileRef = 799F1D942B0343B8009908DB /* WritingContentView.swift */; };
		799F1D972B034632009908DB /* DrawStyleView.swift in Sources */ = {isa = PBXBuildFile; fileRef = 799F1D962B034632009908DB /* DrawStyleView.swift */; };
		79A5667A2AFE058E00524A57 /* ICloudBackupManager.swift in Sources */ = {isa = PBXBuildFile; fileRef = 79A566792AFE058E00524A57 /* ICloudBackupManager.swift */; };
		79A5667E2AFE089D00524A57 /* ZIPFoundation in Frameworks */ = {isa = PBXBuildFile; productRef = 79A5667D2AFE089D00524A57 /* ZIPFoundation */; };
		79A566802AFE105500524A57 /* Journal+JSON.swift in Sources */ = {isa = PBXBuildFile; fileRef = 79A5667F2AFE105500524A57 /* Journal+JSON.swift */; };
		79A566822AFE132B00524A57 /* RawJournal.swift in Sources */ = {isa = PBXBuildFile; fileRef = 79A566812AFE132B00524A57 /* RawJournal.swift */; };
		79AF693A2ADAD6CA0064E410 /* Carousel.swift in Sources */ = {isa = PBXBuildFile; fileRef = 79AF69392ADAD6CA0064E410 /* Carousel.swift */; };
		79AF693D2ADCC07E0064E410 /* Journal.xcdatamodeld in Sources */ = {isa = PBXBuildFile; fileRef = 79AF693B2ADCC07E0064E410 /* Journal.xcdatamodeld */; };
		79AF69402ADCC1320064E410 /* Journal+CoreDataClass.swift in Sources */ = {isa = PBXBuildFile; fileRef = 79AF693E2ADCC1320064E410 /* Journal+CoreDataClass.swift */; };
		79AF69412ADCC1320064E410 /* Journal+CoreDataProperties.swift in Sources */ = {isa = PBXBuildFile; fileRef = 79AF693F2ADCC1320064E410 /* Journal+CoreDataProperties.swift */; };
		79AF69452ADCC2820064E410 /* DataManager.swift in Sources */ = {isa = PBXBuildFile; fileRef = 79AF69442ADCC2820064E410 /* DataManager.swift */; };
		79BFCA152B1975080012DDA0 /* ContentView.swift in Sources */ = {isa = PBXBuildFile; fileRef = 79407D542AD7E68D006C7571 /* ContentView.swift */; };
		79C99FD52B0F43F0003B3A0B /* NetworkModel.swift in Sources */ = {isa = PBXBuildFile; fileRef = 79C99FD42B0F43F0003B3A0B /* NetworkModel.swift */; };
		79C99FD72B0F52DF003B3A0B /* DebuggingView.swift in Sources */ = {isa = PBXBuildFile; fileRef = 79C99FD62B0F52DF003B3A0B /* DebuggingView.swift */; };
		79D8B14B2AF8C1D30020DFCC /* UhBee Se_hyun.ttf in Resources */ = {isa = PBXBuildFile; fileRef = 79D8B1482AF8C1D20020DFCC /* UhBee Se_hyun.ttf */; };
		79D8B14C2AF8C1D30020DFCC /* SejongGeulggot.ttf in Resources */ = {isa = PBXBuildFile; fileRef = 79D8B1492AF8C1D20020DFCC /* SejongGeulggot.ttf */; };
		79D8B14D2AF8C1D30020DFCC /* UhBee Se_hyun Bold.ttf in Resources */ = {isa = PBXBuildFile; fileRef = 79D8B14A2AF8C1D20020DFCC /* UhBee Se_hyun Bold.ttf */; };
		79D8B1512AF946CE0020DFCC /* LineNoteView.swift in Sources */ = {isa = PBXBuildFile; fileRef = 79D8B1502AF946CE0020DFCC /* LineNoteView.swift */; };
		79D8B1532AF947E30020DFCC /* ViewGeometry.swift in Sources */ = {isa = PBXBuildFile; fileRef = 79D8B1522AF947E30020DFCC /* ViewGeometry.swift */; };
		79D8B1552AF95CF70020DFCC /* Journal+Mind.swift in Sources */ = {isa = PBXBuildFile; fileRef = 79D8B1542AF95CF70020DFCC /* Journal+Mind.swift */; };
		79D8B1572AF95D0D0020DFCC /* Journal+DrawingStyle.swift in Sources */ = {isa = PBXBuildFile; fileRef = 79D8B1562AF95D0D0020DFCC /* Journal+DrawingStyle.swift */; };
		79D8B1592AFA148D0020DFCC /* ImageZoomView.swift in Sources */ = {isa = PBXBuildFile; fileRef = 79D8B1582AFA148D0020DFCC /* ImageZoomView.swift */; };
		79D8B15B2AFA14DB0020DFCC /* ImageZoomViewController.swift in Sources */ = {isa = PBXBuildFile; fileRef = 79D8B15A2AFA14DB0020DFCC /* ImageZoomViewController.swift */; };
		79D8B15D2AFA22510020DFCC /* SettingsView.swift in Sources */ = {isa = PBXBuildFile; fileRef = 79D8B15C2AFA22510020DFCC /* SettingsView.swift */; };
		79D8B1612AFA2A910020DFCC /* LockSettingView.swift in Sources */ = {isa = PBXBuildFile; fileRef = 79D8B1602AFA2A910020DFCC /* LockSettingView.swift */; };
		79D8B1632AFA2A9F0020DFCC /* LockSettingView+Feature.swift in Sources */ = {isa = PBXBuildFile; fileRef = 79D8B1622AFA2A9F0020DFCC /* LockSettingView+Feature.swift */; };
		79D8B1692AFB4F140020DFCC /* BackupSettingView.swift in Sources */ = {isa = PBXBuildFile; fileRef = 79D8B1682AFB4F140020DFCC /* BackupSettingView.swift */; };
		79D8B16D2AFB505A0020DFCC /* PolicyView.swift in Sources */ = {isa = PBXBuildFile; fileRef = 79D8B16C2AFB505A0020DFCC /* PolicyView.swift */; };
		79D8B16F2AFB50660020DFCC /* PolicyView+Feature.swift in Sources */ = {isa = PBXBuildFile; fileRef = 79D8B16E2AFB50660020DFCC /* PolicyView+Feature.swift */; };
		79D8B1772AFB57780020DFCC /* WebViewController.swift in Sources */ = {isa = PBXBuildFile; fileRef = 79D8B1762AFB57780020DFCC /* WebViewController.swift */; };
		79D8B1792AFB692E0020DFCC /* WebView.swift in Sources */ = {isa = PBXBuildFile; fileRef = 79D8B1782AFB692E0020DFCC /* WebView.swift */; };
		79E5B2C02ADD1C6800A86770 /* PersistenceController.swift in Sources */ = {isa = PBXBuildFile; fileRef = 79E5B2BF2ADD1C6800A86770 /* PersistenceController.swift */; };
		79E5B2C22ADD23C200A86770 /* CvasTabView.swift in Sources */ = {isa = PBXBuildFile; fileRef = 79E5B2C12ADD23C200A86770 /* CvasTabView.swift */; };
		79E5B2CA2ADD4FE200A86770 /* SearchView.swift in Sources */ = {isa = PBXBuildFile; fileRef = 79E5B2C92ADD4FE200A86770 /* SearchView.swift */; };
		79E5B2D12ADD501200A86770 /* ComposableArchitecture in Frameworks */ = {isa = PBXBuildFile; productRef = 79E5B2D02ADD501200A86770 /* ComposableArchitecture */; };
		79E5B2D42ADD502100A86770 /* Alamofire in Frameworks */ = {isa = PBXBuildFile; productRef = 79E5B2D32ADD502100A86770 /* Alamofire */; };
		79EE3CA12AFCAEF8005BD2FD /* DrawingCountManager.swift in Sources */ = {isa = PBXBuildFile; fileRef = 79EE3CA02AFCAEF8005BD2FD /* DrawingCountManager.swift */; };
		79EE3CA92AFCBA4D005BD2FD /* OhwaAlertImpl.swift in Sources */ = {isa = PBXBuildFile; fileRef = 79EE3CA72AFCBA4D005BD2FD /* OhwaAlertImpl.swift */; };
		79EE3CAA2AFCBA4D005BD2FD /* OhwaAlertButton.swift in Sources */ = {isa = PBXBuildFile; fileRef = 79EE3CA82AFCBA4D005BD2FD /* OhwaAlertButton.swift */; };
		79F650B42B11CE1100401368 /* FilmDetailView.swift in Sources */ = {isa = PBXBuildFile; fileRef = 79F650B32B11CE1100401368 /* FilmDetailView.swift */; };
		79F650B62B184F6800401368 /* NotificationManager.swift in Sources */ = {isa = PBXBuildFile; fileRef = 79F650B52B184F6800401368 /* NotificationManager.swift */; };
		79F650B92B186A2200401368 /* InfoPlist.strings in Resources */ = {isa = PBXBuildFile; fileRef = 79F650BB2B186A2200401368 /* InfoPlist.strings */; };
		79F650BE2B19640700401368 /* LicenseView.swift in Sources */ = {isa = PBXBuildFile; fileRef = 79F650BD2B19640700401368 /* LicenseView.swift */; };
		79F650C02B19641000401368 /* LicenseView+Feature.swift in Sources */ = {isa = PBXBuildFile; fileRef = 79F650BF2B19641000401368 /* LicenseView+Feature.swift */; };
		79F650C22B196ED700401368 /* FilmDetailView+Feature.swift in Sources */ = {isa = PBXBuildFile; fileRef = 79F650C12B196ED700401368 /* FilmDetailView+Feature.swift */; };
		9808A9FA2B0C92A700A2CEB7 /* TextEditView.swift in Sources */ = {isa = PBXBuildFile; fileRef = 9808A9F92B0C92A700A2CEB7 /* TextEditView.swift */; };
		9808A9FC2B0C92CE00A2CEB7 /* TextEditView+Feature.swift in Sources */ = {isa = PBXBuildFile; fileRef = 9808A9FB2B0C92CE00A2CEB7 /* TextEditView+Feature.swift */; };
		9808A9FF2B0DD97A00A2CEB7 /* OnboardingView.swift in Sources */ = {isa = PBXBuildFile; fileRef = 9808A9FE2B0DD97A00A2CEB7 /* OnboardingView.swift */; };
		9808AA012B0DDD7300A2CEB7 /* OnboardingView+Feature.swift in Sources */ = {isa = PBXBuildFile; fileRef = 9808AA002B0DDD7300A2CEB7 /* OnboardingView+Feature.swift */; };
		9808AA032B0DDE1B00A2CEB7 /* NicknameInitView.swift in Sources */ = {isa = PBXBuildFile; fileRef = 9808AA022B0DDE1B00A2CEB7 /* NicknameInitView.swift */; };
		9808AA052B0DDE5400A2CEB7 /* NicknameInitView+Feature.swift in Sources */ = {isa = PBXBuildFile; fileRef = 9808AA042B0DDE5400A2CEB7 /* NicknameInitView+Feature.swift */; };
		9814C31E2AE01F2600FD0E30 /* MainTextView.swift in Sources */ = {isa = PBXBuildFile; fileRef = 9814C31D2AE01F2600FD0E30 /* MainTextView.swift */; };
		9814C3202AE250BE00FD0E30 /* MainTextView+Feature.swift in Sources */ = {isa = PBXBuildFile; fileRef = 9814C31F2AE250BE00FD0E30 /* MainTextView+Feature.swift */; };
		98202FA42AE69FA90089CF79 /* LottieImageGen.json in Resources */ = {isa = PBXBuildFile; fileRef = 98202FA32AE69FA90089CF79 /* LottieImageGen.json */; };
		98202FA72AE6A0360089CF79 /* Lottie in Frameworks */ = {isa = PBXBuildFile; productRef = 98202FA62AE6A0360089CF79 /* Lottie */; };
		98202FAA2AE6A0800089CF79 /* LottieImageGenView.swift in Sources */ = {isa = PBXBuildFile; fileRef = 98202FA92AE6A0800089CF79 /* LottieImageGenView.swift */; };
		98202FAC2AE933D50089CF79 /* KarloApiManager.swift in Sources */ = {isa = PBXBuildFile; fileRef = 98202FAB2AE933D50089CF79 /* KarloApiManager.swift */; };
		98439ED02B0353AC00B7669F /* View+Extension.swift in Sources */ = {isa = PBXBuildFile; fileRef = 98439ECF2B0353AC00B7669F /* View+Extension.swift */; };
		9867B62F2AE6524900C7359B /* Pretendard-Regular.ttf in Resources */ = {isa = PBXBuildFile; fileRef = 9867B6262AE6524800C7359B /* Pretendard-Regular.ttf */; };
		9867B6302AE6524900C7359B /* Pretendard-Black.ttf in Resources */ = {isa = PBXBuildFile; fileRef = 9867B6272AE6524800C7359B /* Pretendard-Black.ttf */; };
		9867B6312AE6524900C7359B /* Pretendard-Light.ttf in Resources */ = {isa = PBXBuildFile; fileRef = 9867B6282AE6524900C7359B /* Pretendard-Light.ttf */; };
		9867B6322AE6524900C7359B /* Pretendard-Bold.ttf in Resources */ = {isa = PBXBuildFile; fileRef = 9867B6292AE6524900C7359B /* Pretendard-Bold.ttf */; };
		9867B6332AE6524900C7359B /* Pretendard-SemiBold.ttf in Resources */ = {isa = PBXBuildFile; fileRef = 9867B62A2AE6524900C7359B /* Pretendard-SemiBold.ttf */; };
		9867B6342AE6524900C7359B /* Pretendard-ExtraBold.ttf in Resources */ = {isa = PBXBuildFile; fileRef = 9867B62B2AE6524900C7359B /* Pretendard-ExtraBold.ttf */; };
		9867B6352AE6524900C7359B /* Pretendard-Thin.ttf in Resources */ = {isa = PBXBuildFile; fileRef = 9867B62C2AE6524900C7359B /* Pretendard-Thin.ttf */; };
		9867B6362AE6524900C7359B /* Pretendard-Medium.ttf in Resources */ = {isa = PBXBuildFile; fileRef = 9867B62D2AE6524900C7359B /* Pretendard-Medium.ttf */; };
		9867B6372AE6524900C7359B /* Pretendard-ExtraLight.ttf in Resources */ = {isa = PBXBuildFile; fileRef = 9867B62E2AE6524900C7359B /* Pretendard-ExtraLight.ttf */; };
		9867B63A2AE6533A00C7359B /* Font+Extension.swift in Sources */ = {isa = PBXBuildFile; fileRef = 9867B6392AE6533A00C7359B /* Font+Extension.swift */; };
		987086AB2AFA17020060E59C /* PickerView.swift in Sources */ = {isa = PBXBuildFile; fileRef = 987086AA2AFA17020060E59C /* PickerView.swift */; };
		987086AD2AFA22150060E59C /* ButtonLabelView.swift in Sources */ = {isa = PBXBuildFile; fileRef = 987086AC2AFA22150060E59C /* ButtonLabelView.swift */; };
		9871B1E42B036D2B00C5840A /* GoogleService-Info.plist in Resources */ = {isa = PBXBuildFile; fileRef = 9871B1E32B036D2B00C5840A /* GoogleService-Info.plist */; };
		98726DC92AE6439200A14860 /* UIColor+Extension.swift in Sources */ = {isa = PBXBuildFile; fileRef = 98726DC82AE6439200A14860 /* UIColor+Extension.swift */; };
		98726DCB2AE643A700A14860 /* Color+Extension.swift in Sources */ = {isa = PBXBuildFile; fileRef = 98726DCA2AE643A700A14860 /* Color+Extension.swift */; };
		989152C32B0F7F03001119B1 /* Secret.plist in Resources */ = {isa = PBXBuildFile; fileRef = 989152C22B0F7F02001119B1 /* Secret.plist */; };
		989152C52B1608EF001119B1 /* NotificationInitView.swift in Sources */ = {isa = PBXBuildFile; fileRef = 989152C42B1608EF001119B1 /* NotificationInitView.swift */; };
		989152C72B16090C001119B1 /* NotificationInitView+Feature.swift in Sources */ = {isa = PBXBuildFile; fileRef = 989152C62B16090C001119B1 /* NotificationInitView+Feature.swift */; };
		989152C92B187A14001119B1 /* ProgressView+Extension.swift in Sources */ = {isa = PBXBuildFile; fileRef = 989152C82B187A14001119B1 /* ProgressView+Extension.swift */; };
		98A2BC292AFCD688003C9835 /* PickerManager.swift in Sources */ = {isa = PBXBuildFile; fileRef = 98A2BC282AFCD688003C9835 /* PickerManager.swift */; };
		98DA96EF2ADD5B6A000DDAFA /* DallEApiManager.swift in Sources */ = {isa = PBXBuildFile; fileRef = 98DA96EE2ADD5B6A000DDAFA /* DallEApiManager.swift */; };
		98DA96F22ADD6889000DDAFA /* DallEApiTestView.swift in Sources */ = {isa = PBXBuildFile; fileRef = 98DA96F12ADD6889000DDAFA /* DallEApiTestView.swift */; };
		98DA96F52ADD8F6F000DDAFA /* (null) in Frameworks */ = {isa = PBXBuildFile; };
		98DA96F72ADE3D2E000DDAFA /* ChatGPTApiManager.swift in Sources */ = {isa = PBXBuildFile; fileRef = 98DA96F62ADE3D2E000DDAFA /* ChatGPTApiManager.swift */; };
		98DA96FA2ADFA585000DDAFA /* WritingView.swift in Sources */ = {isa = PBXBuildFile; fileRef = 98DA96F92ADFA585000DDAFA /* WritingView.swift */; };
		98DA96FC2ADFA594000DDAFA /* WritingView+Feature.swift in Sources */ = {isa = PBXBuildFile; fileRef = 98DA96FB2ADFA594000DDAFA /* WritingView+Feature.swift */; };
		98DA97002ADFA715000DDAFA /* Bundle+Extension.swift in Sources */ = {isa = PBXBuildFile; fileRef = 98DA96FF2ADFA715000DDAFA /* Bundle+Extension.swift */; };
		98F70A7F2AE4E18100FEE4D2 /* DrawingStyleView.swift in Sources */ = {isa = PBXBuildFile; fileRef = 98F70A7E2AE4E18100FEE4D2 /* DrawingStyleView.swift */; };
		98F70A812AE4E1AA00FEE4D2 /* DrawingStyleView+Feature.swift in Sources */ = {isa = PBXBuildFile; fileRef = 98F70A802AE4E1AA00FEE4D2 /* DrawingStyleView+Feature.swift */; };
		98F70A832AE5308200FEE4D2 /* WritingPathState.swift in Sources */ = {isa = PBXBuildFile; fileRef = 98F70A822AE5308200FEE4D2 /* WritingPathState.swift */; };
		98F70A852AE5492E00FEE4D2 /* GeneratedDiaryView.swift in Sources */ = {isa = PBXBuildFile; fileRef = 98F70A842AE5492E00FEE4D2 /* GeneratedDiaryView.swift */; };
		98F70A872AE5493B00FEE4D2 /* GeneratedDiaryView+Feature.swift in Sources */ = {isa = PBXBuildFile; fileRef = 98F70A862AE5493B00FEE4D2 /* GeneratedDiaryView+Feature.swift */; };
		A9D4C73B2AF8CAA30004CF04 /* ImageModifier.swift in Sources */ = {isa = PBXBuildFile; fileRef = A9D4C73A2AF8CAA30004CF04 /* ImageModifier.swift */; };
		A9E84A5F2B0F4588002A811F /* GoogleMobileAds in Frameworks */ = {isa = PBXBuildFile; productRef = A9E84A5E2B0F4588002A811F /* GoogleMobileAds */; };
		A9E84A622B0F45B6002A811F /* RewardAdsManager.swift in Sources */ = {isa = PBXBuildFile; fileRef = A9E84A612B0F45B6002A811F /* RewardAdsManager.swift */; };
/* End PBXBuildFile section */

/* Begin PBXFileReference section */
		6637556E2AF7E3A300117085 /* View+Alert.swift */ = {isa = PBXFileReference; lastKnownFileType = sourcecode.swift; path = "View+Alert.swift"; sourceTree = "<group>"; };
		663755702AF7E53100117085 /* UIViewController+Extension.swift */ = {isa = PBXFileReference; lastKnownFileType = sourcecode.swift; path = "UIViewController+Extension.swift"; sourceTree = "<group>"; };
		663755782AF7ED3600117085 /* OhwaAlert.swift */ = {isa = PBXFileReference; lastKnownFileType = sourcecode.swift; path = OhwaAlert.swift; sourceTree = "<group>"; };
		6637557C2AF7F0A700117085 /* UIApplication+Extension.swift */ = {isa = PBXFileReference; lastKnownFileType = sourcecode.swift; path = "UIApplication+Extension.swift"; sourceTree = "<group>"; };
		66392A992B020CEB004C8381 /* FallWinRelease.entitlements */ = {isa = PBXFileReference; lastKnownFileType = text.plist.entitlements; path = FallWinRelease.entitlements; sourceTree = "<group>"; };
		6658377B2AF8CB0A00A5833E /* Tracking.swift */ = {isa = PBXFileReference; lastKnownFileType = sourcecode.swift; path = Tracking.swift; sourceTree = "<group>"; };
		791F14672ADD726600F8DDD2 /* RoundedShape.swift */ = {isa = PBXFileReference; lastKnownFileType = sourcecode.swift; path = RoundedShape.swift; sourceTree = "<group>"; };
		791F14692ADD736B00F8DDD2 /* TabBarLabelStyle.swift */ = {isa = PBXFileReference; lastKnownFileType = sourcecode.swift; path = TabBarLabelStyle.swift; sourceTree = "<group>"; };
		791F146D2ADD8CF200F8DDD2 /* SearchView+Feature.swift */ = {isa = PBXFileReference; lastKnownFileType = sourcecode.swift; path = "SearchView+Feature.swift"; sourceTree = "<group>"; };
		791F14732ADD8EA500F8DDD2 /* Feature.swift */ = {isa = PBXFileReference; lastKnownFileType = sourcecode.swift; path = Feature.swift; sourceTree = "<group>"; };
		791F14782AE0D8A400F8DDD2 /* JournalView.swift */ = {isa = PBXFileReference; lastKnownFileType = sourcecode.swift; path = JournalView.swift; sourceTree = "<group>"; };
		791F147A2AE0D8AF00F8DDD2 /* JournalView+Feature.swift */ = {isa = PBXFileReference; lastKnownFileType = sourcecode.swift; path = "JournalView+Feature.swift"; sourceTree = "<group>"; };
		791F147C2AE0DD9000F8DDD2 /* UINavigationController+Extension.swift */ = {isa = PBXFileReference; lastKnownFileType = sourcecode.swift; path = "UINavigationController+Extension.swift"; sourceTree = "<group>"; };
		792444082B00D04E00E28FFE /* SettingsView+Feature.swift */ = {isa = PBXFileReference; fileEncoding = 4; lastKnownFileType = sourcecode.swift; path = "SettingsView+Feature.swift"; sourceTree = "<group>"; };
		7924440A2B00F13000E28FFE /* DataSettingsView.swift */ = {isa = PBXFileReference; lastKnownFileType = sourcecode.swift; path = DataSettingsView.swift; sourceTree = "<group>"; };
		7924440C2B01FE1000E28FFE /* View+Render.swift */ = {isa = PBXFileReference; lastKnownFileType = sourcecode.swift; path = "View+Render.swift"; sourceTree = "<group>"; };
		7924440E2B02195300E28FFE /* ActivityView.swift */ = {isa = PBXFileReference; lastKnownFileType = sourcecode.swift; path = ActivityView.swift; sourceTree = "<group>"; };
		792444102B02700000E28FFE /* EmptyPlaceholderView.swift */ = {isa = PBXFileReference; lastKnownFileType = sourcecode.swift; path = EmptyPlaceholderView.swift; sourceTree = "<group>"; };
		792751112AF21AA30023123C /* MainView.swift */ = {isa = PBXFileReference; lastKnownFileType = sourcecode.swift; path = MainView.swift; sourceTree = "<group>"; };
		792751132AF21AAB0023123C /* MainView+Feature.swift */ = {isa = PBXFileReference; lastKnownFileType = sourcecode.swift; path = "MainView+Feature.swift"; sourceTree = "<group>"; };
		7927511F2AF2392C0023123C /* UserDefaultsKey.swift */ = {isa = PBXFileReference; lastKnownFileType = sourcecode.swift; path = UserDefaultsKey.swift; sourceTree = "<group>"; };
		792751262AF23F9E0023123C /* SwiftKeychainWrapper+Extension.swift */ = {isa = PBXFileReference; lastKnownFileType = sourcecode.swift; path = "SwiftKeychainWrapper+Extension.swift"; sourceTree = "<group>"; };
		7927512A2AF359590023123C /* HapticManager.swift */ = {isa = PBXFileReference; lastKnownFileType = sourcecode.swift; path = HapticManager.swift; sourceTree = "<group>"; };
		7927512C2AF364DC0023123C /* ImageDetailView.swift */ = {isa = PBXFileReference; lastKnownFileType = sourcecode.swift; path = ImageDetailView.swift; sourceTree = "<group>"; };
		79407D4F2AD7E68D006C7571 /* FallWin.app */ = {isa = PBXFileReference; explicitFileType = wrapper.application; includeInIndex = 0; path = FallWin.app; sourceTree = BUILT_PRODUCTS_DIR; };
		79407D522AD7E68D006C7571 /* FallWinApp.swift */ = {isa = PBXFileReference; lastKnownFileType = sourcecode.swift; path = FallWinApp.swift; sourceTree = "<group>"; };
		79407D542AD7E68D006C7571 /* ContentView.swift */ = {isa = PBXFileReference; lastKnownFileType = sourcecode.swift; path = ContentView.swift; sourceTree = "<group>"; };
		79407D562AD7E68E006C7571 /* Assets.xcassets */ = {isa = PBXFileReference; lastKnownFileType = folder.assetcatalog; path = Assets.xcassets; sourceTree = "<group>"; };
		79407D592AD7E68E006C7571 /* Preview Assets.xcassets */ = {isa = PBXFileReference; lastKnownFileType = folder.assetcatalog; path = "Preview Assets.xcassets"; sourceTree = "<group>"; };
		79407D632AD7EC80006C7571 /* Date+Exntesion.swift */ = {isa = PBXFileReference; lastKnownFileType = sourcecode.swift; path = "Date+Exntesion.swift"; sourceTree = "<group>"; };
		79407D652AD7EC9E006C7571 /* String+Extension.swift */ = {isa = PBXFileReference; lastKnownFileType = sourcecode.swift; path = "String+Extension.swift"; sourceTree = "<group>"; };
		79407D672AD7ED11006C7571 /* Colors.swift */ = {isa = PBXFileReference; lastKnownFileType = sourcecode.swift; path = Colors.swift; sourceTree = "<group>"; };
		794216B72AE22C6A00F24CFD /* CollapsingScrollView.swift */ = {isa = PBXFileReference; lastKnownFileType = sourcecode.swift; path = CollapsingScrollView.swift; sourceTree = "<group>"; };
		7951CE542AF4AF98006A3AA7 /* PasscodeView.swift */ = {isa = PBXFileReference; lastKnownFileType = sourcecode.swift; path = PasscodeView.swift; sourceTree = "<group>"; };
		7975B6E62B0DC5050047B5BD /* NotificationSettingView.swift */ = {isa = PBXFileReference; lastKnownFileType = sourcecode.swift; path = NotificationSettingView.swift; sourceTree = "<group>"; };
		7975B6E82B0DC5100047B5BD /* NotificationSettingView+Feature.swift */ = {isa = PBXFileReference; lastKnownFileType = sourcecode.swift; path = "NotificationSettingView+Feature.swift"; sourceTree = "<group>"; };
		7975B6EA2B0DCC770047B5BD /* TimePickerView.swift */ = {isa = PBXFileReference; lastKnownFileType = sourcecode.swift; path = TimePickerView.swift; sourceTree = "<group>"; };
		7975B6F32B0E38030047B5BD /* FilmManager.swift */ = {isa = PBXFileReference; lastKnownFileType = sourcecode.swift; path = FilmManager.swift; sourceTree = "<group>"; };
		7975B6F52B0F0C180047B5BD /* Notification+Name.swift */ = {isa = PBXFileReference; lastKnownFileType = sourcecode.swift; path = "Notification+Name.swift"; sourceTree = "<group>"; };
		799A57A82B0B409700D6966C /* Localizable.xcstrings */ = {isa = PBXFileReference; lastKnownFileType = text.json.xcstrings; path = Localizable.xcstrings; sourceTree = "<group>"; };
		799F1D8B2B02EFDD009908DB /* JournalWritingView.swift */ = {isa = PBXFileReference; lastKnownFileType = sourcecode.swift; path = JournalWritingView.swift; sourceTree = "<group>"; };
		799F1D8D2B02EFE9009908DB /* JournalWritingView+Feature.swift */ = {isa = PBXFileReference; lastKnownFileType = sourcecode.swift; path = "JournalWritingView+Feature.swift"; sourceTree = "<group>"; };
		799F1D902B033322009908DB /* MindView.swift */ = {isa = PBXFileReference; lastKnownFileType = sourcecode.swift; path = MindView.swift; sourceTree = "<group>"; };
		799F1D922B033700009908DB /* WritingHeaderView.swift */ = {isa = PBXFileReference; lastKnownFileType = sourcecode.swift; path = WritingHeaderView.swift; sourceTree = "<group>"; };
		799F1D942B0343B8009908DB /* WritingContentView.swift */ = {isa = PBXFileReference; lastKnownFileType = sourcecode.swift; path = WritingContentView.swift; sourceTree = "<group>"; };
		799F1D962B034632009908DB /* DrawStyleView.swift */ = {isa = PBXFileReference; lastKnownFileType = sourcecode.swift; path = DrawStyleView.swift; sourceTree = "<group>"; };
		79A566792AFE058E00524A57 /* ICloudBackupManager.swift */ = {isa = PBXFileReference; lastKnownFileType = sourcecode.swift; path = ICloudBackupManager.swift; sourceTree = "<group>"; };
		79A5667B2AFE06BF00524A57 /* FallWin.entitlements */ = {isa = PBXFileReference; lastKnownFileType = text.plist.entitlements; path = FallWin.entitlements; sourceTree = "<group>"; };
		79A5667F2AFE105500524A57 /* Journal+JSON.swift */ = {isa = PBXFileReference; lastKnownFileType = sourcecode.swift; path = "Journal+JSON.swift"; sourceTree = "<group>"; };
		79A566812AFE132B00524A57 /* RawJournal.swift */ = {isa = PBXFileReference; lastKnownFileType = sourcecode.swift; path = RawJournal.swift; sourceTree = "<group>"; };
		79AF69392ADAD6CA0064E410 /* Carousel.swift */ = {isa = PBXFileReference; lastKnownFileType = sourcecode.swift; path = Carousel.swift; sourceTree = "<group>"; };
		79AF693C2ADCC07E0064E410 /* Journal.xcdatamodel */ = {isa = PBXFileReference; lastKnownFileType = wrapper.xcdatamodel; path = Journal.xcdatamodel; sourceTree = "<group>"; };
		79AF693E2ADCC1320064E410 /* Journal+CoreDataClass.swift */ = {isa = PBXFileReference; lastKnownFileType = sourcecode.swift; path = "Journal+CoreDataClass.swift"; sourceTree = "<group>"; };
		79AF693F2ADCC1320064E410 /* Journal+CoreDataProperties.swift */ = {isa = PBXFileReference; lastKnownFileType = sourcecode.swift; path = "Journal+CoreDataProperties.swift"; sourceTree = "<group>"; };
		79AF69442ADCC2820064E410 /* DataManager.swift */ = {isa = PBXFileReference; lastKnownFileType = sourcecode.swift; path = DataManager.swift; sourceTree = "<group>"; };
		79C99FD42B0F43F0003B3A0B /* NetworkModel.swift */ = {isa = PBXFileReference; lastKnownFileType = sourcecode.swift; path = NetworkModel.swift; sourceTree = "<group>"; };
		79C99FD62B0F52DF003B3A0B /* DebuggingView.swift */ = {isa = PBXFileReference; lastKnownFileType = sourcecode.swift; path = DebuggingView.swift; sourceTree = "<group>"; };
		79D8B1482AF8C1D20020DFCC /* UhBee Se_hyun.ttf */ = {isa = PBXFileReference; lastKnownFileType = file; path = "UhBee Se_hyun.ttf"; sourceTree = "<group>"; };
		79D8B1492AF8C1D20020DFCC /* SejongGeulggot.ttf */ = {isa = PBXFileReference; lastKnownFileType = file; path = SejongGeulggot.ttf; sourceTree = "<group>"; };
		79D8B14A2AF8C1D20020DFCC /* UhBee Se_hyun Bold.ttf */ = {isa = PBXFileReference; lastKnownFileType = file; path = "UhBee Se_hyun Bold.ttf"; sourceTree = "<group>"; };
		79D8B1502AF946CE0020DFCC /* LineNoteView.swift */ = {isa = PBXFileReference; lastKnownFileType = sourcecode.swift; path = LineNoteView.swift; sourceTree = "<group>"; };
		79D8B1522AF947E30020DFCC /* ViewGeometry.swift */ = {isa = PBXFileReference; lastKnownFileType = sourcecode.swift; path = ViewGeometry.swift; sourceTree = "<group>"; };
		79D8B1542AF95CF70020DFCC /* Journal+Mind.swift */ = {isa = PBXFileReference; lastKnownFileType = sourcecode.swift; path = "Journal+Mind.swift"; sourceTree = "<group>"; };
		79D8B1562AF95D0D0020DFCC /* Journal+DrawingStyle.swift */ = {isa = PBXFileReference; lastKnownFileType = sourcecode.swift; path = "Journal+DrawingStyle.swift"; sourceTree = "<group>"; };
		79D8B1582AFA148D0020DFCC /* ImageZoomView.swift */ = {isa = PBXFileReference; lastKnownFileType = sourcecode.swift; path = ImageZoomView.swift; sourceTree = "<group>"; };
		79D8B15A2AFA14DB0020DFCC /* ImageZoomViewController.swift */ = {isa = PBXFileReference; lastKnownFileType = sourcecode.swift; path = ImageZoomViewController.swift; sourceTree = "<group>"; };
		79D8B15C2AFA22510020DFCC /* SettingsView.swift */ = {isa = PBXFileReference; lastKnownFileType = sourcecode.swift; path = SettingsView.swift; sourceTree = "<group>"; };
		79D8B1602AFA2A910020DFCC /* LockSettingView.swift */ = {isa = PBXFileReference; lastKnownFileType = sourcecode.swift; path = LockSettingView.swift; sourceTree = "<group>"; };
		79D8B1622AFA2A9F0020DFCC /* LockSettingView+Feature.swift */ = {isa = PBXFileReference; lastKnownFileType = sourcecode.swift; path = "LockSettingView+Feature.swift"; sourceTree = "<group>"; };
		79D8B1682AFB4F140020DFCC /* BackupSettingView.swift */ = {isa = PBXFileReference; lastKnownFileType = sourcecode.swift; path = BackupSettingView.swift; sourceTree = "<group>"; };
		79D8B16C2AFB505A0020DFCC /* PolicyView.swift */ = {isa = PBXFileReference; lastKnownFileType = sourcecode.swift; path = PolicyView.swift; sourceTree = "<group>"; };
		79D8B16E2AFB50660020DFCC /* PolicyView+Feature.swift */ = {isa = PBXFileReference; lastKnownFileType = sourcecode.swift; path = "PolicyView+Feature.swift"; sourceTree = "<group>"; };
		79D8B1762AFB57780020DFCC /* WebViewController.swift */ = {isa = PBXFileReference; lastKnownFileType = sourcecode.swift; path = WebViewController.swift; sourceTree = "<group>"; };
		79D8B1782AFB692E0020DFCC /* WebView.swift */ = {isa = PBXFileReference; lastKnownFileType = sourcecode.swift; path = WebView.swift; sourceTree = "<group>"; };
		79E5B2BF2ADD1C6800A86770 /* PersistenceController.swift */ = {isa = PBXFileReference; lastKnownFileType = sourcecode.swift; path = PersistenceController.swift; sourceTree = "<group>"; };
		79E5B2C12ADD23C200A86770 /* CvasTabView.swift */ = {isa = PBXFileReference; lastKnownFileType = sourcecode.swift; path = CvasTabView.swift; sourceTree = "<group>"; };
		79E5B2C92ADD4FE200A86770 /* SearchView.swift */ = {isa = PBXFileReference; lastKnownFileType = sourcecode.swift; path = SearchView.swift; sourceTree = "<group>"; };
		79EE3CA02AFCAEF8005BD2FD /* DrawingCountManager.swift */ = {isa = PBXFileReference; lastKnownFileType = sourcecode.swift; path = DrawingCountManager.swift; sourceTree = "<group>"; };
		79EE3CA72AFCBA4D005BD2FD /* OhwaAlertImpl.swift */ = {isa = PBXFileReference; fileEncoding = 4; lastKnownFileType = sourcecode.swift; path = OhwaAlertImpl.swift; sourceTree = "<group>"; };
		79EE3CA82AFCBA4D005BD2FD /* OhwaAlertButton.swift */ = {isa = PBXFileReference; fileEncoding = 4; lastKnownFileType = sourcecode.swift; path = OhwaAlertButton.swift; sourceTree = "<group>"; };
		79EE3CAE2AFCBA8C005BD2FD /* UIApplication+Extension.swift */ = {isa = PBXFileReference; fileEncoding = 4; lastKnownFileType = sourcecode.swift; path = "UIApplication+Extension.swift"; sourceTree = "<group>"; };
		79EE3CAF2AFCBA8C005BD2FD /* UIViewController+Extension.swift */ = {isa = PBXFileReference; fileEncoding = 4; lastKnownFileType = sourcecode.swift; path = "UIViewController+Extension.swift"; sourceTree = "<group>"; };
		79F650B32B11CE1100401368 /* FilmDetailView.swift */ = {isa = PBXFileReference; lastKnownFileType = sourcecode.swift; path = FilmDetailView.swift; sourceTree = "<group>"; };
		79F650B52B184F6800401368 /* NotificationManager.swift */ = {isa = PBXFileReference; lastKnownFileType = sourcecode.swift; path = NotificationManager.swift; sourceTree = "<group>"; };
		79F650BA2B186A2200401368 /* en */ = {isa = PBXFileReference; lastKnownFileType = text.plist.strings; name = en; path = en.lproj/InfoPlist.strings; sourceTree = "<group>"; };
		79F650BC2B186A2300401368 /* ko */ = {isa = PBXFileReference; lastKnownFileType = text.plist.strings; name = ko; path = ko.lproj/InfoPlist.strings; sourceTree = "<group>"; };
		79F650BD2B19640700401368 /* LicenseView.swift */ = {isa = PBXFileReference; lastKnownFileType = sourcecode.swift; path = LicenseView.swift; sourceTree = "<group>"; };
		79F650BF2B19641000401368 /* LicenseView+Feature.swift */ = {isa = PBXFileReference; lastKnownFileType = sourcecode.swift; path = "LicenseView+Feature.swift"; sourceTree = "<group>"; };
		79F650C12B196ED700401368 /* FilmDetailView+Feature.swift */ = {isa = PBXFileReference; lastKnownFileType = sourcecode.swift; path = "FilmDetailView+Feature.swift"; sourceTree = "<group>"; };
		9808A9F92B0C92A700A2CEB7 /* TextEditView.swift */ = {isa = PBXFileReference; lastKnownFileType = sourcecode.swift; path = TextEditView.swift; sourceTree = "<group>"; };
		9808A9FB2B0C92CE00A2CEB7 /* TextEditView+Feature.swift */ = {isa = PBXFileReference; lastKnownFileType = sourcecode.swift; path = "TextEditView+Feature.swift"; sourceTree = "<group>"; };
		9808A9FE2B0DD97A00A2CEB7 /* OnboardingView.swift */ = {isa = PBXFileReference; lastKnownFileType = sourcecode.swift; path = OnboardingView.swift; sourceTree = "<group>"; };
		9808AA002B0DDD7300A2CEB7 /* OnboardingView+Feature.swift */ = {isa = PBXFileReference; lastKnownFileType = sourcecode.swift; path = "OnboardingView+Feature.swift"; sourceTree = "<group>"; };
		9808AA022B0DDE1B00A2CEB7 /* NicknameInitView.swift */ = {isa = PBXFileReference; lastKnownFileType = sourcecode.swift; path = NicknameInitView.swift; sourceTree = "<group>"; };
		9808AA042B0DDE5400A2CEB7 /* NicknameInitView+Feature.swift */ = {isa = PBXFileReference; lastKnownFileType = sourcecode.swift; path = "NicknameInitView+Feature.swift"; sourceTree = "<group>"; };
		9814C31D2AE01F2600FD0E30 /* MainTextView.swift */ = {isa = PBXFileReference; lastKnownFileType = sourcecode.swift; path = MainTextView.swift; sourceTree = "<group>"; };
		9814C31F2AE250BE00FD0E30 /* MainTextView+Feature.swift */ = {isa = PBXFileReference; lastKnownFileType = sourcecode.swift; path = "MainTextView+Feature.swift"; sourceTree = "<group>"; };
		98202FA32AE69FA90089CF79 /* LottieImageGen.json */ = {isa = PBXFileReference; fileEncoding = 4; lastKnownFileType = text.json; path = LottieImageGen.json; sourceTree = "<group>"; };
		98202FA92AE6A0800089CF79 /* LottieImageGenView.swift */ = {isa = PBXFileReference; lastKnownFileType = sourcecode.swift; path = LottieImageGenView.swift; sourceTree = "<group>"; };
		98202FAB2AE933D50089CF79 /* KarloApiManager.swift */ = {isa = PBXFileReference; lastKnownFileType = sourcecode.swift; path = KarloApiManager.swift; sourceTree = "<group>"; };
		98439ECF2B0353AC00B7669F /* View+Extension.swift */ = {isa = PBXFileReference; lastKnownFileType = sourcecode.swift; path = "View+Extension.swift"; sourceTree = "<group>"; };
		9867B6262AE6524800C7359B /* Pretendard-Regular.ttf */ = {isa = PBXFileReference; lastKnownFileType = file; path = "Pretendard-Regular.ttf"; sourceTree = "<group>"; };
		9867B6272AE6524800C7359B /* Pretendard-Black.ttf */ = {isa = PBXFileReference; lastKnownFileType = file; path = "Pretendard-Black.ttf"; sourceTree = "<group>"; };
		9867B6282AE6524900C7359B /* Pretendard-Light.ttf */ = {isa = PBXFileReference; lastKnownFileType = file; path = "Pretendard-Light.ttf"; sourceTree = "<group>"; };
		9867B6292AE6524900C7359B /* Pretendard-Bold.ttf */ = {isa = PBXFileReference; lastKnownFileType = file; path = "Pretendard-Bold.ttf"; sourceTree = "<group>"; };
		9867B62A2AE6524900C7359B /* Pretendard-SemiBold.ttf */ = {isa = PBXFileReference; lastKnownFileType = file; path = "Pretendard-SemiBold.ttf"; sourceTree = "<group>"; };
		9867B62B2AE6524900C7359B /* Pretendard-ExtraBold.ttf */ = {isa = PBXFileReference; lastKnownFileType = file; path = "Pretendard-ExtraBold.ttf"; sourceTree = "<group>"; };
		9867B62C2AE6524900C7359B /* Pretendard-Thin.ttf */ = {isa = PBXFileReference; lastKnownFileType = file; path = "Pretendard-Thin.ttf"; sourceTree = "<group>"; };
		9867B62D2AE6524900C7359B /* Pretendard-Medium.ttf */ = {isa = PBXFileReference; lastKnownFileType = file; path = "Pretendard-Medium.ttf"; sourceTree = "<group>"; };
		9867B62E2AE6524900C7359B /* Pretendard-ExtraLight.ttf */ = {isa = PBXFileReference; lastKnownFileType = file; path = "Pretendard-ExtraLight.ttf"; sourceTree = "<group>"; };
		9867B6382AE652A400C7359B /* Info.plist */ = {isa = PBXFileReference; lastKnownFileType = text.plist; path = Info.plist; sourceTree = "<group>"; };
		9867B6392AE6533A00C7359B /* Font+Extension.swift */ = {isa = PBXFileReference; lastKnownFileType = sourcecode.swift; path = "Font+Extension.swift"; sourceTree = "<group>"; };
		987086AA2AFA17020060E59C /* PickerView.swift */ = {isa = PBXFileReference; lastKnownFileType = sourcecode.swift; path = PickerView.swift; sourceTree = "<group>"; };
		987086AC2AFA22150060E59C /* ButtonLabelView.swift */ = {isa = PBXFileReference; lastKnownFileType = sourcecode.swift; path = ButtonLabelView.swift; sourceTree = "<group>"; };
		9871B1E32B036D2B00C5840A /* GoogleService-Info.plist */ = {isa = PBXFileReference; fileEncoding = 4; lastKnownFileType = text.plist.xml; path = "GoogleService-Info.plist"; sourceTree = "<group>"; };
		98726DC82AE6439200A14860 /* UIColor+Extension.swift */ = {isa = PBXFileReference; lastKnownFileType = sourcecode.swift; path = "UIColor+Extension.swift"; sourceTree = "<group>"; };
		98726DCA2AE643A700A14860 /* Color+Extension.swift */ = {isa = PBXFileReference; lastKnownFileType = sourcecode.swift; path = "Color+Extension.swift"; sourceTree = "<group>"; };
		989152C22B0F7F02001119B1 /* Secret.plist */ = {isa = PBXFileReference; fileEncoding = 4; lastKnownFileType = text.plist.xml; path = Secret.plist; sourceTree = "<group>"; };
		989152C42B1608EF001119B1 /* NotificationInitView.swift */ = {isa = PBXFileReference; lastKnownFileType = sourcecode.swift; path = NotificationInitView.swift; sourceTree = "<group>"; };
		989152C62B16090C001119B1 /* NotificationInitView+Feature.swift */ = {isa = PBXFileReference; lastKnownFileType = sourcecode.swift; path = "NotificationInitView+Feature.swift"; sourceTree = "<group>"; };
		989152C82B187A14001119B1 /* ProgressView+Extension.swift */ = {isa = PBXFileReference; lastKnownFileType = sourcecode.swift; path = "ProgressView+Extension.swift"; sourceTree = "<group>"; };
		98A2BC282AFCD688003C9835 /* PickerManager.swift */ = {isa = PBXFileReference; lastKnownFileType = sourcecode.swift; path = PickerManager.swift; sourceTree = "<group>"; };
		98DA96EE2ADD5B6A000DDAFA /* DallEApiManager.swift */ = {isa = PBXFileReference; lastKnownFileType = sourcecode.swift; path = DallEApiManager.swift; sourceTree = "<group>"; };
		98DA96F12ADD6889000DDAFA /* DallEApiTestView.swift */ = {isa = PBXFileReference; lastKnownFileType = sourcecode.swift; path = DallEApiTestView.swift; sourceTree = "<group>"; };
		98DA96F62ADE3D2E000DDAFA /* ChatGPTApiManager.swift */ = {isa = PBXFileReference; lastKnownFileType = sourcecode.swift; path = ChatGPTApiManager.swift; sourceTree = "<group>"; };
		98DA96F92ADFA585000DDAFA /* WritingView.swift */ = {isa = PBXFileReference; lastKnownFileType = sourcecode.swift; path = WritingView.swift; sourceTree = "<group>"; };
		98DA96FB2ADFA594000DDAFA /* WritingView+Feature.swift */ = {isa = PBXFileReference; lastKnownFileType = sourcecode.swift; path = "WritingView+Feature.swift"; sourceTree = "<group>"; };
		98DA96FF2ADFA715000DDAFA /* Bundle+Extension.swift */ = {isa = PBXFileReference; lastKnownFileType = sourcecode.swift; path = "Bundle+Extension.swift"; sourceTree = "<group>"; };
		98F70A7E2AE4E18100FEE4D2 /* DrawingStyleView.swift */ = {isa = PBXFileReference; lastKnownFileType = sourcecode.swift; path = DrawingStyleView.swift; sourceTree = "<group>"; };
		98F70A802AE4E1AA00FEE4D2 /* DrawingStyleView+Feature.swift */ = {isa = PBXFileReference; lastKnownFileType = sourcecode.swift; path = "DrawingStyleView+Feature.swift"; sourceTree = "<group>"; };
		98F70A822AE5308200FEE4D2 /* WritingPathState.swift */ = {isa = PBXFileReference; lastKnownFileType = sourcecode.swift; path = WritingPathState.swift; sourceTree = "<group>"; };
		98F70A842AE5492E00FEE4D2 /* GeneratedDiaryView.swift */ = {isa = PBXFileReference; lastKnownFileType = sourcecode.swift; path = GeneratedDiaryView.swift; sourceTree = "<group>"; };
		98F70A862AE5493B00FEE4D2 /* GeneratedDiaryView+Feature.swift */ = {isa = PBXFileReference; lastKnownFileType = sourcecode.swift; path = "GeneratedDiaryView+Feature.swift"; sourceTree = "<group>"; };
		A9D4C73A2AF8CAA30004CF04 /* ImageModifier.swift */ = {isa = PBXFileReference; lastKnownFileType = sourcecode.swift; path = ImageModifier.swift; sourceTree = "<group>"; };
		A9E84A612B0F45B6002A811F /* RewardAdsManager.swift */ = {isa = PBXFileReference; lastKnownFileType = sourcecode.swift; path = RewardAdsManager.swift; sourceTree = "<group>"; };
/* End PBXFileReference section */

/* Begin PBXFrameworksBuildPhase section */
		79407D4C2AD7E68D006C7571 /* Frameworks */ = {
			isa = PBXFrameworksBuildPhase;
			buildActionMask = 2147483647;
			files = (
				98DA96F52ADD8F6F000DDAFA /* (null) in Frameworks */,
				79E5B2D12ADD501200A86770 /* ComposableArchitecture in Frameworks */,
				665837652AF80B7600A5833E /* FirebaseAnalytics in Frameworks */,
				665837672AF80B7600A5833E /* FirebaseAnalyticsOnDeviceConversion in Frameworks */,
				7975B6F02B0E329B0047B5BD /* Kronos in Frameworks */,
				665837692AF80B7600A5833E /* FirebaseAnalyticsSwift in Frameworks */,
				792751252AF23DC10023123C /* SwiftKeychainWrapper in Frameworks */,
				665837712AF8110600A5833E /* FirebaseAnalytics in Frameworks */,
				665837732AF8110600A5833E /* FirebaseAnalyticsOnDeviceConversion in Frameworks */,
				79E5B2D42ADD502100A86770 /* Alamofire in Frameworks */,
				665837752AF8110600A5833E /* FirebaseAnalyticsSwift in Frameworks */,
				6658376B2AF80B7600A5833E /* FirebaseAnalyticsWithoutAdIdSupport in Frameworks */,
				A9E84A5F2B0F4588002A811F /* GoogleMobileAds in Frameworks */,
				665837772AF8110600A5833E /* FirebaseAnalyticsWithoutAdIdSupport in Frameworks */,
				6658376D2AF80B7600A5833E /* FirebaseAppCheck in Frameworks */,
				665837792AF8110600A5833E /* FirebaseAppCheck in Frameworks */,
				98202FA72AE6A0360089CF79 /* Lottie in Frameworks */,
				79A5667E2AFE089D00524A57 /* ZIPFoundation in Frameworks */,
			);
			runOnlyForDeploymentPostprocessing = 0;
		};
/* End PBXFrameworksBuildPhase section */

/* Begin PBXGroup section */
		6658377A2AF8CAC600A5833E /* Tracking */ = {
			isa = PBXGroup;
			children = (
				6658377B2AF8CB0A00A5833E /* Tracking.swift */,
			);
			path = Tracking;
			sourceTree = "<group>";
		};
		791F14772AE0D88F00F8DDD2 /* Journal */ = {
			isa = PBXGroup;
			children = (
				791F14782AE0D8A400F8DDD2 /* JournalView.swift */,
				791F147A2AE0D8AF00F8DDD2 /* JournalView+Feature.swift */,
				7927512C2AF364DC0023123C /* ImageDetailView.swift */,
				A9D4C73A2AF8CAA30004CF04 /* ImageModifier.swift */,
				79D8B1582AFA148D0020DFCC /* ImageZoomView.swift */,
				79D8B15A2AFA14DB0020DFCC /* ImageZoomViewController.swift */,
				9808A9F92B0C92A700A2CEB7 /* TextEditView.swift */,
				9808A9FB2B0C92CE00A2CEB7 /* TextEditView+Feature.swift */,
			);
			path = Journal;
			sourceTree = "<group>";
		};
		792751102AF21A900023123C /* Main */ = {
			isa = PBXGroup;
			children = (
				792751112AF21AA30023123C /* MainView.swift */,
				792751132AF21AAB0023123C /* MainView+Feature.swift */,
				79F650B32B11CE1100401368 /* FilmDetailView.swift */,
				79F650C12B196ED700401368 /* FilmDetailView+Feature.swift */,
			);
			path = Main;
			sourceTree = "<group>";
		};
		792751152AF221140023123C /* Passcode */ = {
			isa = PBXGroup;
			children = (
				7951CE542AF4AF98006A3AA7 /* PasscodeView.swift */,
			);
			path = Passcode;
			sourceTree = "<group>";
		};
		7927511A2AF232F00023123C /* Settings */ = {
			isa = PBXGroup;
			children = (
				79D8B15C2AFA22510020DFCC /* SettingsView.swift */,
				792444082B00D04E00E28FFE /* SettingsView+Feature.swift */,
				79D8B1602AFA2A910020DFCC /* LockSettingView.swift */,
				79D8B1622AFA2A9F0020DFCC /* LockSettingView+Feature.swift */,
				79D8B1682AFB4F140020DFCC /* BackupSettingView.swift */,
				7924440A2B00F13000E28FFE /* DataSettingsView.swift */,
				79D8B16C2AFB505A0020DFCC /* PolicyView.swift */,
				79D8B16E2AFB50660020DFCC /* PolicyView+Feature.swift */,
				79F650BD2B19640700401368 /* LicenseView.swift */,
				79F650BF2B19641000401368 /* LicenseView+Feature.swift */,
				7975B6E62B0DC5050047B5BD /* NotificationSettingView.swift */,
				7975B6E82B0DC5100047B5BD /* NotificationSettingView+Feature.swift */,
				79C99FD62B0F52DF003B3A0B /* DebuggingView.swift */,
			);
			path = Settings;
			sourceTree = "<group>";
		};
		79407D462AD7E68D006C7571 = {
			isa = PBXGroup;
			children = (
				79407D512AD7E68D006C7571 /* FallWin */,
				79407D502AD7E68D006C7571 /* Products */,
			);
			sourceTree = "<group>";
		};
		79407D502AD7E68D006C7571 /* Products */ = {
			isa = PBXGroup;
			children = (
				79407D4F2AD7E68D006C7571 /* FallWin.app */,
			);
			name = Products;
			sourceTree = "<group>";
		};
		79407D512AD7E68D006C7571 /* FallWin */ = {
			isa = PBXGroup;
			children = (
				66392A992B020CEB004C8381 /* FallWinRelease.entitlements */,
				79A5667B2AFE06BF00524A57 /* FallWin.entitlements */,
				9867B6382AE652A400C7359B /* Info.plist */,
				79407D522AD7E68D006C7571 /* FallWinApp.swift */,
				79407D562AD7E68E006C7571 /* Assets.xcassets */,
				79F650BB2B186A2200401368 /* InfoPlist.strings */,
				799A57A82B0B409700D6966C /* Localizable.xcstrings */,
				79AF693B2ADCC07E0064E410 /* Journal.xcdatamodeld */,
				9871B1E32B036D2B00C5840A /* GoogleService-Info.plist */,
				989152C22B0F7F02001119B1 /* Secret.plist */,
				79407D582AD7E68E006C7571 /* Preview Content */,
				9867B6252AE6521800C7359B /* Resource */,
				79AF69432ADCC2390064E410 /* Util */,
				79AF69422ADCC1360064E410 /* Data */,
				79407D602AD7EC43006C7571 /* Extension */,
				79407D612AD7EC50006C7571 /* Component */,
				79407D622AD7EC58006C7571 /* View */,
			);
			path = FallWin;
			sourceTree = "<group>";
		};
		79407D582AD7E68E006C7571 /* Preview Content */ = {
			isa = PBXGroup;
			children = (
				79407D592AD7E68E006C7571 /* Preview Assets.xcassets */,
			);
			path = "Preview Content";
			sourceTree = "<group>";
		};
		79407D602AD7EC43006C7571 /* Extension */ = {
			isa = PBXGroup;
			children = (
				79EE3CAE2AFCBA8C005BD2FD /* UIApplication+Extension.swift */,
				7924440C2B01FE1000E28FFE /* View+Render.swift */,
				79EE3CAF2AFCBA8C005BD2FD /* UIViewController+Extension.swift */,
				79407D632AD7EC80006C7571 /* Date+Exntesion.swift */,
				79407D652AD7EC9E006C7571 /* String+Extension.swift */,
				98DA96FF2ADFA715000DDAFA /* Bundle+Extension.swift */,
				791F147C2AE0DD9000F8DDD2 /* UINavigationController+Extension.swift */,
				98726DC82AE6439200A14860 /* UIColor+Extension.swift */,
				98726DCA2AE643A700A14860 /* Color+Extension.swift */,
				9867B6392AE6533A00C7359B /* Font+Extension.swift */,
				792751262AF23F9E0023123C /* SwiftKeychainWrapper+Extension.swift */,
				6637556E2AF7E3A300117085 /* View+Alert.swift */,
				663755702AF7E53100117085 /* UIViewController+Extension.swift */,
				6637557C2AF7F0A700117085 /* UIApplication+Extension.swift */,
				98439ECF2B0353AC00B7669F /* View+Extension.swift */,
				7975B6F52B0F0C180047B5BD /* Notification+Name.swift */,
				989152C82B187A14001119B1 /* ProgressView+Extension.swift */,
			);
			path = Extension;
			sourceTree = "<group>";
		};
		79407D612AD7EC50006C7571 /* Component */ = {
			isa = PBXGroup;
			children = (
				79EE3CA62AFCBA4D005BD2FD /* Alert */,
				79407D672AD7ED11006C7571 /* Colors.swift */,
				79AF69392ADAD6CA0064E410 /* Carousel.swift */,
				79E5B2C12ADD23C200A86770 /* CvasTabView.swift */,
				791F14672ADD726600F8DDD2 /* RoundedShape.swift */,
				794216B72AE22C6A00F24CFD /* CollapsingScrollView.swift */,
				98F70A822AE5308200FEE4D2 /* WritingPathState.swift */,
				791F14692ADD736B00F8DDD2 /* TabBarLabelStyle.swift */,
				7927511F2AF2392C0023123C /* UserDefaultsKey.swift */,
				7927512A2AF359590023123C /* HapticManager.swift */,
				79D8B1502AF946CE0020DFCC /* LineNoteView.swift */,
				79D8B1522AF947E30020DFCC /* ViewGeometry.swift */,
				987086AA2AFA17020060E59C /* PickerView.swift */,
				987086AC2AFA22150060E59C /* ButtonLabelView.swift */,
				79D8B1762AFB57780020DFCC /* WebViewController.swift */,
				79D8B1782AFB692E0020DFCC /* WebView.swift */,
				7924440E2B02195300E28FFE /* ActivityView.swift */,
				792444102B02700000E28FFE /* EmptyPlaceholderView.swift */,
				7975B6EA2B0DCC770047B5BD /* TimePickerView.swift */,
			);
			path = Component;
			sourceTree = "<group>";
		};
		79407D622AD7EC58006C7571 /* View */ = {
			isa = PBXGroup;
			children = (
				79407D542AD7E68D006C7571 /* ContentView.swift */,
				791F14732ADD8EA500F8DDD2 /* Feature.swift */,
				9808A9FD2B0DD96200A2CEB7 /* Onboarding */,
				792751152AF221140023123C /* Passcode */,
				799F1D8F2B02F17C009908DB /* Write */,
				98DA96F82ADFA577000DDAFA /* Writing */,
				792751102AF21A900023123C /* Main */,
				79E5B2C42ADD4FAC00A86770 /* Search */,
				98DA96F02ADD6878000DDAFA /* Test */,
				791F14772AE0D88F00F8DDD2 /* Journal */,
				98202FA82AE6A04A0089CF79 /* Lottie */,
				7927511A2AF232F00023123C /* Settings */,
			);
			path = View;
			sourceTree = "<group>";
		};
		799F1D8F2B02F17C009908DB /* Write */ = {
			isa = PBXGroup;
			children = (
				799F1D8B2B02EFDD009908DB /* JournalWritingView.swift */,
				799F1D8D2B02EFE9009908DB /* JournalWritingView+Feature.swift */,
				799F1D922B033700009908DB /* WritingHeaderView.swift */,
				799F1D902B033322009908DB /* MindView.swift */,
				799F1D942B0343B8009908DB /* WritingContentView.swift */,
				799F1D962B034632009908DB /* DrawStyleView.swift */,
			);
			path = Write;
			sourceTree = "<group>";
		};
		79AF69422ADCC1360064E410 /* Data */ = {
			isa = PBXGroup;
			children = (
				79E5B2BF2ADD1C6800A86770 /* PersistenceController.swift */,
				79AF693E2ADCC1320064E410 /* Journal+CoreDataClass.swift */,
				79AF693F2ADCC1320064E410 /* Journal+CoreDataProperties.swift */,
				79D8B1542AF95CF70020DFCC /* Journal+Mind.swift */,
				79D8B1562AF95D0D0020DFCC /* Journal+DrawingStyle.swift */,
				79A5667F2AFE105500524A57 /* Journal+JSON.swift */,
				79A566812AFE132B00524A57 /* RawJournal.swift */,
			);
			path = Data;
			sourceTree = "<group>";
		};
		79AF69432ADCC2390064E410 /* Util */ = {
			isa = PBXGroup;
			children = (
				79AF69442ADCC2820064E410 /* DataManager.swift */,
				98DA96EE2ADD5B6A000DDAFA /* DallEApiManager.swift */,
				98DA96F62ADE3D2E000DDAFA /* ChatGPTApiManager.swift */,
				98202FAB2AE933D50089CF79 /* KarloApiManager.swift */,
				98A2BC282AFCD688003C9835 /* PickerManager.swift */,
				79EE3CA02AFCAEF8005BD2FD /* DrawingCountManager.swift */,
				79A566792AFE058E00524A57 /* ICloudBackupManager.swift */,
				7975B6F32B0E38030047B5BD /* FilmManager.swift */,
				79C99FD42B0F43F0003B3A0B /* NetworkModel.swift */,
				79F650B52B184F6800401368 /* NotificationManager.swift */,
				A9E84A612B0F45B6002A811F /* RewardAdsManager.swift */,
			);
			path = Util;
			sourceTree = "<group>";
		};
		79E5B2C42ADD4FAC00A86770 /* Search */ = {
			isa = PBXGroup;
			children = (
				79E5B2C92ADD4FE200A86770 /* SearchView.swift */,
				791F146D2ADD8CF200F8DDD2 /* SearchView+Feature.swift */,
			);
			path = Search;
			sourceTree = "<group>";
		};
		79EE3CA62AFCBA4D005BD2FD /* Alert */ = {
			isa = PBXGroup;
			children = (
				663755782AF7ED3600117085 /* OhwaAlert.swift */,
				79EE3CA72AFCBA4D005BD2FD /* OhwaAlertImpl.swift */,
				79EE3CA82AFCBA4D005BD2FD /* OhwaAlertButton.swift */,
			);
			path = Alert;
			sourceTree = "<group>";
		};
		9808A9FD2B0DD96200A2CEB7 /* Onboarding */ = {
			isa = PBXGroup;
			children = (
				9808A9FE2B0DD97A00A2CEB7 /* OnboardingView.swift */,
				9808AA002B0DDD7300A2CEB7 /* OnboardingView+Feature.swift */,
				9808AA022B0DDE1B00A2CEB7 /* NicknameInitView.swift */,
				9808AA042B0DDE5400A2CEB7 /* NicknameInitView+Feature.swift */,
				989152C42B1608EF001119B1 /* NotificationInitView.swift */,
				989152C62B16090C001119B1 /* NotificationInitView+Feature.swift */,
			);
			path = Onboarding;
			sourceTree = "<group>";
		};
		98202FA02AE69F790089CF79 /* Font */ = {
			isa = PBXGroup;
			children = (
				79D8B1492AF8C1D20020DFCC /* SejongGeulggot.ttf */,
				79D8B14A2AF8C1D20020DFCC /* UhBee Se_hyun Bold.ttf */,
				79D8B1482AF8C1D20020DFCC /* UhBee Se_hyun.ttf */,
				9867B6272AE6524800C7359B /* Pretendard-Black.ttf */,
				9867B6292AE6524900C7359B /* Pretendard-Bold.ttf */,
				9867B62B2AE6524900C7359B /* Pretendard-ExtraBold.ttf */,
				9867B62E2AE6524900C7359B /* Pretendard-ExtraLight.ttf */,
				9867B6282AE6524900C7359B /* Pretendard-Light.ttf */,
				9867B62D2AE6524900C7359B /* Pretendard-Medium.ttf */,
				9867B6262AE6524800C7359B /* Pretendard-Regular.ttf */,
				9867B62A2AE6524900C7359B /* Pretendard-SemiBold.ttf */,
				9867B62C2AE6524900C7359B /* Pretendard-Thin.ttf */,
			);
			path = Font;
			sourceTree = "<group>";
		};
		98202FA22AE69F8A0089CF79 /* Lottie */ = {
			isa = PBXGroup;
			children = (
				98202FA32AE69FA90089CF79 /* LottieImageGen.json */,
			);
			path = Lottie;
			sourceTree = "<group>";
		};
		98202FA82AE6A04A0089CF79 /* Lottie */ = {
			isa = PBXGroup;
			children = (
				98202FA92AE6A0800089CF79 /* LottieImageGenView.swift */,
			);
			path = Lottie;
			sourceTree = "<group>";
		};
		9867B6252AE6521800C7359B /* Resource */ = {
			isa = PBXGroup;
			children = (
				6658377A2AF8CAC600A5833E /* Tracking */,
				98202FA22AE69F8A0089CF79 /* Lottie */,
				98202FA02AE69F790089CF79 /* Font */,
			);
			path = Resource;
			sourceTree = "<group>";
		};
		98DA96F02ADD6878000DDAFA /* Test */ = {
			isa = PBXGroup;
			children = (
				98DA96F12ADD6889000DDAFA /* DallEApiTestView.swift */,
			);
			path = Test;
			sourceTree = "<group>";
		};
		98DA96F82ADFA577000DDAFA /* Writing */ = {
			isa = PBXGroup;
			children = (
				98DA96F92ADFA585000DDAFA /* WritingView.swift */,
				98DA96FB2ADFA594000DDAFA /* WritingView+Feature.swift */,
				9814C31D2AE01F2600FD0E30 /* MainTextView.swift */,
				9814C31F2AE250BE00FD0E30 /* MainTextView+Feature.swift */,
				98F70A7E2AE4E18100FEE4D2 /* DrawingStyleView.swift */,
				98F70A802AE4E1AA00FEE4D2 /* DrawingStyleView+Feature.swift */,
				98F70A842AE5492E00FEE4D2 /* GeneratedDiaryView.swift */,
				98F70A862AE5493B00FEE4D2 /* GeneratedDiaryView+Feature.swift */,
			);
			path = Writing;
			sourceTree = "<group>";
		};
/* End PBXGroup section */

/* Begin PBXNativeTarget section */
		79407D4E2AD7E68D006C7571 /* FallWin */ = {
			isa = PBXNativeTarget;
			buildConfigurationList = 79407D5D2AD7E68E006C7571 /* Build configuration list for PBXNativeTarget "FallWin" */;
			buildPhases = (
				79407D4B2AD7E68D006C7571 /* Sources */,
				79407D4C2AD7E68D006C7571 /* Frameworks */,
				79407D4D2AD7E68D006C7571 /* Resources */,
			);
			buildRules = (
			);
			dependencies = (
			);
			name = FallWin;
			packageProductDependencies = (
				79E5B2D02ADD501200A86770 /* ComposableArchitecture */,
				79E5B2D32ADD502100A86770 /* Alamofire */,
				98202FA62AE6A0360089CF79 /* Lottie */,
				792751242AF23DC10023123C /* SwiftKeychainWrapper */,
				79A5667D2AFE089D00524A57 /* ZIPFoundation */,
				665837642AF80B7600A5833E /* FirebaseAnalytics */,
				665837662AF80B7600A5833E /* FirebaseAnalyticsOnDeviceConversion */,
				665837682AF80B7600A5833E /* FirebaseAnalyticsSwift */,
				6658376A2AF80B7600A5833E /* FirebaseAnalyticsWithoutAdIdSupport */,
				6658376C2AF80B7600A5833E /* FirebaseAppCheck */,
				665837702AF8110600A5833E /* FirebaseAnalytics */,
				665837722AF8110600A5833E /* FirebaseAnalyticsOnDeviceConversion */,
				665837742AF8110600A5833E /* FirebaseAnalyticsSwift */,
				665837762AF8110600A5833E /* FirebaseAnalyticsWithoutAdIdSupport */,
				665837782AF8110600A5833E /* FirebaseAppCheck */,
				7975B6EF2B0E329B0047B5BD /* Kronos */,
				A9E84A5E2B0F4588002A811F /* GoogleMobileAds */,
			);
			productName = FallWin;
			productReference = 79407D4F2AD7E68D006C7571 /* FallWin.app */;
			productType = "com.apple.product-type.application";
		};
/* End PBXNativeTarget section */

/* Begin PBXProject section */
		79407D472AD7E68D006C7571 /* Project object */ = {
			isa = PBXProject;
			attributes = {
				BuildIndependentTargetsInParallel = 1;
				LastSwiftUpdateCheck = 1500;
				LastUpgradeCheck = 1500;
				TargetAttributes = {
					79407D4E2AD7E68D006C7571 = {
						CreatedOnToolsVersion = 15.0;
					};
				};
			};
			buildConfigurationList = 79407D4A2AD7E68D006C7571 /* Build configuration list for PBXProject "FallWin" */;
			compatibilityVersion = "Xcode 14.0";
			developmentRegion = en;
			hasScannedForEncodings = 0;
			knownRegions = (
				en,
				Base,
				ko,
			);
			mainGroup = 79407D462AD7E68D006C7571;
			packageReferences = (
				79E5B2CF2ADD501200A86770 /* XCRemoteSwiftPackageReference "swift-composable-architecture" */,
				79E5B2D22ADD502100A86770 /* XCRemoteSwiftPackageReference "Alamofire" */,
				98202FA52AE6A0360089CF79 /* XCRemoteSwiftPackageReference "lottie-ios" */,
				792751232AF23DC10023123C /* XCRemoteSwiftPackageReference "SwiftKeychainWrapper" */,
				79A5667C2AFE089D00524A57 /* XCRemoteSwiftPackageReference "ZIPFoundation" */,
				665837632AF80B7600A5833E /* XCRemoteSwiftPackageReference "firebase-ios-sdk" */,
				7975B6EE2B0E329B0047B5BD /* XCRemoteSwiftPackageReference "Kronos" */,
				A9E84A5D2B0F4588002A811F /* XCRemoteSwiftPackageReference "swift-package-manager-google-mobile-ads" */,
			);
			productRefGroup = 79407D502AD7E68D006C7571 /* Products */;
			projectDirPath = "";
			projectRoot = "";
			targets = (
				79407D4E2AD7E68D006C7571 /* FallWin */,
			);
		};
/* End PBXProject section */

/* Begin PBXResourcesBuildPhase section */
		79407D4D2AD7E68D006C7571 /* Resources */ = {
			isa = PBXResourcesBuildPhase;
			buildActionMask = 2147483647;
			files = (
				9867B6342AE6524900C7359B /* Pretendard-ExtraBold.ttf in Resources */,
				79D8B14C2AF8C1D30020DFCC /* SejongGeulggot.ttf in Resources */,
				9867B6332AE6524900C7359B /* Pretendard-SemiBold.ttf in Resources */,
				9867B6312AE6524900C7359B /* Pretendard-Light.ttf in Resources */,
				79D8B14B2AF8C1D30020DFCC /* UhBee Se_hyun.ttf in Resources */,
				9867B6372AE6524900C7359B /* Pretendard-ExtraLight.ttf in Resources */,
				989152C32B0F7F03001119B1 /* Secret.plist in Resources */,
				79D8B14D2AF8C1D30020DFCC /* UhBee Se_hyun Bold.ttf in Resources */,
				799A57A92B0B409700D6966C /* Localizable.xcstrings in Resources */,
				79407D5A2AD7E68E006C7571 /* Preview Assets.xcassets in Resources */,
				79F650B92B186A2200401368 /* InfoPlist.strings in Resources */,
				9867B62F2AE6524900C7359B /* Pretendard-Regular.ttf in Resources */,
				9867B6352AE6524900C7359B /* Pretendard-Thin.ttf in Resources */,
				79407D572AD7E68E006C7571 /* Assets.xcassets in Resources */,
				9871B1E42B036D2B00C5840A /* GoogleService-Info.plist in Resources */,
				9867B6362AE6524900C7359B /* Pretendard-Medium.ttf in Resources */,
				98202FA42AE69FA90089CF79 /* LottieImageGen.json in Resources */,
				9867B6302AE6524900C7359B /* Pretendard-Black.ttf in Resources */,
				9867B6322AE6524900C7359B /* Pretendard-Bold.ttf in Resources */,
			);
			runOnlyForDeploymentPostprocessing = 0;
		};
/* End PBXResourcesBuildPhase section */

/* Begin PBXSourcesBuildPhase section */
		79407D4B2AD7E68D006C7571 /* Sources */ = {
			isa = PBXSourcesBuildPhase;
			buildActionMask = 2147483647;
			files = (
				6637557D2AF7F0A700117085 /* UIApplication+Extension.swift in Sources */,
				663755712AF7E53100117085 /* UIViewController+Extension.swift in Sources */,
				79BFCA152B1975080012DDA0 /* ContentView.swift in Sources */,
				792444092B00D04E00E28FFE /* SettingsView+Feature.swift in Sources */,
				79AF693D2ADCC07E0064E410 /* Journal.xcdatamodeld in Sources */,
				989152C52B1608EF001119B1 /* NotificationInitView.swift in Sources */,
				98DA97002ADFA715000DDAFA /* Bundle+Extension.swift in Sources */,
				9867B63A2AE6533A00C7359B /* Font+Extension.swift in Sources */,
				79D8B1552AF95CF70020DFCC /* Journal+Mind.swift in Sources */,
				79AF69452ADCC2820064E410 /* DataManager.swift in Sources */,
				79407D662AD7EC9E006C7571 /* String+Extension.swift in Sources */,
				791F146E2ADD8CF200F8DDD2 /* SearchView+Feature.swift in Sources */,
				79407D682AD7ED11006C7571 /* Colors.swift in Sources */,
				98DA96EF2ADD5B6A000DDAFA /* DallEApiManager.swift in Sources */,
				79D8B1632AFA2A9F0020DFCC /* LockSettingView+Feature.swift in Sources */,
				A9D4C73B2AF8CAA30004CF04 /* ImageModifier.swift in Sources */,
				9814C31E2AE01F2600FD0E30 /* MainTextView.swift in Sources */,
				79D8B16F2AFB50660020DFCC /* PolicyView+Feature.swift in Sources */,
				79A566822AFE132B00524A57 /* RawJournal.swift in Sources */,
				98DA96FA2ADFA585000DDAFA /* WritingView.swift in Sources */,
				98DA96F72ADE3D2E000DDAFA /* ChatGPTApiManager.swift in Sources */,
				98F70A832AE5308200FEE4D2 /* WritingPathState.swift in Sources */,
				79A566802AFE105500524A57 /* Journal+JSON.swift in Sources */,
				9808A9FC2B0C92CE00A2CEB7 /* TextEditView+Feature.swift in Sources */,
				79F650BE2B19640700401368 /* LicenseView.swift in Sources */,
				79D8B1512AF946CE0020DFCC /* LineNoteView.swift in Sources */,
				79F650B62B184F6800401368 /* NotificationManager.swift in Sources */,
				989152C72B16090C001119B1 /* NotificationInitView+Feature.swift in Sources */,
				794216B82AE22C6A00F24CFD /* CollapsingScrollView.swift in Sources */,
				9808AA012B0DDD7300A2CEB7 /* OnboardingView+Feature.swift in Sources */,
				79EE3CAA2AFCBA4D005BD2FD /* OhwaAlertButton.swift in Sources */,
				79A5667A2AFE058E00524A57 /* ICloudBackupManager.swift in Sources */,
				799F1D912B033322009908DB /* MindView.swift in Sources */,
				79D8B15D2AFA22510020DFCC /* SettingsView.swift in Sources */,
				799F1D952B0343B8009908DB /* WritingContentView.swift in Sources */,
				791F14742ADD8EA500F8DDD2 /* Feature.swift in Sources */,
				79D8B1692AFB4F140020DFCC /* BackupSettingView.swift in Sources */,
				791F14682ADD726600F8DDD2 /* RoundedShape.swift in Sources */,
				7975B6F42B0E38030047B5BD /* FilmManager.swift in Sources */,
				792751122AF21AA30023123C /* MainView.swift in Sources */,
				79D8B16D2AFB505A0020DFCC /* PolicyView.swift in Sources */,
				79AF693A2ADAD6CA0064E410 /* Carousel.swift in Sources */,
				7975B6F62B0F0C180047B5BD /* Notification+Name.swift in Sources */,
				6637556F2AF7E3A300117085 /* View+Alert.swift in Sources */,
				7975B6E92B0DC5100047B5BD /* NotificationSettingView+Feature.swift in Sources */,
				79D8B15B2AFA14DB0020DFCC /* ImageZoomViewController.swift in Sources */,
				9814C3202AE250BE00FD0E30 /* MainTextView+Feature.swift in Sources */,
				98726DC92AE6439200A14860 /* UIColor+Extension.swift in Sources */,
				9808A9FF2B0DD97A00A2CEB7 /* OnboardingView.swift in Sources */,
				792444112B02700000E28FFE /* EmptyPlaceholderView.swift in Sources */,
				98439ED02B0353AC00B7669F /* View+Extension.swift in Sources */,
				79AF69402ADCC1320064E410 /* Journal+CoreDataClass.swift in Sources */,
				9808AA032B0DDE1B00A2CEB7 /* NicknameInitView.swift in Sources */,
				7924440F2B02195300E28FFE /* ActivityView.swift in Sources */,
				987086AD2AFA22150060E59C /* ButtonLabelView.swift in Sources */,
				98DA96F22ADD6889000DDAFA /* DallEApiTestView.swift in Sources */,
				79D8B1772AFB57780020DFCC /* WebViewController.swift in Sources */,
				79D8B1612AFA2A910020DFCC /* LockSettingView.swift in Sources */,
				79E5B2C22ADD23C200A86770 /* CvasTabView.swift in Sources */,
				791F14792AE0D8A400F8DDD2 /* JournalView.swift in Sources */,
				792751142AF21AAB0023123C /* MainView+Feature.swift in Sources */,
				791F146A2ADD736B00F8DDD2 /* TabBarLabelStyle.swift in Sources */,
				79407D642AD7EC80006C7571 /* Date+Exntesion.swift in Sources */,
				98F70A872AE5493B00FEE4D2 /* GeneratedDiaryView+Feature.swift in Sources */,
				6658377C2AF8CB0A00A5833E /* Tracking.swift in Sources */,
				799F1D8E2B02EFE9009908DB /* JournalWritingView+Feature.swift in Sources */,
				989152C92B187A14001119B1 /* ProgressView+Extension.swift in Sources */,
				79C99FD72B0F52DF003B3A0B /* DebuggingView.swift in Sources */,
				98726DCB2AE643A700A14860 /* Color+Extension.swift in Sources */,
				79D8B1792AFB692E0020DFCC /* WebView.swift in Sources */,
				7927512D2AF364DC0023123C /* ImageDetailView.swift in Sources */,
				98DA96FC2ADFA594000DDAFA /* WritingView+Feature.swift in Sources */,
				98F70A812AE4E1AA00FEE4D2 /* DrawingStyleView+Feature.swift in Sources */,
				A9E84A622B0F45B6002A811F /* RewardAdsManager.swift in Sources */,
				799F1D972B034632009908DB /* DrawStyleView.swift in Sources */,
				7927512B2AF359590023123C /* HapticManager.swift in Sources */,
				79C99FD52B0F43F0003B3A0B /* NetworkModel.swift in Sources */,
				79D8B1532AF947E30020DFCC /* ViewGeometry.swift in Sources */,
				79D8B1592AFA148D0020DFCC /* ImageZoomView.swift in Sources */,
				79D8B1572AF95D0D0020DFCC /* Journal+DrawingStyle.swift in Sources */,
				98202FAA2AE6A0800089CF79 /* LottieImageGenView.swift in Sources */,
				98202FAC2AE933D50089CF79 /* KarloApiManager.swift in Sources */,
				79EE3CA12AFCAEF8005BD2FD /* DrawingCountManager.swift in Sources */,
				79F650C22B196ED700401368 /* FilmDetailView+Feature.swift in Sources */,
				7975B6EB2B0DCC770047B5BD /* TimePickerView.swift in Sources */,
				7975B6E72B0DC5050047B5BD /* NotificationSettingView.swift in Sources */,
				79F650C02B19641000401368 /* LicenseView+Feature.swift in Sources */,
				79E5B2CA2ADD4FE200A86770 /* SearchView.swift in Sources */,
				79F650B42B11CE1100401368 /* FilmDetailView.swift in Sources */,
				791F147B2AE0D8AF00F8DDD2 /* JournalView+Feature.swift in Sources */,
				9808AA052B0DDE5400A2CEB7 /* NicknameInitView+Feature.swift in Sources */,
				792751272AF23F9E0023123C /* SwiftKeychainWrapper+Extension.swift in Sources */,
				663755792AF7ED3600117085 /* OhwaAlert.swift in Sources */,
				799F1D8C2B02EFDD009908DB /* JournalWritingView.swift in Sources */,
				7924440B2B00F13000E28FFE /* DataSettingsView.swift in Sources */,
				79AF69412ADCC1320064E410 /* Journal+CoreDataProperties.swift in Sources */,
				792751202AF2392C0023123C /* UserDefaultsKey.swift in Sources */,
				79E5B2C02ADD1C6800A86770 /* PersistenceController.swift in Sources */,
				7951CE552AF4AF98006A3AA7 /* PasscodeView.swift in Sources */,
				98F70A7F2AE4E18100FEE4D2 /* DrawingStyleView.swift in Sources */,
				9808A9FA2B0C92A700A2CEB7 /* TextEditView.swift in Sources */,
				79EE3CA92AFCBA4D005BD2FD /* OhwaAlertImpl.swift in Sources */,
				79407D532AD7E68D006C7571 /* FallWinApp.swift in Sources */,
				987086AB2AFA17020060E59C /* PickerView.swift in Sources */,
				7924440D2B01FE1000E28FFE /* View+Render.swift in Sources */,
				98F70A852AE5492E00FEE4D2 /* GeneratedDiaryView.swift in Sources */,
				799F1D932B033700009908DB /* WritingHeaderView.swift in Sources */,
				791F147D2AE0DD9000F8DDD2 /* UINavigationController+Extension.swift in Sources */,
				98A2BC292AFCD688003C9835 /* PickerManager.swift in Sources */,
			);
			runOnlyForDeploymentPostprocessing = 0;
		};
/* End PBXSourcesBuildPhase section */

/* Begin PBXVariantGroup section */
		79F650BB2B186A2200401368 /* InfoPlist.strings */ = {
			isa = PBXVariantGroup;
			children = (
				79F650BA2B186A2200401368 /* en */,
				79F650BC2B186A2300401368 /* ko */,
			);
			name = InfoPlist.strings;
			sourceTree = "<group>";
		};
/* End PBXVariantGroup section */

/* Begin XCBuildConfiguration section */
		79407D5B2AD7E68E006C7571 /* Debug */ = {
			isa = XCBuildConfiguration;
			buildSettings = {
				ALWAYS_SEARCH_USER_PATHS = NO;
				ASSETCATALOG_COMPILER_GENERATE_SWIFT_ASSET_SYMBOL_EXTENSIONS = YES;
				CLANG_ANALYZER_NONNULL = YES;
				CLANG_ANALYZER_NUMBER_OBJECT_CONVERSION = YES_AGGRESSIVE;
				CLANG_CXX_LANGUAGE_STANDARD = "gnu++20";
				CLANG_ENABLE_MODULES = YES;
				CLANG_ENABLE_OBJC_ARC = YES;
				CLANG_ENABLE_OBJC_WEAK = YES;
				CLANG_WARN_BLOCK_CAPTURE_AUTORELEASING = YES;
				CLANG_WARN_BOOL_CONVERSION = YES;
				CLANG_WARN_COMMA = YES;
				CLANG_WARN_CONSTANT_CONVERSION = YES;
				CLANG_WARN_DEPRECATED_OBJC_IMPLEMENTATIONS = YES;
				CLANG_WARN_DIRECT_OBJC_ISA_USAGE = YES_ERROR;
				CLANG_WARN_DOCUMENTATION_COMMENTS = YES;
				CLANG_WARN_EMPTY_BODY = YES;
				CLANG_WARN_ENUM_CONVERSION = YES;
				CLANG_WARN_INFINITE_RECURSION = YES;
				CLANG_WARN_INT_CONVERSION = YES;
				CLANG_WARN_NON_LITERAL_NULL_CONVERSION = YES;
				CLANG_WARN_OBJC_IMPLICIT_RETAIN_SELF = YES;
				CLANG_WARN_OBJC_LITERAL_CONVERSION = YES;
				CLANG_WARN_OBJC_ROOT_CLASS = YES_ERROR;
				CLANG_WARN_QUOTED_INCLUDE_IN_FRAMEWORK_HEADER = YES;
				CLANG_WARN_RANGE_LOOP_ANALYSIS = YES;
				CLANG_WARN_STRICT_PROTOTYPES = YES;
				CLANG_WARN_SUSPICIOUS_MOVE = YES;
				CLANG_WARN_UNGUARDED_AVAILABILITY = YES_AGGRESSIVE;
				CLANG_WARN_UNREACHABLE_CODE = YES;
				CLANG_WARN__DUPLICATE_METHOD_MATCH = YES;
				COPY_PHASE_STRIP = NO;
				DEBUG_INFORMATION_FORMAT = dwarf;
				ENABLE_STRICT_OBJC_MSGSEND = YES;
				ENABLE_TESTABILITY = YES;
				ENABLE_USER_SCRIPT_SANDBOXING = YES;
				GCC_C_LANGUAGE_STANDARD = gnu17;
				GCC_DYNAMIC_NO_PIC = NO;
				GCC_NO_COMMON_BLOCKS = YES;
				GCC_OPTIMIZATION_LEVEL = 0;
				GCC_PREPROCESSOR_DEFINITIONS = (
					"DEBUG=1",
					"$(inherited)",
				);
				GCC_WARN_64_TO_32_BIT_CONVERSION = YES;
				GCC_WARN_ABOUT_RETURN_TYPE = YES_ERROR;
				GCC_WARN_UNDECLARED_SELECTOR = YES;
				GCC_WARN_UNINITIALIZED_AUTOS = YES_AGGRESSIVE;
				GCC_WARN_UNUSED_FUNCTION = YES;
				GCC_WARN_UNUSED_VARIABLE = YES;
				IPHONEOS_DEPLOYMENT_TARGET = 16.0;
				LOCALIZATION_PREFERS_STRING_CATALOGS = YES;
				MTL_ENABLE_DEBUG_INFO = INCLUDE_SOURCE;
				MTL_FAST_MATH = YES;
				ONLY_ACTIVE_ARCH = YES;
				SDKROOT = iphoneos;
				SWIFT_ACTIVE_COMPILATION_CONDITIONS = "DEBUG $(inherited)";
				SWIFT_OPTIMIZATION_LEVEL = "-Onone";
			};
			name = Debug;
		};
		79407D5C2AD7E68E006C7571 /* Release */ = {
			isa = XCBuildConfiguration;
			buildSettings = {
				ALWAYS_SEARCH_USER_PATHS = NO;
				ASSETCATALOG_COMPILER_GENERATE_SWIFT_ASSET_SYMBOL_EXTENSIONS = YES;
				CLANG_ANALYZER_NONNULL = YES;
				CLANG_ANALYZER_NUMBER_OBJECT_CONVERSION = YES_AGGRESSIVE;
				CLANG_CXX_LANGUAGE_STANDARD = "gnu++20";
				CLANG_ENABLE_MODULES = YES;
				CLANG_ENABLE_OBJC_ARC = YES;
				CLANG_ENABLE_OBJC_WEAK = YES;
				CLANG_WARN_BLOCK_CAPTURE_AUTORELEASING = YES;
				CLANG_WARN_BOOL_CONVERSION = YES;
				CLANG_WARN_COMMA = YES;
				CLANG_WARN_CONSTANT_CONVERSION = YES;
				CLANG_WARN_DEPRECATED_OBJC_IMPLEMENTATIONS = YES;
				CLANG_WARN_DIRECT_OBJC_ISA_USAGE = YES_ERROR;
				CLANG_WARN_DOCUMENTATION_COMMENTS = YES;
				CLANG_WARN_EMPTY_BODY = YES;
				CLANG_WARN_ENUM_CONVERSION = YES;
				CLANG_WARN_INFINITE_RECURSION = YES;
				CLANG_WARN_INT_CONVERSION = YES;
				CLANG_WARN_NON_LITERAL_NULL_CONVERSION = YES;
				CLANG_WARN_OBJC_IMPLICIT_RETAIN_SELF = YES;
				CLANG_WARN_OBJC_LITERAL_CONVERSION = YES;
				CLANG_WARN_OBJC_ROOT_CLASS = YES_ERROR;
				CLANG_WARN_QUOTED_INCLUDE_IN_FRAMEWORK_HEADER = YES;
				CLANG_WARN_RANGE_LOOP_ANALYSIS = YES;
				CLANG_WARN_STRICT_PROTOTYPES = YES;
				CLANG_WARN_SUSPICIOUS_MOVE = YES;
				CLANG_WARN_UNGUARDED_AVAILABILITY = YES_AGGRESSIVE;
				CLANG_WARN_UNREACHABLE_CODE = YES;
				CLANG_WARN__DUPLICATE_METHOD_MATCH = YES;
				COPY_PHASE_STRIP = NO;
				DEBUG_INFORMATION_FORMAT = "dwarf-with-dsym";
				ENABLE_NS_ASSERTIONS = NO;
				ENABLE_STRICT_OBJC_MSGSEND = YES;
				ENABLE_USER_SCRIPT_SANDBOXING = YES;
				GCC_C_LANGUAGE_STANDARD = gnu17;
				GCC_NO_COMMON_BLOCKS = YES;
				GCC_WARN_64_TO_32_BIT_CONVERSION = YES;
				GCC_WARN_ABOUT_RETURN_TYPE = YES_ERROR;
				GCC_WARN_UNDECLARED_SELECTOR = YES;
				GCC_WARN_UNINITIALIZED_AUTOS = YES_AGGRESSIVE;
				GCC_WARN_UNUSED_FUNCTION = YES;
				GCC_WARN_UNUSED_VARIABLE = YES;
				IPHONEOS_DEPLOYMENT_TARGET = 16.0;
				LOCALIZATION_PREFERS_STRING_CATALOGS = YES;
				MTL_ENABLE_DEBUG_INFO = NO;
				MTL_FAST_MATH = YES;
				SDKROOT = iphoneos;
				SWIFT_COMPILATION_MODE = wholemodule;
				VALIDATE_PRODUCT = YES;
			};
			name = Release;
		};
		79407D5E2AD7E68E006C7571 /* Debug */ = {
			isa = XCBuildConfiguration;
			buildSettings = {
				ASSETCATALOG_COMPILER_APPICON_NAME = AppIcon;
				ASSETCATALOG_COMPILER_GLOBAL_ACCENT_COLOR_NAME = AccentColor;
				CODE_SIGN_ENTITLEMENTS = FallWin/FallWin.entitlements;
				CODE_SIGN_STYLE = Automatic;
				CURRENT_PROJECT_VERSION = 23113001;
				DEVELOPMENT_ASSET_PATHS = "\"FallWin/Preview Content\"";
				DEVELOPMENT_TEAM = BDU85ET24K;
				ENABLE_PREVIEWS = YES;
				GENERATE_INFOPLIST_FILE = YES;
				INFOPLIST_FILE = FallWin/Info.plist;
				INFOPLIST_KEY_CFBundleDisplayName = PICDA;
				INFOPLIST_KEY_LSApplicationCategoryType = "public.app-category.lifestyle";
				INFOPLIST_KEY_UIApplicationSceneManifest_Generation = YES;
				INFOPLIST_KEY_UIApplicationSupportsIndirectInputEvents = YES;
				INFOPLIST_KEY_UILaunchScreen_Generation = YES;
				INFOPLIST_KEY_UISupportedInterfaceOrientations = UIInterfaceOrientationPortrait;
				INFOPLIST_KEY_UISupportedInterfaceOrientations_iPad = "UIInterfaceOrientationLandscapeLeft UIInterfaceOrientationLandscapeRight UIInterfaceOrientationPortrait UIInterfaceOrientationPortraitUpsideDown";
				INFOPLIST_KEY_UIUserInterfaceStyle = Light;
				IPHONEOS_DEPLOYMENT_TARGET = 16.0;
				LD_RUNPATH_SEARCH_PATHS = (
					"$(inherited)",
					"@executable_path/Frameworks",
				);
				MARKETING_VERSION = 1.1.0;
				OTHER_SWIFT_FLAGS = "";
				PRODUCT_BUNDLE_IDENTIFIER = com.mgchoi.ohwa;
				PRODUCT_NAME = "$(TARGET_NAME)";
				SUPPORTED_PLATFORMS = "iphoneos iphonesimulator";
				SUPPORTS_MACCATALYST = NO;
				SUPPORTS_MAC_DESIGNED_FOR_IPHONE_IPAD = NO;
				SWIFT_EMIT_LOC_STRINGS = YES;
				SWIFT_VERSION = 5.0;
				TARGETED_DEVICE_FAMILY = 1;
			};
			name = Debug;
		};
		79407D5F2AD7E68E006C7571 /* Release */ = {
			isa = XCBuildConfiguration;
			buildSettings = {
				ASSETCATALOG_COMPILER_APPICON_NAME = AppIcon;
				ASSETCATALOG_COMPILER_GLOBAL_ACCENT_COLOR_NAME = AccentColor;
				CODE_SIGN_ENTITLEMENTS = FallWin/FallWinRelease.entitlements;
				CODE_SIGN_STYLE = Automatic;
				CURRENT_PROJECT_VERSION = 23113001;
				DEVELOPMENT_ASSET_PATHS = "\"FallWin/Preview Content\"";
				DEVELOPMENT_TEAM = BDU85ET24K;
				ENABLE_PREVIEWS = YES;
				GENERATE_INFOPLIST_FILE = YES;
				INFOPLIST_FILE = FallWin/Info.plist;
				INFOPLIST_KEY_CFBundleDisplayName = PICDA;
				INFOPLIST_KEY_LSApplicationCategoryType = "public.app-category.lifestyle";
				INFOPLIST_KEY_UIApplicationSceneManifest_Generation = YES;
				INFOPLIST_KEY_UIApplicationSupportsIndirectInputEvents = YES;
				INFOPLIST_KEY_UILaunchScreen_Generation = YES;
				INFOPLIST_KEY_UISupportedInterfaceOrientations = UIInterfaceOrientationPortrait;
				INFOPLIST_KEY_UISupportedInterfaceOrientations_iPad = "UIInterfaceOrientationLandscapeLeft UIInterfaceOrientationLandscapeRight UIInterfaceOrientationPortrait UIInterfaceOrientationPortraitUpsideDown";
				INFOPLIST_KEY_UIUserInterfaceStyle = Light;
				IPHONEOS_DEPLOYMENT_TARGET = 16.0;
				LD_RUNPATH_SEARCH_PATHS = (
					"$(inherited)",
					"@executable_path/Frameworks",
				);
				MARKETING_VERSION = 1.1.0;
				OTHER_SWIFT_FLAGS = "";
				PRODUCT_BUNDLE_IDENTIFIER = com.mgchoi.ohwa;
				PRODUCT_NAME = "$(TARGET_NAME)";
				SUPPORTED_PLATFORMS = "iphoneos iphonesimulator";
				SUPPORTS_MACCATALYST = NO;
				SUPPORTS_MAC_DESIGNED_FOR_IPHONE_IPAD = NO;
				SWIFT_EMIT_LOC_STRINGS = YES;
				SWIFT_VERSION = 5.0;
				TARGETED_DEVICE_FAMILY = 1;
			};
			name = Release;
		};
/* End XCBuildConfiguration section */

/* Begin XCConfigurationList section */
		79407D4A2AD7E68D006C7571 /* Build configuration list for PBXProject "FallWin" */ = {
			isa = XCConfigurationList;
			buildConfigurations = (
				79407D5B2AD7E68E006C7571 /* Debug */,
				79407D5C2AD7E68E006C7571 /* Release */,
			);
			defaultConfigurationIsVisible = 0;
			defaultConfigurationName = Release;
		};
		79407D5D2AD7E68E006C7571 /* Build configuration list for PBXNativeTarget "FallWin" */ = {
			isa = XCConfigurationList;
			buildConfigurations = (
				79407D5E2AD7E68E006C7571 /* Debug */,
				79407D5F2AD7E68E006C7571 /* Release */,
			);
			defaultConfigurationIsVisible = 0;
			defaultConfigurationName = Release;
		};
/* End XCConfigurationList section */

/* Begin XCRemoteSwiftPackageReference section */
		665837632AF80B7600A5833E /* XCRemoteSwiftPackageReference "firebase-ios-sdk" */ = {
			isa = XCRemoteSwiftPackageReference;
			repositoryURL = "https://github.com/firebase/firebase-ios-sdk.git";
			requirement = {
				kind = upToNextMajorVersion;
				minimumVersion = 10.17.0;
			};
		};
		792751232AF23DC10023123C /* XCRemoteSwiftPackageReference "SwiftKeychainWrapper" */ = {
			isa = XCRemoteSwiftPackageReference;
			repositoryURL = "https://github.com/jrendel/SwiftKeychainWrapper";
			requirement = {
				kind = upToNextMajorVersion;
				minimumVersion = 4.0.1;
			};
		};
		7975B6EE2B0E329B0047B5BD /* XCRemoteSwiftPackageReference "Kronos" */ = {
			isa = XCRemoteSwiftPackageReference;
			repositoryURL = "https://github.com/MobileNativeFoundation/Kronos.git";
			requirement = {
				kind = upToNextMajorVersion;
				minimumVersion = 4.2.2;
			};
		};
		79A5667C2AFE089D00524A57 /* XCRemoteSwiftPackageReference "ZIPFoundation" */ = {
			isa = XCRemoteSwiftPackageReference;
			repositoryURL = "https://github.com/weichsel/ZIPFoundation.git";
			requirement = {
				kind = upToNextMajorVersion;
				minimumVersion = 0.9.17;
			};
		};
		79E5B2CF2ADD501200A86770 /* XCRemoteSwiftPackageReference "swift-composable-architecture" */ = {
			isa = XCRemoteSwiftPackageReference;
			repositoryURL = "https://github.com/pointfreeco/swift-composable-architecture";
			requirement = {
				kind = exactVersion;
				version = 1.4.0;
			};
		};
		79E5B2D22ADD502100A86770 /* XCRemoteSwiftPackageReference "Alamofire" */ = {
			isa = XCRemoteSwiftPackageReference;
			repositoryURL = "https://github.com/Alamofire/Alamofire.git";
			requirement = {
				kind = upToNextMajorVersion;
				minimumVersion = 5.8.0;
			};
		};
		98202FA52AE6A0360089CF79 /* XCRemoteSwiftPackageReference "lottie-ios" */ = {
			isa = XCRemoteSwiftPackageReference;
			repositoryURL = "https://github.com/airbnb/lottie-ios";
			requirement = {
				kind = upToNextMajorVersion;
				minimumVersion = 4.3.3;
			};
		};
		A9E84A5D2B0F4588002A811F /* XCRemoteSwiftPackageReference "swift-package-manager-google-mobile-ads" */ = {
			isa = XCRemoteSwiftPackageReference;
			repositoryURL = "https://github.com/googleads/swift-package-manager-google-mobile-ads.git";
			requirement = {
				kind = upToNextMajorVersion;
				minimumVersion = 10.13.0;
			};
		};
/* End XCRemoteSwiftPackageReference section */

/* Begin XCSwiftPackageProductDependency section */
		665837642AF80B7600A5833E /* FirebaseAnalytics */ = {
			isa = XCSwiftPackageProductDependency;
			package = 665837632AF80B7600A5833E /* XCRemoteSwiftPackageReference "firebase-ios-sdk" */;
			productName = FirebaseAnalytics;
		};
		665837662AF80B7600A5833E /* FirebaseAnalyticsOnDeviceConversion */ = {
			isa = XCSwiftPackageProductDependency;
			package = 665837632AF80B7600A5833E /* XCRemoteSwiftPackageReference "firebase-ios-sdk" */;
			productName = FirebaseAnalyticsOnDeviceConversion;
		};
		665837682AF80B7600A5833E /* FirebaseAnalyticsSwift */ = {
			isa = XCSwiftPackageProductDependency;
			package = 665837632AF80B7600A5833E /* XCRemoteSwiftPackageReference "firebase-ios-sdk" */;
			productName = FirebaseAnalyticsSwift;
		};
		6658376A2AF80B7600A5833E /* FirebaseAnalyticsWithoutAdIdSupport */ = {
			isa = XCSwiftPackageProductDependency;
			package = 665837632AF80B7600A5833E /* XCRemoteSwiftPackageReference "firebase-ios-sdk" */;
			productName = FirebaseAnalyticsWithoutAdIdSupport;
		};
		6658376C2AF80B7600A5833E /* FirebaseAppCheck */ = {
			isa = XCSwiftPackageProductDependency;
			package = 665837632AF80B7600A5833E /* XCRemoteSwiftPackageReference "firebase-ios-sdk" */;
			productName = FirebaseAppCheck;
		};
		665837702AF8110600A5833E /* FirebaseAnalytics */ = {
			isa = XCSwiftPackageProductDependency;
			package = 665837632AF80B7600A5833E /* XCRemoteSwiftPackageReference "firebase-ios-sdk" */;
			productName = FirebaseAnalytics;
		};
		665837722AF8110600A5833E /* FirebaseAnalyticsOnDeviceConversion */ = {
			isa = XCSwiftPackageProductDependency;
			package = 665837632AF80B7600A5833E /* XCRemoteSwiftPackageReference "firebase-ios-sdk" */;
			productName = FirebaseAnalyticsOnDeviceConversion;
		};
		665837742AF8110600A5833E /* FirebaseAnalyticsSwift */ = {
			isa = XCSwiftPackageProductDependency;
			package = 665837632AF80B7600A5833E /* XCRemoteSwiftPackageReference "firebase-ios-sdk" */;
			productName = FirebaseAnalyticsSwift;
		};
		665837762AF8110600A5833E /* FirebaseAnalyticsWithoutAdIdSupport */ = {
			isa = XCSwiftPackageProductDependency;
			package = 665837632AF80B7600A5833E /* XCRemoteSwiftPackageReference "firebase-ios-sdk" */;
			productName = FirebaseAnalyticsWithoutAdIdSupport;
		};
		665837782AF8110600A5833E /* FirebaseAppCheck */ = {
			isa = XCSwiftPackageProductDependency;
			package = 665837632AF80B7600A5833E /* XCRemoteSwiftPackageReference "firebase-ios-sdk" */;
			productName = FirebaseAppCheck;
		};
		792751242AF23DC10023123C /* SwiftKeychainWrapper */ = {
			isa = XCSwiftPackageProductDependency;
			package = 792751232AF23DC10023123C /* XCRemoteSwiftPackageReference "SwiftKeychainWrapper" */;
			productName = SwiftKeychainWrapper;
		};
		7975B6EF2B0E329B0047B5BD /* Kronos */ = {
			isa = XCSwiftPackageProductDependency;
			package = 7975B6EE2B0E329B0047B5BD /* XCRemoteSwiftPackageReference "Kronos" */;
			productName = Kronos;
		};
		79A5667D2AFE089D00524A57 /* ZIPFoundation */ = {
			isa = XCSwiftPackageProductDependency;
			package = 79A5667C2AFE089D00524A57 /* XCRemoteSwiftPackageReference "ZIPFoundation" */;
			productName = ZIPFoundation;
		};
		79E5B2D02ADD501200A86770 /* ComposableArchitecture */ = {
			isa = XCSwiftPackageProductDependency;
			package = 79E5B2CF2ADD501200A86770 /* XCRemoteSwiftPackageReference "swift-composable-architecture" */;
			productName = ComposableArchitecture;
		};
		79E5B2D32ADD502100A86770 /* Alamofire */ = {
			isa = XCSwiftPackageProductDependency;
			package = 79E5B2D22ADD502100A86770 /* XCRemoteSwiftPackageReference "Alamofire" */;
			productName = Alamofire;
		};
		98202FA62AE6A0360089CF79 /* Lottie */ = {
			isa = XCSwiftPackageProductDependency;
			package = 98202FA52AE6A0360089CF79 /* XCRemoteSwiftPackageReference "lottie-ios" */;
			productName = Lottie;
		};
		A9E84A5E2B0F4588002A811F /* GoogleMobileAds */ = {
			isa = XCSwiftPackageProductDependency;
			package = A9E84A5D2B0F4588002A811F /* XCRemoteSwiftPackageReference "swift-package-manager-google-mobile-ads" */;
			productName = GoogleMobileAds;
		};
/* End XCSwiftPackageProductDependency section */

/* Begin XCVersionGroup section */
		79AF693B2ADCC07E0064E410 /* Journal.xcdatamodeld */ = {
			isa = XCVersionGroup;
			children = (
				79AF693C2ADCC07E0064E410 /* Journal.xcdatamodel */,
			);
			currentVersion = 79AF693C2ADCC07E0064E410 /* Journal.xcdatamodel */;
			path = Journal.xcdatamodeld;
			sourceTree = "<group>";
			versionGroupType = wrapper.xcdatamodel;
		};
/* End XCVersionGroup section */
	};
	rootObject = 79407D472AD7E68D006C7571 /* Project object */;
}
