// !$*UTF8*$!
{
	archiveVersion = 1;
	classes = {
	};
	objectVersion = 56;
	objects = {

/* Begin PBXBuildFile section */
		6637556F2AF7E3A300117085 /* View+Extension.swift in Sources */ = {isa = PBXBuildFile; fileRef = 6637556E2AF7E3A300117085 /* View+Extension.swift */; };
		663755712AF7E53100117085 /* UIViewController+Extension.swift in Sources */ = {isa = PBXBuildFile; fileRef = 663755702AF7E53100117085 /* UIViewController+Extension.swift */; };
		663755762AF7ECD200117085 /* OhwaAlertImpl.swift in Sources */ = {isa = PBXBuildFile; fileRef = 663755752AF7ECD200117085 /* OhwaAlertImpl.swift */; };
		663755792AF7ED3600117085 /* OhwaAlert.swift in Sources */ = {isa = PBXBuildFile; fileRef = 663755782AF7ED3600117085 /* OhwaAlert.swift */; };
		6637557B2AF7EF6C00117085 /* OhwaAlertButton.swift in Sources */ = {isa = PBXBuildFile; fileRef = 6637557A2AF7EF6C00117085 /* OhwaAlertButton.swift */; };
		6637557D2AF7F0A700117085 /* UIApplication+Extension.swift in Sources */ = {isa = PBXBuildFile; fileRef = 6637557C2AF7F0A700117085 /* UIApplication+Extension.swift */; };
		665837652AF80B7600A5833E /* FirebaseAnalytics in Frameworks */ = {isa = PBXBuildFile; productRef = 665837642AF80B7600A5833E /* FirebaseAnalytics */; };
		665837672AF80B7600A5833E /* FirebaseAnalyticsOnDeviceConversion in Frameworks */ = {isa = PBXBuildFile; productRef = 665837662AF80B7600A5833E /* FirebaseAnalyticsOnDeviceConversion */; };
		665837692AF80B7600A5833E /* FirebaseAnalyticsSwift in Frameworks */ = {isa = PBXBuildFile; productRef = 665837682AF80B7600A5833E /* FirebaseAnalyticsSwift */; };
		6658376B2AF80B7600A5833E /* FirebaseAnalyticsWithoutAdIdSupport in Frameworks */ = {isa = PBXBuildFile; productRef = 6658376A2AF80B7600A5833E /* FirebaseAnalyticsWithoutAdIdSupport */; };
		6658376D2AF80B7600A5833E /* FirebaseAppCheck in Frameworks */ = {isa = PBXBuildFile; productRef = 6658376C2AF80B7600A5833E /* FirebaseAppCheck */; };
		6658376F2AF810EC00A5833E /* GoogleService-Info.plist in Resources */ = {isa = PBXBuildFile; fileRef = 6658376E2AF810EC00A5833E /* GoogleService-Info.plist */; };
		665837712AF8110600A5833E /* FirebaseAnalytics in Frameworks */ = {isa = PBXBuildFile; productRef = 665837702AF8110600A5833E /* FirebaseAnalytics */; };
		665837732AF8110600A5833E /* FirebaseAnalyticsOnDeviceConversion in Frameworks */ = {isa = PBXBuildFile; productRef = 665837722AF8110600A5833E /* FirebaseAnalyticsOnDeviceConversion */; };
		665837752AF8110600A5833E /* FirebaseAnalyticsSwift in Frameworks */ = {isa = PBXBuildFile; productRef = 665837742AF8110600A5833E /* FirebaseAnalyticsSwift */; };
		665837772AF8110600A5833E /* FirebaseAnalyticsWithoutAdIdSupport in Frameworks */ = {isa = PBXBuildFile; productRef = 665837762AF8110600A5833E /* FirebaseAnalyticsWithoutAdIdSupport */; };
		665837792AF8110600A5833E /* FirebaseAppCheck in Frameworks */ = {isa = PBXBuildFile; productRef = 665837782AF8110600A5833E /* FirebaseAppCheck */; };
		6658377C2AF8CB0A00A5833E /* Tracking.swift in Sources */ = {isa = PBXBuildFile; fileRef = 6658377B2AF8CB0A00A5833E /* Tracking.swift */; };
		791F14682ADD726600F8DDD2 /* RoundedShape.swift in Sources */ = {isa = PBXBuildFile; fileRef = 791F14672ADD726600F8DDD2 /* RoundedShape.swift */; };
		791F146A2ADD736B00F8DDD2 /* TabBarLabelStyle.swift in Sources */ = {isa = PBXBuildFile; fileRef = 791F14692ADD736B00F8DDD2 /* TabBarLabelStyle.swift */; };
		791F146E2ADD8CF200F8DDD2 /* SearchView+Feature.swift in Sources */ = {isa = PBXBuildFile; fileRef = 791F146D2ADD8CF200F8DDD2 /* SearchView+Feature.swift */; };
		791F14742ADD8EA500F8DDD2 /* Feature.swift in Sources */ = {isa = PBXBuildFile; fileRef = 791F14732ADD8EA500F8DDD2 /* Feature.swift */; };
		791F14792AE0D8A400F8DDD2 /* JournalView.swift in Sources */ = {isa = PBXBuildFile; fileRef = 791F14782AE0D8A400F8DDD2 /* JournalView.swift */; };
		791F147B2AE0D8AF00F8DDD2 /* JournalView+Feature.swift in Sources */ = {isa = PBXBuildFile; fileRef = 791F147A2AE0D8AF00F8DDD2 /* JournalView+Feature.swift */; };
		791F147D2AE0DD9000F8DDD2 /* UINavigationController+Extension.swift in Sources */ = {isa = PBXBuildFile; fileRef = 791F147C2AE0DD9000F8DDD2 /* UINavigationController+Extension.swift */; };
		792751122AF21AA30023123C /* MainView.swift in Sources */ = {isa = PBXBuildFile; fileRef = 792751112AF21AA30023123C /* MainView.swift */; };
		792751142AF21AAB0023123C /* MainView+Feature.swift in Sources */ = {isa = PBXBuildFile; fileRef = 792751132AF21AAB0023123C /* MainView+Feature.swift */; };
		7927511C2AF232FD0023123C /* OldSettingsView.swift in Sources */ = {isa = PBXBuildFile; fileRef = 7927511B2AF232FD0023123C /* OldSettingsView.swift */; };
		7927511E2AF233060023123C /* OldSettingsView+Feature.swift in Sources */ = {isa = PBXBuildFile; fileRef = 7927511D2AF233060023123C /* OldSettingsView+Feature.swift */; };
		792751202AF2392C0023123C /* UserDefaultsKey.swift in Sources */ = {isa = PBXBuildFile; fileRef = 7927511F2AF2392C0023123C /* UserDefaultsKey.swift */; };
		792751252AF23DC10023123C /* SwiftKeychainWrapper in Frameworks */ = {isa = PBXBuildFile; productRef = 792751242AF23DC10023123C /* SwiftKeychainWrapper */; };
		792751272AF23F9E0023123C /* SwiftKeychainWrapper+Extension.swift in Sources */ = {isa = PBXBuildFile; fileRef = 792751262AF23F9E0023123C /* SwiftKeychainWrapper+Extension.swift */; };
		7927512B2AF359590023123C /* HapticManager.swift in Sources */ = {isa = PBXBuildFile; fileRef = 7927512A2AF359590023123C /* HapticManager.swift */; };
		7927512D2AF364DC0023123C /* ImageDetailView.swift in Sources */ = {isa = PBXBuildFile; fileRef = 7927512C2AF364DC0023123C /* ImageDetailView.swift */; };
		79407D532AD7E68D006C7571 /* FallWinApp.swift in Sources */ = {isa = PBXBuildFile; fileRef = 79407D522AD7E68D006C7571 /* FallWinApp.swift */; };
		79407D552AD7E68D006C7571 /* ContentView.swift in Sources */ = {isa = PBXBuildFile; fileRef = 79407D542AD7E68D006C7571 /* ContentView.swift */; };
		79407D572AD7E68E006C7571 /* Assets.xcassets in Resources */ = {isa = PBXBuildFile; fileRef = 79407D562AD7E68E006C7571 /* Assets.xcassets */; };
		79407D5A2AD7E68E006C7571 /* Preview Assets.xcassets in Resources */ = {isa = PBXBuildFile; fileRef = 79407D592AD7E68E006C7571 /* Preview Assets.xcassets */; };
		79407D642AD7EC80006C7571 /* Date+Exntesion.swift in Sources */ = {isa = PBXBuildFile; fileRef = 79407D632AD7EC80006C7571 /* Date+Exntesion.swift */; };
		79407D662AD7EC9E006C7571 /* String+Extension.swift in Sources */ = {isa = PBXBuildFile; fileRef = 79407D652AD7EC9E006C7571 /* String+Extension.swift */; };
		79407D682AD7ED11006C7571 /* Colors.swift in Sources */ = {isa = PBXBuildFile; fileRef = 79407D672AD7ED11006C7571 /* Colors.swift */; };
		794216B82AE22C6A00F24CFD /* CollapsingScrollView.swift in Sources */ = {isa = PBXBuildFile; fileRef = 794216B72AE22C6A00F24CFD /* CollapsingScrollView.swift */; };
		7951CE552AF4AF98006A3AA7 /* PasscodeView.swift in Sources */ = {isa = PBXBuildFile; fileRef = 7951CE542AF4AF98006A3AA7 /* PasscodeView.swift */; };
		79ADA5FE2AE55280007A56EC /* Secret.plist in Resources */ = {isa = PBXBuildFile; fileRef = 79ADA5FD2AE55280007A56EC /* Secret.plist */; };
		79AF693A2ADAD6CA0064E410 /* Carousel.swift in Sources */ = {isa = PBXBuildFile; fileRef = 79AF69392ADAD6CA0064E410 /* Carousel.swift */; };
		79AF693D2ADCC07E0064E410 /* Journal.xcdatamodeld in Sources */ = {isa = PBXBuildFile; fileRef = 79AF693B2ADCC07E0064E410 /* Journal.xcdatamodeld */; };
		79AF69402ADCC1320064E410 /* Journal+CoreDataClass.swift in Sources */ = {isa = PBXBuildFile; fileRef = 79AF693E2ADCC1320064E410 /* Journal+CoreDataClass.swift */; };
		79AF69412ADCC1320064E410 /* Journal+CoreDataProperties.swift in Sources */ = {isa = PBXBuildFile; fileRef = 79AF693F2ADCC1320064E410 /* Journal+CoreDataProperties.swift */; };
		79AF69452ADCC2820064E410 /* DataManager.swift in Sources */ = {isa = PBXBuildFile; fileRef = 79AF69442ADCC2820064E410 /* DataManager.swift */; };
		79D8B14B2AF8C1D30020DFCC /* UhBee Se_hyun.ttf in Resources */ = {isa = PBXBuildFile; fileRef = 79D8B1482AF8C1D20020DFCC /* UhBee Se_hyun.ttf */; };
		79D8B14C2AF8C1D30020DFCC /* SejongGeulggot.ttf in Resources */ = {isa = PBXBuildFile; fileRef = 79D8B1492AF8C1D20020DFCC /* SejongGeulggot.ttf */; };
		79D8B14D2AF8C1D30020DFCC /* UhBee Se_hyun Bold.ttf in Resources */ = {isa = PBXBuildFile; fileRef = 79D8B14A2AF8C1D20020DFCC /* UhBee Se_hyun Bold.ttf */; };
		79D8B1512AF946CE0020DFCC /* LineNoteView.swift in Sources */ = {isa = PBXBuildFile; fileRef = 79D8B1502AF946CE0020DFCC /* LineNoteView.swift */; };
		79D8B1532AF947E30020DFCC /* ViewGeometry.swift in Sources */ = {isa = PBXBuildFile; fileRef = 79D8B1522AF947E30020DFCC /* ViewGeometry.swift */; };
		79D8B1552AF95CF70020DFCC /* Journal+Mind.swift in Sources */ = {isa = PBXBuildFile; fileRef = 79D8B1542AF95CF70020DFCC /* Journal+Mind.swift */; };
		79D8B1572AF95D0D0020DFCC /* Journal+DrawingStyle.swift in Sources */ = {isa = PBXBuildFile; fileRef = 79D8B1562AF95D0D0020DFCC /* Journal+DrawingStyle.swift */; };
		79D8B1592AFA148D0020DFCC /* ImageZoomView.swift in Sources */ = {isa = PBXBuildFile; fileRef = 79D8B1582AFA148D0020DFCC /* ImageZoomView.swift */; };
		79D8B15B2AFA14DB0020DFCC /* ImageZoomViewController.swift in Sources */ = {isa = PBXBuildFile; fileRef = 79D8B15A2AFA14DB0020DFCC /* ImageZoomViewController.swift */; };
		79D8B15D2AFA22510020DFCC /* SettingsView.swift in Sources */ = {isa = PBXBuildFile; fileRef = 79D8B15C2AFA22510020DFCC /* SettingsView.swift */; };
		79D8B15F2AFA225A0020DFCC /* SettingsView+Feature.swift in Sources */ = {isa = PBXBuildFile; fileRef = 79D8B15E2AFA225A0020DFCC /* SettingsView+Feature.swift */; };
		79D8B1612AFA2A910020DFCC /* LockSettingView.swift in Sources */ = {isa = PBXBuildFile; fileRef = 79D8B1602AFA2A910020DFCC /* LockSettingView.swift */; };
		79D8B1632AFA2A9F0020DFCC /* LockSettingView+Feature.swift in Sources */ = {isa = PBXBuildFile; fileRef = 79D8B1622AFA2A9F0020DFCC /* LockSettingView+Feature.swift */; };
		79D8B1692AFB4F140020DFCC /* BackupSettingView.swift in Sources */ = {isa = PBXBuildFile; fileRef = 79D8B1682AFB4F140020DFCC /* BackupSettingView.swift */; };
		79D8B16B2AFB4F1E0020DFCC /* BackupSettingView+Feature.swift in Sources */ = {isa = PBXBuildFile; fileRef = 79D8B16A2AFB4F1E0020DFCC /* BackupSettingView+Feature.swift */; };
		79D8B16D2AFB505A0020DFCC /* PolicyView.swift in Sources */ = {isa = PBXBuildFile; fileRef = 79D8B16C2AFB505A0020DFCC /* PolicyView.swift */; };
		79D8B16F2AFB50660020DFCC /* PolicyView+Feature.swift in Sources */ = {isa = PBXBuildFile; fileRef = 79D8B16E2AFB50660020DFCC /* PolicyView+Feature.swift */; };
		79D8B1712AFB52AB0020DFCC /* FeedbackView.swift in Sources */ = {isa = PBXBuildFile; fileRef = 79D8B1702AFB52AB0020DFCC /* FeedbackView.swift */; };
		79D8B1732AFB52FF0020DFCC /* FeedbackView+Feature.swift in Sources */ = {isa = PBXBuildFile; fileRef = 79D8B1722AFB52FF0020DFCC /* FeedbackView+Feature.swift */; };
		79D8B1772AFB57780020DFCC /* WebViewController.swift in Sources */ = {isa = PBXBuildFile; fileRef = 79D8B1762AFB57780020DFCC /* WebViewController.swift */; };
		79D8B1792AFB692E0020DFCC /* WebView.swift in Sources */ = {isa = PBXBuildFile; fileRef = 79D8B1782AFB692E0020DFCC /* WebView.swift */; };
		79E5B2C02ADD1C6800A86770 /* PersistenceController.swift in Sources */ = {isa = PBXBuildFile; fileRef = 79E5B2BF2ADD1C6800A86770 /* PersistenceController.swift */; };
		79E5B2C22ADD23C200A86770 /* CvasTabView.swift in Sources */ = {isa = PBXBuildFile; fileRef = 79E5B2C12ADD23C200A86770 /* CvasTabView.swift */; };
		79E5B2CA2ADD4FE200A86770 /* SearchView.swift in Sources */ = {isa = PBXBuildFile; fileRef = 79E5B2C92ADD4FE200A86770 /* SearchView.swift */; };
		79E5B2D12ADD501200A86770 /* ComposableArchitecture in Frameworks */ = {isa = PBXBuildFile; productRef = 79E5B2D02ADD501200A86770 /* ComposableArchitecture */; };
		79E5B2D42ADD502100A86770 /* Alamofire in Frameworks */ = {isa = PBXBuildFile; productRef = 79E5B2D32ADD502100A86770 /* Alamofire */; };
		9814C31E2AE01F2600FD0E30 /* MainTextView.swift in Sources */ = {isa = PBXBuildFile; fileRef = 9814C31D2AE01F2600FD0E30 /* MainTextView.swift */; };
		9814C3202AE250BE00FD0E30 /* MainTextView+Feature.swift in Sources */ = {isa = PBXBuildFile; fileRef = 9814C31F2AE250BE00FD0E30 /* MainTextView+Feature.swift */; };
		98202FA42AE69FA90089CF79 /* LottieImageGen.json in Resources */ = {isa = PBXBuildFile; fileRef = 98202FA32AE69FA90089CF79 /* LottieImageGen.json */; };
		98202FA72AE6A0360089CF79 /* Lottie in Frameworks */ = {isa = PBXBuildFile; productRef = 98202FA62AE6A0360089CF79 /* Lottie */; };
		98202FAA2AE6A0800089CF79 /* LottieImageGenView.swift in Sources */ = {isa = PBXBuildFile; fileRef = 98202FA92AE6A0800089CF79 /* LottieImageGenView.swift */; };
		98202FAC2AE933D50089CF79 /* KarloApiManager.swift in Sources */ = {isa = PBXBuildFile; fileRef = 98202FAB2AE933D50089CF79 /* KarloApiManager.swift */; };
		9867B62F2AE6524900C7359B /* Pretendard-Regular.ttf in Resources */ = {isa = PBXBuildFile; fileRef = 9867B6262AE6524800C7359B /* Pretendard-Regular.ttf */; };
		9867B6302AE6524900C7359B /* Pretendard-Black.ttf in Resources */ = {isa = PBXBuildFile; fileRef = 9867B6272AE6524800C7359B /* Pretendard-Black.ttf */; };
		9867B6312AE6524900C7359B /* Pretendard-Light.ttf in Resources */ = {isa = PBXBuildFile; fileRef = 9867B6282AE6524900C7359B /* Pretendard-Light.ttf */; };
		9867B6322AE6524900C7359B /* Pretendard-Bold.ttf in Resources */ = {isa = PBXBuildFile; fileRef = 9867B6292AE6524900C7359B /* Pretendard-Bold.ttf */; };
		9867B6332AE6524900C7359B /* Pretendard-SemiBold.ttf in Resources */ = {isa = PBXBuildFile; fileRef = 9867B62A2AE6524900C7359B /* Pretendard-SemiBold.ttf */; };
		9867B6342AE6524900C7359B /* Pretendard-ExtraBold.ttf in Resources */ = {isa = PBXBuildFile; fileRef = 9867B62B2AE6524900C7359B /* Pretendard-ExtraBold.ttf */; };
		9867B6352AE6524900C7359B /* Pretendard-Thin.ttf in Resources */ = {isa = PBXBuildFile; fileRef = 9867B62C2AE6524900C7359B /* Pretendard-Thin.ttf */; };
		9867B6362AE6524900C7359B /* Pretendard-Medium.ttf in Resources */ = {isa = PBXBuildFile; fileRef = 9867B62D2AE6524900C7359B /* Pretendard-Medium.ttf */; };
		9867B6372AE6524900C7359B /* Pretendard-ExtraLight.ttf in Resources */ = {isa = PBXBuildFile; fileRef = 9867B62E2AE6524900C7359B /* Pretendard-ExtraLight.ttf */; };
		9867B63A2AE6533A00C7359B /* Font+Extension.swift in Sources */ = {isa = PBXBuildFile; fileRef = 9867B6392AE6533A00C7359B /* Font+Extension.swift */; };
		98726DC92AE6439200A14860 /* UIColor+Extension.swift in Sources */ = {isa = PBXBuildFile; fileRef = 98726DC82AE6439200A14860 /* UIColor+Extension.swift */; };
		98726DCB2AE643A700A14860 /* Color+Extension.swift in Sources */ = {isa = PBXBuildFile; fileRef = 98726DCA2AE643A700A14860 /* Color+Extension.swift */; };
		98DA96EF2ADD5B6A000DDAFA /* DallEApiManager.swift in Sources */ = {isa = PBXBuildFile; fileRef = 98DA96EE2ADD5B6A000DDAFA /* DallEApiManager.swift */; };
		98DA96F22ADD6889000DDAFA /* DallEApiTestView.swift in Sources */ = {isa = PBXBuildFile; fileRef = 98DA96F12ADD6889000DDAFA /* DallEApiTestView.swift */; };
		98DA96F52ADD8F6F000DDAFA /* (null) in Frameworks */ = {isa = PBXBuildFile; };
		98DA96F72ADE3D2E000DDAFA /* ChatGPTApiManager.swift in Sources */ = {isa = PBXBuildFile; fileRef = 98DA96F62ADE3D2E000DDAFA /* ChatGPTApiManager.swift */; };
		98DA96FA2ADFA585000DDAFA /* WritingView.swift in Sources */ = {isa = PBXBuildFile; fileRef = 98DA96F92ADFA585000DDAFA /* WritingView.swift */; };
		98DA96FC2ADFA594000DDAFA /* WritingView+Feature.swift in Sources */ = {isa = PBXBuildFile; fileRef = 98DA96FB2ADFA594000DDAFA /* WritingView+Feature.swift */; };
		98DA97002ADFA715000DDAFA /* Bundle+Extension.swift in Sources */ = {isa = PBXBuildFile; fileRef = 98DA96FF2ADFA715000DDAFA /* Bundle+Extension.swift */; };
		98F70A7F2AE4E18100FEE4D2 /* DrawingStyleView.swift in Sources */ = {isa = PBXBuildFile; fileRef = 98F70A7E2AE4E18100FEE4D2 /* DrawingStyleView.swift */; };
		98F70A812AE4E1AA00FEE4D2 /* DrawingStyleView+Feature.swift in Sources */ = {isa = PBXBuildFile; fileRef = 98F70A802AE4E1AA00FEE4D2 /* DrawingStyleView+Feature.swift */; };
		98F70A832AE5308200FEE4D2 /* WritingPathState.swift in Sources */ = {isa = PBXBuildFile; fileRef = 98F70A822AE5308200FEE4D2 /* WritingPathState.swift */; };
		98F70A852AE5492E00FEE4D2 /* GeneratedDiaryView.swift in Sources */ = {isa = PBXBuildFile; fileRef = 98F70A842AE5492E00FEE4D2 /* GeneratedDiaryView.swift */; };
		98F70A872AE5493B00FEE4D2 /* GeneratedDiaryView+Feature.swift in Sources */ = {isa = PBXBuildFile; fileRef = 98F70A862AE5493B00FEE4D2 /* GeneratedDiaryView+Feature.swift */; };
		A9D4C73B2AF8CAA30004CF04 /* ImageModifier.swift in Sources */ = {isa = PBXBuildFile; fileRef = A9D4C73A2AF8CAA30004CF04 /* ImageModifier.swift */; };
/* End PBXBuildFile section */

/* Begin PBXFileReference section */
		6637556E2AF7E3A300117085 /* View+Extension.swift */ = {isa = PBXFileReference; lastKnownFileType = sourcecode.swift; path = "View+Extension.swift"; sourceTree = "<group>"; };
		663755702AF7E53100117085 /* UIViewController+Extension.swift */ = {isa = PBXFileReference; lastKnownFileType = sourcecode.swift; path = "UIViewController+Extension.swift"; sourceTree = "<group>"; };
		663755752AF7ECD200117085 /* OhwaAlertImpl.swift */ = {isa = PBXFileReference; lastKnownFileType = sourcecode.swift; path = OhwaAlertImpl.swift; sourceTree = "<group>"; };
		663755782AF7ED3600117085 /* OhwaAlert.swift */ = {isa = PBXFileReference; lastKnownFileType = sourcecode.swift; path = OhwaAlert.swift; sourceTree = "<group>"; };
		6637557A2AF7EF6C00117085 /* OhwaAlertButton.swift */ = {isa = PBXFileReference; lastKnownFileType = sourcecode.swift; path = OhwaAlertButton.swift; sourceTree = "<group>"; };
		6637557C2AF7F0A700117085 /* UIApplication+Extension.swift */ = {isa = PBXFileReference; lastKnownFileType = sourcecode.swift; path = "UIApplication+Extension.swift"; sourceTree = "<group>"; };
		6658376E2AF810EC00A5833E /* GoogleService-Info.plist */ = {isa = PBXFileReference; fileEncoding = 4; lastKnownFileType = text.plist.xml; path = "GoogleService-Info.plist"; sourceTree = "<group>"; };
		6658377B2AF8CB0A00A5833E /* Tracking.swift */ = {isa = PBXFileReference; lastKnownFileType = sourcecode.swift; path = Tracking.swift; sourceTree = "<group>"; };
		791F14672ADD726600F8DDD2 /* RoundedShape.swift */ = {isa = PBXFileReference; lastKnownFileType = sourcecode.swift; path = RoundedShape.swift; sourceTree = "<group>"; };
		791F14692ADD736B00F8DDD2 /* TabBarLabelStyle.swift */ = {isa = PBXFileReference; lastKnownFileType = sourcecode.swift; path = TabBarLabelStyle.swift; sourceTree = "<group>"; };
		791F146D2ADD8CF200F8DDD2 /* SearchView+Feature.swift */ = {isa = PBXFileReference; lastKnownFileType = sourcecode.swift; path = "SearchView+Feature.swift"; sourceTree = "<group>"; };
		791F14732ADD8EA500F8DDD2 /* Feature.swift */ = {isa = PBXFileReference; lastKnownFileType = sourcecode.swift; path = Feature.swift; sourceTree = "<group>"; };
		791F14782AE0D8A400F8DDD2 /* JournalView.swift */ = {isa = PBXFileReference; lastKnownFileType = sourcecode.swift; path = JournalView.swift; sourceTree = "<group>"; };
		791F147A2AE0D8AF00F8DDD2 /* JournalView+Feature.swift */ = {isa = PBXFileReference; lastKnownFileType = sourcecode.swift; path = "JournalView+Feature.swift"; sourceTree = "<group>"; };
		791F147C2AE0DD9000F8DDD2 /* UINavigationController+Extension.swift */ = {isa = PBXFileReference; lastKnownFileType = sourcecode.swift; path = "UINavigationController+Extension.swift"; sourceTree = "<group>"; };
		792751112AF21AA30023123C /* MainView.swift */ = {isa = PBXFileReference; lastKnownFileType = sourcecode.swift; path = MainView.swift; sourceTree = "<group>"; };
		792751132AF21AAB0023123C /* MainView+Feature.swift */ = {isa = PBXFileReference; lastKnownFileType = sourcecode.swift; path = "MainView+Feature.swift"; sourceTree = "<group>"; };
		7927511B2AF232FD0023123C /* OldSettingsView.swift */ = {isa = PBXFileReference; lastKnownFileType = sourcecode.swift; path = OldSettingsView.swift; sourceTree = "<group>"; };
		7927511D2AF233060023123C /* OldSettingsView+Feature.swift */ = {isa = PBXFileReference; lastKnownFileType = sourcecode.swift; path = "OldSettingsView+Feature.swift"; sourceTree = "<group>"; };
		7927511F2AF2392C0023123C /* UserDefaultsKey.swift */ = {isa = PBXFileReference; lastKnownFileType = sourcecode.swift; path = UserDefaultsKey.swift; sourceTree = "<group>"; };
		792751262AF23F9E0023123C /* SwiftKeychainWrapper+Extension.swift */ = {isa = PBXFileReference; lastKnownFileType = sourcecode.swift; path = "SwiftKeychainWrapper+Extension.swift"; sourceTree = "<group>"; };
		7927512A2AF359590023123C /* HapticManager.swift */ = {isa = PBXFileReference; lastKnownFileType = sourcecode.swift; path = HapticManager.swift; sourceTree = "<group>"; };
		7927512C2AF364DC0023123C /* ImageDetailView.swift */ = {isa = PBXFileReference; lastKnownFileType = sourcecode.swift; path = ImageDetailView.swift; sourceTree = "<group>"; };
		79407D4F2AD7E68D006C7571 /* FallWin.app */ = {isa = PBXFileReference; explicitFileType = wrapper.application; includeInIndex = 0; path = FallWin.app; sourceTree = BUILT_PRODUCTS_DIR; };
		79407D522AD7E68D006C7571 /* FallWinApp.swift */ = {isa = PBXFileReference; lastKnownFileType = sourcecode.swift; path = FallWinApp.swift; sourceTree = "<group>"; };
		79407D542AD7E68D006C7571 /* ContentView.swift */ = {isa = PBXFileReference; lastKnownFileType = sourcecode.swift; path = ContentView.swift; sourceTree = "<group>"; };
		79407D562AD7E68E006C7571 /* Assets.xcassets */ = {isa = PBXFileReference; lastKnownFileType = folder.assetcatalog; path = Assets.xcassets; sourceTree = "<group>"; };
		79407D592AD7E68E006C7571 /* Preview Assets.xcassets */ = {isa = PBXFileReference; lastKnownFileType = folder.assetcatalog; path = "Preview Assets.xcassets"; sourceTree = "<group>"; };
		79407D632AD7EC80006C7571 /* Date+Exntesion.swift */ = {isa = PBXFileReference; lastKnownFileType = sourcecode.swift; path = "Date+Exntesion.swift"; sourceTree = "<group>"; };
		79407D652AD7EC9E006C7571 /* String+Extension.swift */ = {isa = PBXFileReference; lastKnownFileType = sourcecode.swift; path = "String+Extension.swift"; sourceTree = "<group>"; };
		79407D672AD7ED11006C7571 /* Colors.swift */ = {isa = PBXFileReference; lastKnownFileType = sourcecode.swift; path = Colors.swift; sourceTree = "<group>"; };
		794216B72AE22C6A00F24CFD /* CollapsingScrollView.swift */ = {isa = PBXFileReference; lastKnownFileType = sourcecode.swift; path = CollapsingScrollView.swift; sourceTree = "<group>"; };
		7951CE542AF4AF98006A3AA7 /* PasscodeView.swift */ = {isa = PBXFileReference; lastKnownFileType = sourcecode.swift; path = PasscodeView.swift; sourceTree = "<group>"; };
		79ADA5FD2AE55280007A56EC /* Secret.plist */ = {isa = PBXFileReference; fileEncoding = 4; lastKnownFileType = text.plist.xml; path = Secret.plist; sourceTree = "<group>"; };
		79AF69392ADAD6CA0064E410 /* Carousel.swift */ = {isa = PBXFileReference; lastKnownFileType = sourcecode.swift; path = Carousel.swift; sourceTree = "<group>"; };
		79AF693C2ADCC07E0064E410 /* Journal.xcdatamodel */ = {isa = PBXFileReference; lastKnownFileType = wrapper.xcdatamodel; path = Journal.xcdatamodel; sourceTree = "<group>"; };
		79AF693E2ADCC1320064E410 /* Journal+CoreDataClass.swift */ = {isa = PBXFileReference; lastKnownFileType = sourcecode.swift; path = "Journal+CoreDataClass.swift"; sourceTree = "<group>"; };
		79AF693F2ADCC1320064E410 /* Journal+CoreDataProperties.swift */ = {isa = PBXFileReference; lastKnownFileType = sourcecode.swift; path = "Journal+CoreDataProperties.swift"; sourceTree = "<group>"; };
		79AF69442ADCC2820064E410 /* DataManager.swift */ = {isa = PBXFileReference; lastKnownFileType = sourcecode.swift; path = DataManager.swift; sourceTree = "<group>"; };
		79D8B1482AF8C1D20020DFCC /* UhBee Se_hyun.ttf */ = {isa = PBXFileReference; lastKnownFileType = file; path = "UhBee Se_hyun.ttf"; sourceTree = "<group>"; };
		79D8B1492AF8C1D20020DFCC /* SejongGeulggot.ttf */ = {isa = PBXFileReference; lastKnownFileType = file; path = SejongGeulggot.ttf; sourceTree = "<group>"; };
		79D8B14A2AF8C1D20020DFCC /* UhBee Se_hyun Bold.ttf */ = {isa = PBXFileReference; lastKnownFileType = file; path = "UhBee Se_hyun Bold.ttf"; sourceTree = "<group>"; };
		79D8B1502AF946CE0020DFCC /* LineNoteView.swift */ = {isa = PBXFileReference; lastKnownFileType = sourcecode.swift; path = LineNoteView.swift; sourceTree = "<group>"; };
		79D8B1522AF947E30020DFCC /* ViewGeometry.swift */ = {isa = PBXFileReference; lastKnownFileType = sourcecode.swift; path = ViewGeometry.swift; sourceTree = "<group>"; };
		79D8B1542AF95CF70020DFCC /* Journal+Mind.swift */ = {isa = PBXFileReference; lastKnownFileType = sourcecode.swift; path = "Journal+Mind.swift"; sourceTree = "<group>"; };
		79D8B1562AF95D0D0020DFCC /* Journal+DrawingStyle.swift */ = {isa = PBXFileReference; lastKnownFileType = sourcecode.swift; path = "Journal+DrawingStyle.swift"; sourceTree = "<group>"; };
		79D8B1582AFA148D0020DFCC /* ImageZoomView.swift */ = {isa = PBXFileReference; lastKnownFileType = sourcecode.swift; path = ImageZoomView.swift; sourceTree = "<group>"; };
		79D8B15A2AFA14DB0020DFCC /* ImageZoomViewController.swift */ = {isa = PBXFileReference; lastKnownFileType = sourcecode.swift; path = ImageZoomViewController.swift; sourceTree = "<group>"; };
		79D8B15C2AFA22510020DFCC /* SettingsView.swift */ = {isa = PBXFileReference; lastKnownFileType = sourcecode.swift; path = SettingsView.swift; sourceTree = "<group>"; };
		79D8B15E2AFA225A0020DFCC /* SettingsView+Feature.swift */ = {isa = PBXFileReference; lastKnownFileType = sourcecode.swift; path = "SettingsView+Feature.swift"; sourceTree = "<group>"; };
		79D8B1602AFA2A910020DFCC /* LockSettingView.swift */ = {isa = PBXFileReference; lastKnownFileType = sourcecode.swift; path = LockSettingView.swift; sourceTree = "<group>"; };
		79D8B1622AFA2A9F0020DFCC /* LockSettingView+Feature.swift */ = {isa = PBXFileReference; lastKnownFileType = sourcecode.swift; path = "LockSettingView+Feature.swift"; sourceTree = "<group>"; };
		79D8B1682AFB4F140020DFCC /* BackupSettingView.swift */ = {isa = PBXFileReference; lastKnownFileType = sourcecode.swift; path = BackupSettingView.swift; sourceTree = "<group>"; };
		79D8B16A2AFB4F1E0020DFCC /* BackupSettingView+Feature.swift */ = {isa = PBXFileReference; lastKnownFileType = sourcecode.swift; path = "BackupSettingView+Feature.swift"; sourceTree = "<group>"; };
		79D8B16C2AFB505A0020DFCC /* PolicyView.swift */ = {isa = PBXFileReference; lastKnownFileType = sourcecode.swift; path = PolicyView.swift; sourceTree = "<group>"; };
		79D8B16E2AFB50660020DFCC /* PolicyView+Feature.swift */ = {isa = PBXFileReference; lastKnownFileType = sourcecode.swift; path = "PolicyView+Feature.swift"; sourceTree = "<group>"; };
		79D8B1702AFB52AB0020DFCC /* FeedbackView.swift */ = {isa = PBXFileReference; lastKnownFileType = sourcecode.swift; path = FeedbackView.swift; sourceTree = "<group>"; };
		79D8B1722AFB52FF0020DFCC /* FeedbackView+Feature.swift */ = {isa = PBXFileReference; lastKnownFileType = sourcecode.swift; path = "FeedbackView+Feature.swift"; sourceTree = "<group>"; };
		79D8B1762AFB57780020DFCC /* WebViewController.swift */ = {isa = PBXFileReference; lastKnownFileType = sourcecode.swift; path = WebViewController.swift; sourceTree = "<group>"; };
		79D8B1782AFB692E0020DFCC /* WebView.swift */ = {isa = PBXFileReference; lastKnownFileType = sourcecode.swift; path = WebView.swift; sourceTree = "<group>"; };
		79E5B2BF2ADD1C6800A86770 /* PersistenceController.swift */ = {isa = PBXFileReference; lastKnownFileType = sourcecode.swift; path = PersistenceController.swift; sourceTree = "<group>"; };
		79E5B2C12ADD23C200A86770 /* CvasTabView.swift */ = {isa = PBXFileReference; lastKnownFileType = sourcecode.swift; path = CvasTabView.swift; sourceTree = "<group>"; };
		79E5B2C92ADD4FE200A86770 /* SearchView.swift */ = {isa = PBXFileReference; lastKnownFileType = sourcecode.swift; path = SearchView.swift; sourceTree = "<group>"; };
		9814C31D2AE01F2600FD0E30 /* MainTextView.swift */ = {isa = PBXFileReference; lastKnownFileType = sourcecode.swift; path = MainTextView.swift; sourceTree = "<group>"; };
		9814C31F2AE250BE00FD0E30 /* MainTextView+Feature.swift */ = {isa = PBXFileReference; lastKnownFileType = sourcecode.swift; path = "MainTextView+Feature.swift"; sourceTree = "<group>"; };
		98202FA32AE69FA90089CF79 /* LottieImageGen.json */ = {isa = PBXFileReference; fileEncoding = 4; lastKnownFileType = text.json; path = LottieImageGen.json; sourceTree = "<group>"; };
		98202FA92AE6A0800089CF79 /* LottieImageGenView.swift */ = {isa = PBXFileReference; lastKnownFileType = sourcecode.swift; path = LottieImageGenView.swift; sourceTree = "<group>"; };
		98202FAB2AE933D50089CF79 /* KarloApiManager.swift */ = {isa = PBXFileReference; lastKnownFileType = sourcecode.swift; path = KarloApiManager.swift; sourceTree = "<group>"; };
		9867B6262AE6524800C7359B /* Pretendard-Regular.ttf */ = {isa = PBXFileReference; lastKnownFileType = file; path = "Pretendard-Regular.ttf"; sourceTree = "<group>"; };
		9867B6272AE6524800C7359B /* Pretendard-Black.ttf */ = {isa = PBXFileReference; lastKnownFileType = file; path = "Pretendard-Black.ttf"; sourceTree = "<group>"; };
		9867B6282AE6524900C7359B /* Pretendard-Light.ttf */ = {isa = PBXFileReference; lastKnownFileType = file; path = "Pretendard-Light.ttf"; sourceTree = "<group>"; };
		9867B6292AE6524900C7359B /* Pretendard-Bold.ttf */ = {isa = PBXFileReference; lastKnownFileType = file; path = "Pretendard-Bold.ttf"; sourceTree = "<group>"; };
		9867B62A2AE6524900C7359B /* Pretendard-SemiBold.ttf */ = {isa = PBXFileReference; lastKnownFileType = file; path = "Pretendard-SemiBold.ttf"; sourceTree = "<group>"; };
		9867B62B2AE6524900C7359B /* Pretendard-ExtraBold.ttf */ = {isa = PBXFileReference; lastKnownFileType = file; path = "Pretendard-ExtraBold.ttf"; sourceTree = "<group>"; };
		9867B62C2AE6524900C7359B /* Pretendard-Thin.ttf */ = {isa = PBXFileReference; lastKnownFileType = file; path = "Pretendard-Thin.ttf"; sourceTree = "<group>"; };
		9867B62D2AE6524900C7359B /* Pretendard-Medium.ttf */ = {isa = PBXFileReference; lastKnownFileType = file; path = "Pretendard-Medium.ttf"; sourceTree = "<group>"; };
		9867B62E2AE6524900C7359B /* Pretendard-ExtraLight.ttf */ = {isa = PBXFileReference; lastKnownFileType = file; path = "Pretendard-ExtraLight.ttf"; sourceTree = "<group>"; };
		9867B6382AE652A400C7359B /* Info.plist */ = {isa = PBXFileReference; lastKnownFileType = text.plist; path = Info.plist; sourceTree = "<group>"; };
		9867B6392AE6533A00C7359B /* Font+Extension.swift */ = {isa = PBXFileReference; lastKnownFileType = sourcecode.swift; path = "Font+Extension.swift"; sourceTree = "<group>"; };
		98726DC82AE6439200A14860 /* UIColor+Extension.swift */ = {isa = PBXFileReference; lastKnownFileType = sourcecode.swift; path = "UIColor+Extension.swift"; sourceTree = "<group>"; };
		98726DCA2AE643A700A14860 /* Color+Extension.swift */ = {isa = PBXFileReference; lastKnownFileType = sourcecode.swift; path = "Color+Extension.swift"; sourceTree = "<group>"; };
		98DA96EE2ADD5B6A000DDAFA /* DallEApiManager.swift */ = {isa = PBXFileReference; lastKnownFileType = sourcecode.swift; path = DallEApiManager.swift; sourceTree = "<group>"; };
		98DA96F12ADD6889000DDAFA /* DallEApiTestView.swift */ = {isa = PBXFileReference; lastKnownFileType = sourcecode.swift; path = DallEApiTestView.swift; sourceTree = "<group>"; };
		98DA96F62ADE3D2E000DDAFA /* ChatGPTApiManager.swift */ = {isa = PBXFileReference; lastKnownFileType = sourcecode.swift; path = ChatGPTApiManager.swift; sourceTree = "<group>"; };
		98DA96F92ADFA585000DDAFA /* WritingView.swift */ = {isa = PBXFileReference; lastKnownFileType = sourcecode.swift; path = WritingView.swift; sourceTree = "<group>"; };
		98DA96FB2ADFA594000DDAFA /* WritingView+Feature.swift */ = {isa = PBXFileReference; lastKnownFileType = sourcecode.swift; path = "WritingView+Feature.swift"; sourceTree = "<group>"; };
		98DA96FF2ADFA715000DDAFA /* Bundle+Extension.swift */ = {isa = PBXFileReference; lastKnownFileType = sourcecode.swift; path = "Bundle+Extension.swift"; sourceTree = "<group>"; };
		98F70A7E2AE4E18100FEE4D2 /* DrawingStyleView.swift */ = {isa = PBXFileReference; lastKnownFileType = sourcecode.swift; path = DrawingStyleView.swift; sourceTree = "<group>"; };
		98F70A802AE4E1AA00FEE4D2 /* DrawingStyleView+Feature.swift */ = {isa = PBXFileReference; lastKnownFileType = sourcecode.swift; path = "DrawingStyleView+Feature.swift"; sourceTree = "<group>"; };
		98F70A822AE5308200FEE4D2 /* WritingPathState.swift */ = {isa = PBXFileReference; lastKnownFileType = sourcecode.swift; path = WritingPathState.swift; sourceTree = "<group>"; };
		98F70A842AE5492E00FEE4D2 /* GeneratedDiaryView.swift */ = {isa = PBXFileReference; lastKnownFileType = sourcecode.swift; path = GeneratedDiaryView.swift; sourceTree = "<group>"; };
		98F70A862AE5493B00FEE4D2 /* GeneratedDiaryView+Feature.swift */ = {isa = PBXFileReference; lastKnownFileType = sourcecode.swift; path = "GeneratedDiaryView+Feature.swift"; sourceTree = "<group>"; };
		A9D4C73A2AF8CAA30004CF04 /* ImageModifier.swift */ = {isa = PBXFileReference; lastKnownFileType = sourcecode.swift; path = ImageModifier.swift; sourceTree = "<group>"; };
/* End PBXFileReference section */

/* Begin PBXFrameworksBuildPhase section */
		79407D4C2AD7E68D006C7571 /* Frameworks */ = {
			isa = PBXFrameworksBuildPhase;
			buildActionMask = 2147483647;
			files = (
				98DA96F52ADD8F6F000DDAFA /* (null) in Frameworks */,
				79E5B2D12ADD501200A86770 /* ComposableArchitecture in Frameworks */,
				665837652AF80B7600A5833E /* FirebaseAnalytics in Frameworks */,
				665837672AF80B7600A5833E /* FirebaseAnalyticsOnDeviceConversion in Frameworks */,
				665837692AF80B7600A5833E /* FirebaseAnalyticsSwift in Frameworks */,
				792751252AF23DC10023123C /* SwiftKeychainWrapper in Frameworks */,
				665837712AF8110600A5833E /* FirebaseAnalytics in Frameworks */,
				665837732AF8110600A5833E /* FirebaseAnalyticsOnDeviceConversion in Frameworks */,
				79E5B2D42ADD502100A86770 /* Alamofire in Frameworks */,
				665837752AF8110600A5833E /* FirebaseAnalyticsSwift in Frameworks */,
				6658376B2AF80B7600A5833E /* FirebaseAnalyticsWithoutAdIdSupport in Frameworks */,
				665837772AF8110600A5833E /* FirebaseAnalyticsWithoutAdIdSupport in Frameworks */,
				6658376D2AF80B7600A5833E /* FirebaseAppCheck in Frameworks */,
				665837792AF8110600A5833E /* FirebaseAppCheck in Frameworks */,
				98202FA72AE6A0360089CF79 /* Lottie in Frameworks */,
			);
			runOnlyForDeploymentPostprocessing = 0;
		};
/* End PBXFrameworksBuildPhase section */

/* Begin PBXGroup section */
		663755722AF7EBD100117085 /* Alert */ = {
			isa = PBXGroup;
			children = (
				663755752AF7ECD200117085 /* OhwaAlertImpl.swift */,
				6637557A2AF7EF6C00117085 /* OhwaAlertButton.swift */,
			);
			path = Alert;
			sourceTree = "<group>";
		};
		663755772AF7ED1C00117085 /* Protocol */ = {
			isa = PBXGroup;
			children = (
				663755782AF7ED3600117085 /* OhwaAlert.swift */,
			);
			path = Protocol;
			sourceTree = "<group>";
		};
		6658377A2AF8CAC600A5833E /* Tracking */ = {
			isa = PBXGroup;
			children = (
				6658377B2AF8CB0A00A5833E /* Tracking.swift */,
			);
			path = Tracking;
			sourceTree = "<group>";
		};
		791F14772AE0D88F00F8DDD2 /* Journal */ = {
			isa = PBXGroup;
			children = (
				791F14782AE0D8A400F8DDD2 /* JournalView.swift */,
				791F147A2AE0D8AF00F8DDD2 /* JournalView+Feature.swift */,
				7927512C2AF364DC0023123C /* ImageDetailView.swift */,
				A9D4C73A2AF8CAA30004CF04 /* ImageModifier.swift */,
				79D8B1582AFA148D0020DFCC /* ImageZoomView.swift */,
				79D8B15A2AFA14DB0020DFCC /* ImageZoomViewController.swift */,
			);
			path = Journal;
			sourceTree = "<group>";
		};
		792751102AF21A900023123C /* Main */ = {
			isa = PBXGroup;
			children = (
				792751112AF21AA30023123C /* MainView.swift */,
				792751132AF21AAB0023123C /* MainView+Feature.swift */,
			);
			path = Main;
			sourceTree = "<group>";
		};
		792751152AF221140023123C /* Passcode */ = {
			isa = PBXGroup;
			children = (
				7951CE542AF4AF98006A3AA7 /* PasscodeView.swift */,
			);
			path = Passcode;
			sourceTree = "<group>";
		};
		7927511A2AF232F00023123C /* Settings */ = {
			isa = PBXGroup;
			children = (
				7927511B2AF232FD0023123C /* OldSettingsView.swift */,
				7927511D2AF233060023123C /* OldSettingsView+Feature.swift */,
				79D8B15C2AFA22510020DFCC /* SettingsView.swift */,
				79D8B15E2AFA225A0020DFCC /* SettingsView+Feature.swift */,
				79D8B1602AFA2A910020DFCC /* LockSettingView.swift */,
				79D8B1622AFA2A9F0020DFCC /* LockSettingView+Feature.swift */,
				79D8B1682AFB4F140020DFCC /* BackupSettingView.swift */,
				79D8B16A2AFB4F1E0020DFCC /* BackupSettingView+Feature.swift */,
				79D8B16C2AFB505A0020DFCC /* PolicyView.swift */,
				79D8B16E2AFB50660020DFCC /* PolicyView+Feature.swift */,
				79D8B1702AFB52AB0020DFCC /* FeedbackView.swift */,
				79D8B1722AFB52FF0020DFCC /* FeedbackView+Feature.swift */,
			);
			path = Settings;
			sourceTree = "<group>";
		};
		79407D462AD7E68D006C7571 = {
			isa = PBXGroup;
			children = (
				79407D512AD7E68D006C7571 /* FallWin */,
				79407D502AD7E68D006C7571 /* Products */,
			);
			sourceTree = "<group>";
		};
		79407D502AD7E68D006C7571 /* Products */ = {
			isa = PBXGroup;
			children = (
				79407D4F2AD7E68D006C7571 /* FallWin.app */,
			);
			name = Products;
			sourceTree = "<group>";
		};
		79407D512AD7E68D006C7571 /* FallWin */ = {
			isa = PBXGroup;
			children = (
				6658376E2AF810EC00A5833E /* GoogleService-Info.plist */,
				9867B6382AE652A400C7359B /* Info.plist */,
				79407D522AD7E68D006C7571 /* FallWinApp.swift */,
				79407D562AD7E68E006C7571 /* Assets.xcassets */,
				79AF693B2ADCC07E0064E410 /* Journal.xcdatamodeld */,
				79ADA5FD2AE55280007A56EC /* Secret.plist */,
				79407D582AD7E68E006C7571 /* Preview Content */,
				9867B6252AE6521800C7359B /* Resource */,
				79AF69432ADCC2390064E410 /* Util */,
				79AF69422ADCC1360064E410 /* Data */,
				663755772AF7ED1C00117085 /* Protocol */,
				79407D602AD7EC43006C7571 /* Extension */,
				79407D612AD7EC50006C7571 /* Component */,
				79407D622AD7EC58006C7571 /* View */,
			);
			path = FallWin;
			sourceTree = "<group>";
		};
		79407D582AD7E68E006C7571 /* Preview Content */ = {
			isa = PBXGroup;
			children = (
				79407D592AD7E68E006C7571 /* Preview Assets.xcassets */,
			);
			path = "Preview Content";
			sourceTree = "<group>";
		};
		79407D602AD7EC43006C7571 /* Extension */ = {
			isa = PBXGroup;
			children = (
				79407D632AD7EC80006C7571 /* Date+Exntesion.swift */,
				79407D652AD7EC9E006C7571 /* String+Extension.swift */,
				98DA96FF2ADFA715000DDAFA /* Bundle+Extension.swift */,
				791F147C2AE0DD9000F8DDD2 /* UINavigationController+Extension.swift */,
				98726DC82AE6439200A14860 /* UIColor+Extension.swift */,
				98726DCA2AE643A700A14860 /* Color+Extension.swift */,
				9867B6392AE6533A00C7359B /* Font+Extension.swift */,
				792751262AF23F9E0023123C /* SwiftKeychainWrapper+Extension.swift */,
				6637556E2AF7E3A300117085 /* View+Extension.swift */,
				663755702AF7E53100117085 /* UIViewController+Extension.swift */,
				6637557C2AF7F0A700117085 /* UIApplication+Extension.swift */,
			);
			path = Extension;
			sourceTree = "<group>";
		};
		79407D612AD7EC50006C7571 /* Component */ = {
			isa = PBXGroup;
			children = (
				663755722AF7EBD100117085 /* Alert */,
				79407D672AD7ED11006C7571 /* Colors.swift */,
				79AF69392ADAD6CA0064E410 /* Carousel.swift */,
				79E5B2C12ADD23C200A86770 /* CvasTabView.swift */,
				791F14672ADD726600F8DDD2 /* RoundedShape.swift */,
				794216B72AE22C6A00F24CFD /* CollapsingScrollView.swift */,
				98F70A822AE5308200FEE4D2 /* WritingPathState.swift */,
				791F14692ADD736B00F8DDD2 /* TabBarLabelStyle.swift */,
				7927511F2AF2392C0023123C /* UserDefaultsKey.swift */,
				7927512A2AF359590023123C /* HapticManager.swift */,
				79D8B1502AF946CE0020DFCC /* LineNoteView.swift */,
				79D8B1522AF947E30020DFCC /* ViewGeometry.swift */,
				79D8B1762AFB57780020DFCC /* WebViewController.swift */,
				79D8B1782AFB692E0020DFCC /* WebView.swift */,
			);
			path = Component;
			sourceTree = "<group>";
		};
		79407D622AD7EC58006C7571 /* View */ = {
			isa = PBXGroup;
			children = (
				79407D542AD7E68D006C7571 /* ContentView.swift */,
				791F14732ADD8EA500F8DDD2 /* Feature.swift */,
				792751152AF221140023123C /* Passcode */,
				98DA96F82ADFA577000DDAFA /* Writing */,
				792751102AF21A900023123C /* Main */,
				79E5B2C42ADD4FAC00A86770 /* Search */,
				98DA96F02ADD6878000DDAFA /* Test */,
				791F14772AE0D88F00F8DDD2 /* Journal */,
				98202FA82AE6A04A0089CF79 /* Lottie */,
				7927511A2AF232F00023123C /* Settings */,
			);
			path = View;
			sourceTree = "<group>";
		};
		79AF69422ADCC1360064E410 /* Data */ = {
			isa = PBXGroup;
			children = (
				79E5B2BF2ADD1C6800A86770 /* PersistenceController.swift */,
				79AF693E2ADCC1320064E410 /* Journal+CoreDataClass.swift */,
				79AF693F2ADCC1320064E410 /* Journal+CoreDataProperties.swift */,
				79D8B1542AF95CF70020DFCC /* Journal+Mind.swift */,
				79D8B1562AF95D0D0020DFCC /* Journal+DrawingStyle.swift */,
			);
			path = Data;
			sourceTree = "<group>";
		};
		79AF69432ADCC2390064E410 /* Util */ = {
			isa = PBXGroup;
			children = (
				79AF69442ADCC2820064E410 /* DataManager.swift */,
				98DA96EE2ADD5B6A000DDAFA /* DallEApiManager.swift */,
				98DA96F62ADE3D2E000DDAFA /* ChatGPTApiManager.swift */,
				98202FAB2AE933D50089CF79 /* KarloApiManager.swift */,
			);
			path = Util;
			sourceTree = "<group>";
		};
		79E5B2C42ADD4FAC00A86770 /* Search */ = {
			isa = PBXGroup;
			children = (
				79E5B2C92ADD4FE200A86770 /* SearchView.swift */,
				791F146D2ADD8CF200F8DDD2 /* SearchView+Feature.swift */,
			);
			path = Search;
			sourceTree = "<group>";
		};
		98202FA02AE69F790089CF79 /* Font */ = {
			isa = PBXGroup;
			children = (
				79D8B1492AF8C1D20020DFCC /* SejongGeulggot.ttf */,
				79D8B14A2AF8C1D20020DFCC /* UhBee Se_hyun Bold.ttf */,
				79D8B1482AF8C1D20020DFCC /* UhBee Se_hyun.ttf */,
				9867B6272AE6524800C7359B /* Pretendard-Black.ttf */,
				9867B6292AE6524900C7359B /* Pretendard-Bold.ttf */,
				9867B62B2AE6524900C7359B /* Pretendard-ExtraBold.ttf */,
				9867B62E2AE6524900C7359B /* Pretendard-ExtraLight.ttf */,
				9867B6282AE6524900C7359B /* Pretendard-Light.ttf */,
				9867B62D2AE6524900C7359B /* Pretendard-Medium.ttf */,
				9867B6262AE6524800C7359B /* Pretendard-Regular.ttf */,
				9867B62A2AE6524900C7359B /* Pretendard-SemiBold.ttf */,
				9867B62C2AE6524900C7359B /* Pretendard-Thin.ttf */,
			);
			path = Font;
			sourceTree = "<group>";
		};
		98202FA22AE69F8A0089CF79 /* Lottie */ = {
			isa = PBXGroup;
			children = (
				98202FA32AE69FA90089CF79 /* LottieImageGen.json */,
			);
			path = Lottie;
			sourceTree = "<group>";
		};
		98202FA82AE6A04A0089CF79 /* Lottie */ = {
			isa = PBXGroup;
			children = (
				98202FA92AE6A0800089CF79 /* LottieImageGenView.swift */,
			);
			path = Lottie;
			sourceTree = "<group>";
		};
		9867B6252AE6521800C7359B /* Resource */ = {
			isa = PBXGroup;
			children = (
				6658377A2AF8CAC600A5833E /* Tracking */,
				98202FA22AE69F8A0089CF79 /* Lottie */,
				98202FA02AE69F790089CF79 /* Font */,
			);
			path = Resource;
			sourceTree = "<group>";
		};
		98DA96F02ADD6878000DDAFA /* Test */ = {
			isa = PBXGroup;
			children = (
				98DA96F12ADD6889000DDAFA /* DallEApiTestView.swift */,
			);
			path = Test;
			sourceTree = "<group>";
		};
		98DA96F82ADFA577000DDAFA /* Writing */ = {
			isa = PBXGroup;
			children = (
				98DA96F92ADFA585000DDAFA /* WritingView.swift */,
				98DA96FB2ADFA594000DDAFA /* WritingView+Feature.swift */,
				9814C31D2AE01F2600FD0E30 /* MainTextView.swift */,
				9814C31F2AE250BE00FD0E30 /* MainTextView+Feature.swift */,
				98F70A7E2AE4E18100FEE4D2 /* DrawingStyleView.swift */,
				98F70A802AE4E1AA00FEE4D2 /* DrawingStyleView+Feature.swift */,
				98F70A842AE5492E00FEE4D2 /* GeneratedDiaryView.swift */,
				98F70A862AE5493B00FEE4D2 /* GeneratedDiaryView+Feature.swift */,
			);
			path = Writing;
			sourceTree = "<group>";
		};
/* End PBXGroup section */

/* Begin PBXNativeTarget section */
		79407D4E2AD7E68D006C7571 /* FallWin */ = {
			isa = PBXNativeTarget;
			buildConfigurationList = 79407D5D2AD7E68E006C7571 /* Build configuration list for PBXNativeTarget "FallWin" */;
			buildPhases = (
				79407D4B2AD7E68D006C7571 /* Sources */,
				79407D4C2AD7E68D006C7571 /* Frameworks */,
				79407D4D2AD7E68D006C7571 /* Resources */,
			);
			buildRules = (
			);
			dependencies = (
			);
			name = FallWin;
			packageProductDependencies = (
				79E5B2D02ADD501200A86770 /* ComposableArchitecture */,
				79E5B2D32ADD502100A86770 /* Alamofire */,
				98202FA62AE6A0360089CF79 /* Lottie */,
				792751242AF23DC10023123C /* SwiftKeychainWrapper */,
				665837642AF80B7600A5833E /* FirebaseAnalytics */,
				665837662AF80B7600A5833E /* FirebaseAnalyticsOnDeviceConversion */,
				665837682AF80B7600A5833E /* FirebaseAnalyticsSwift */,
				6658376A2AF80B7600A5833E /* FirebaseAnalyticsWithoutAdIdSupport */,
				6658376C2AF80B7600A5833E /* FirebaseAppCheck */,
				665837702AF8110600A5833E /* FirebaseAnalytics */,
				665837722AF8110600A5833E /* FirebaseAnalyticsOnDeviceConversion */,
				665837742AF8110600A5833E /* FirebaseAnalyticsSwift */,
				665837762AF8110600A5833E /* FirebaseAnalyticsWithoutAdIdSupport */,
				665837782AF8110600A5833E /* FirebaseAppCheck */,
			);
			productName = FallWin;
			productReference = 79407D4F2AD7E68D006C7571 /* FallWin.app */;
			productType = "com.apple.product-type.application";
		};
/* End PBXNativeTarget section */

/* Begin PBXProject section */
		79407D472AD7E68D006C7571 /* Project object */ = {
			isa = PBXProject;
			attributes = {
				BuildIndependentTargetsInParallel = 1;
				LastSwiftUpdateCheck = 1500;
				LastUpgradeCheck = 1500;
				TargetAttributes = {
					79407D4E2AD7E68D006C7571 = {
						CreatedOnToolsVersion = 15.0;
					};
				};
			};
			buildConfigurationList = 79407D4A2AD7E68D006C7571 /* Build configuration list for PBXProject "FallWin" */;
			compatibilityVersion = "Xcode 14.0";
			developmentRegion = en;
			hasScannedForEncodings = 0;
			knownRegions = (
				en,
				Base,
			);
			mainGroup = 79407D462AD7E68D006C7571;
			packageReferences = (
				79E5B2CF2ADD501200A86770 /* XCRemoteSwiftPackageReference "swift-composable-architecture" */,
				79E5B2D22ADD502100A86770 /* XCRemoteSwiftPackageReference "Alamofire" */,
				98202FA52AE6A0360089CF79 /* XCRemoteSwiftPackageReference "lottie-ios" */,
				792751232AF23DC10023123C /* XCRemoteSwiftPackageReference "SwiftKeychainWrapper" */,
				665837632AF80B7600A5833E /* XCRemoteSwiftPackageReference "firebase-ios-sdk" */,
			);
			productRefGroup = 79407D502AD7E68D006C7571 /* Products */;
			projectDirPath = "";
			projectRoot = "";
			targets = (
				79407D4E2AD7E68D006C7571 /* FallWin */,
			);
		};
/* End PBXProject section */

/* Begin PBXResourcesBuildPhase section */
		79407D4D2AD7E68D006C7571 /* Resources */ = {
			isa = PBXResourcesBuildPhase;
			buildActionMask = 2147483647;
			files = (
				9867B6342AE6524900C7359B /* Pretendard-ExtraBold.ttf in Resources */,
				79D8B14C2AF8C1D30020DFCC /* SejongGeulggot.ttf in Resources */,
				9867B6332AE6524900C7359B /* Pretendard-SemiBold.ttf in Resources */,
				9867B6312AE6524900C7359B /* Pretendard-Light.ttf in Resources */,
				79D8B14B2AF8C1D30020DFCC /* UhBee Se_hyun.ttf in Resources */,
				9867B6372AE6524900C7359B /* Pretendard-ExtraLight.ttf in Resources */,
				79ADA5FE2AE55280007A56EC /* Secret.plist in Resources */,
				79D8B14D2AF8C1D30020DFCC /* UhBee Se_hyun Bold.ttf in Resources */,
				79407D5A2AD7E68E006C7571 /* Preview Assets.xcassets in Resources */,
				9867B62F2AE6524900C7359B /* Pretendard-Regular.ttf in Resources */,
				9867B6352AE6524900C7359B /* Pretendard-Thin.ttf in Resources */,
				79407D572AD7E68E006C7571 /* Assets.xcassets in Resources */,
				9867B6362AE6524900C7359B /* Pretendard-Medium.ttf in Resources */,
				98202FA42AE69FA90089CF79 /* LottieImageGen.json in Resources */,
				9867B6302AE6524900C7359B /* Pretendard-Black.ttf in Resources */,
				9867B6322AE6524900C7359B /* Pretendard-Bold.ttf in Resources */,
				6658376F2AF810EC00A5833E /* GoogleService-Info.plist in Resources */,
			);
			runOnlyForDeploymentPostprocessing = 0;
		};
/* End PBXResourcesBuildPhase section */

/* Begin PBXSourcesBuildPhase section */
		79407D4B2AD7E68D006C7571 /* Sources */ = {
			isa = PBXSourcesBuildPhase;
			buildActionMask = 2147483647;
			files = (
				79AF693D2ADCC07E0064E410 /* Journal.xcdatamodeld in Sources */,
				98DA97002ADFA715000DDAFA /* Bundle+Extension.swift in Sources */,
				9867B63A2AE6533A00C7359B /* Font+Extension.swift in Sources */,
				79D8B1552AF95CF70020DFCC /* Journal+Mind.swift in Sources */,
				79AF69452ADCC2820064E410 /* DataManager.swift in Sources */,
				663755712AF7E53100117085 /* UIViewController+Extension.swift in Sources */,
				79D8B1732AFB52FF0020DFCC /* FeedbackView+Feature.swift in Sources */,
				79407D662AD7EC9E006C7571 /* String+Extension.swift in Sources */,
				791F146E2ADD8CF200F8DDD2 /* SearchView+Feature.swift in Sources */,
				79407D682AD7ED11006C7571 /* Colors.swift in Sources */,
				98DA96EF2ADD5B6A000DDAFA /* DallEApiManager.swift in Sources */,
				6637557D2AF7F0A700117085 /* UIApplication+Extension.swift in Sources */,
				79D8B1632AFA2A9F0020DFCC /* LockSettingView+Feature.swift in Sources */,
				A9D4C73B2AF8CAA30004CF04 /* ImageModifier.swift in Sources */,
				9814C31E2AE01F2600FD0E30 /* MainTextView.swift in Sources */,
				79D8B16F2AFB50660020DFCC /* PolicyView+Feature.swift in Sources */,
				79407D552AD7E68D006C7571 /* ContentView.swift in Sources */,
				98DA96FA2ADFA585000DDAFA /* WritingView.swift in Sources */,
				98DA96F72ADE3D2E000DDAFA /* ChatGPTApiManager.swift in Sources */,
				663755762AF7ECD200117085 /* OhwaAlertImpl.swift in Sources */,
				98F70A832AE5308200FEE4D2 /* WritingPathState.swift in Sources */,
				7927511C2AF232FD0023123C /* OldSettingsView.swift in Sources */,
				79D8B1512AF946CE0020DFCC /* LineNoteView.swift in Sources */,
				794216B82AE22C6A00F24CFD /* CollapsingScrollView.swift in Sources */,
				79407D552AD7E68D006C7571 /* ContentView.swift in Sources */,
				79D8B1712AFB52AB0020DFCC /* FeedbackView.swift in Sources */,
				79D8B15D2AFA22510020DFCC /* SettingsView.swift in Sources */,
				791F14742ADD8EA500F8DDD2 /* Feature.swift in Sources */,
				79D8B1692AFB4F140020DFCC /* BackupSettingView.swift in Sources */,
				791F14682ADD726600F8DDD2 /* RoundedShape.swift in Sources */,
				79D8B15F2AFA225A0020DFCC /* SettingsView+Feature.swift in Sources */,
				792751122AF21AA30023123C /* MainView.swift in Sources */,
				79D8B16D2AFB505A0020DFCC /* PolicyView.swift in Sources */,
				79AF693A2ADAD6CA0064E410 /* Carousel.swift in Sources */,
				6637556F2AF7E3A300117085 /* View+Extension.swift in Sources */,
				79D8B15B2AFA14DB0020DFCC /* ImageZoomViewController.swift in Sources */,
				9814C3202AE250BE00FD0E30 /* MainTextView+Feature.swift in Sources */,
				98726DC92AE6439200A14860 /* UIColor+Extension.swift in Sources */,
				79AF69402ADCC1320064E410 /* Journal+CoreDataClass.swift in Sources */,
				98DA96F22ADD6889000DDAFA /* DallEApiTestView.swift in Sources */,
				79D8B1772AFB57780020DFCC /* WebViewController.swift in Sources */,
				79D8B1612AFA2A910020DFCC /* LockSettingView.swift in Sources */,
				79E5B2C22ADD23C200A86770 /* CvasTabView.swift in Sources */,
				791F14792AE0D8A400F8DDD2 /* JournalView.swift in Sources */,
				792751142AF21AAB0023123C /* MainView+Feature.swift in Sources */,
				791F146A2ADD736B00F8DDD2 /* TabBarLabelStyle.swift in Sources */,
				79407D642AD7EC80006C7571 /* Date+Exntesion.swift in Sources */,
				98F70A872AE5493B00FEE4D2 /* GeneratedDiaryView+Feature.swift in Sources */,
				6658377C2AF8CB0A00A5833E /* Tracking.swift in Sources */,
				6637557B2AF7EF6C00117085 /* OhwaAlertButton.swift in Sources */,
				98726DCB2AE643A700A14860 /* Color+Extension.swift in Sources */,
				79D8B1792AFB692E0020DFCC /* WebView.swift in Sources */,
				7927512D2AF364DC0023123C /* ImageDetailView.swift in Sources */,
				98DA96FC2ADFA594000DDAFA /* WritingView+Feature.swift in Sources */,
				98F70A812AE4E1AA00FEE4D2 /* DrawingStyleView+Feature.swift in Sources */,
				7927512B2AF359590023123C /* HapticManager.swift in Sources */,
				79D8B1532AF947E30020DFCC /* ViewGeometry.swift in Sources */,
				79D8B1592AFA148D0020DFCC /* ImageZoomView.swift in Sources */,
				79D8B1572AF95D0D0020DFCC /* Journal+DrawingStyle.swift in Sources */,
				98202FAA2AE6A0800089CF79 /* LottieImageGenView.swift in Sources */,
				98202FAC2AE933D50089CF79 /* KarloApiManager.swift in Sources */,
				79E5B2CA2ADD4FE200A86770 /* SearchView.swift in Sources */,
				791F147B2AE0D8AF00F8DDD2 /* JournalView+Feature.swift in Sources */,
				792751272AF23F9E0023123C /* SwiftKeychainWrapper+Extension.swift in Sources */,
				663755792AF7ED3600117085 /* OhwaAlert.swift in Sources */,
				79AF69412ADCC1320064E410 /* Journal+CoreDataProperties.swift in Sources */,
				792751202AF2392C0023123C /* UserDefaultsKey.swift in Sources */,
				7927511E2AF233060023123C /* OldSettingsView+Feature.swift in Sources */,
				79E5B2C02ADD1C6800A86770 /* PersistenceController.swift in Sources */,
				7951CE552AF4AF98006A3AA7 /* PasscodeView.swift in Sources */,
				98F70A7F2AE4E18100FEE4D2 /* DrawingStyleView.swift in Sources */,
				79407D532AD7E68D006C7571 /* FallWinApp.swift in Sources */,
				98F70A852AE5492E00FEE4D2 /* GeneratedDiaryView.swift in Sources */,
				791F147D2AE0DD9000F8DDD2 /* UINavigationController+Extension.swift in Sources */,
				79D8B16B2AFB4F1E0020DFCC /* BackupSettingView+Feature.swift in Sources */,
			);
			runOnlyForDeploymentPostprocessing = 0;
		};
/* End PBXSourcesBuildPhase section */

/* Begin XCBuildConfiguration section */
		79407D5B2AD7E68E006C7571 /* Debug */ = {
			isa = XCBuildConfiguration;
			buildSettings = {
				ALWAYS_SEARCH_USER_PATHS = NO;
				ASSETCATALOG_COMPILER_GENERATE_SWIFT_ASSET_SYMBOL_EXTENSIONS = YES;
				CLANG_ANALYZER_NONNULL = YES;
				CLANG_ANALYZER_NUMBER_OBJECT_CONVERSION = YES_AGGRESSIVE;
				CLANG_CXX_LANGUAGE_STANDARD = "gnu++20";
				CLANG_ENABLE_MODULES = YES;
				CLANG_ENABLE_OBJC_ARC = YES;
				CLANG_ENABLE_OBJC_WEAK = YES;
				CLANG_WARN_BLOCK_CAPTURE_AUTORELEASING = YES;
				CLANG_WARN_BOOL_CONVERSION = YES;
				CLANG_WARN_COMMA = YES;
				CLANG_WARN_CONSTANT_CONVERSION = YES;
				CLANG_WARN_DEPRECATED_OBJC_IMPLEMENTATIONS = YES;
				CLANG_WARN_DIRECT_OBJC_ISA_USAGE = YES_ERROR;
				CLANG_WARN_DOCUMENTATION_COMMENTS = YES;
				CLANG_WARN_EMPTY_BODY = YES;
				CLANG_WARN_ENUM_CONVERSION = YES;
				CLANG_WARN_INFINITE_RECURSION = YES;
				CLANG_WARN_INT_CONVERSION = YES;
				CLANG_WARN_NON_LITERAL_NULL_CONVERSION = YES;
				CLANG_WARN_OBJC_IMPLICIT_RETAIN_SELF = YES;
				CLANG_WARN_OBJC_LITERAL_CONVERSION = YES;
				CLANG_WARN_OBJC_ROOT_CLASS = YES_ERROR;
				CLANG_WARN_QUOTED_INCLUDE_IN_FRAMEWORK_HEADER = YES;
				CLANG_WARN_RANGE_LOOP_ANALYSIS = YES;
				CLANG_WARN_STRICT_PROTOTYPES = YES;
				CLANG_WARN_SUSPICIOUS_MOVE = YES;
				CLANG_WARN_UNGUARDED_AVAILABILITY = YES_AGGRESSIVE;
				CLANG_WARN_UNREACHABLE_CODE = YES;
				CLANG_WARN__DUPLICATE_METHOD_MATCH = YES;
				COPY_PHASE_STRIP = NO;
				DEBUG_INFORMATION_FORMAT = dwarf;
				ENABLE_STRICT_OBJC_MSGSEND = YES;
				ENABLE_TESTABILITY = YES;
				ENABLE_USER_SCRIPT_SANDBOXING = YES;
				GCC_C_LANGUAGE_STANDARD = gnu17;
				GCC_DYNAMIC_NO_PIC = NO;
				GCC_NO_COMMON_BLOCKS = YES;
				GCC_OPTIMIZATION_LEVEL = 0;
				GCC_PREPROCESSOR_DEFINITIONS = (
					"DEBUG=1",
					"$(inherited)",
				);
				GCC_WARN_64_TO_32_BIT_CONVERSION = YES;
				GCC_WARN_ABOUT_RETURN_TYPE = YES_ERROR;
				GCC_WARN_UNDECLARED_SELECTOR = YES;
				GCC_WARN_UNINITIALIZED_AUTOS = YES_AGGRESSIVE;
				GCC_WARN_UNUSED_FUNCTION = YES;
				GCC_WARN_UNUSED_VARIABLE = YES;
				IPHONEOS_DEPLOYMENT_TARGET = 16.0;
				LOCALIZATION_PREFERS_STRING_CATALOGS = YES;
				MTL_ENABLE_DEBUG_INFO = INCLUDE_SOURCE;
				MTL_FAST_MATH = YES;
				ONLY_ACTIVE_ARCH = YES;
				SDKROOT = iphoneos;
				SWIFT_ACTIVE_COMPILATION_CONDITIONS = "DEBUG $(inherited)";
				SWIFT_OPTIMIZATION_LEVEL = "-Onone";
			};
			name = Debug;
		};
		79407D5C2AD7E68E006C7571 /* Release */ = {
			isa = XCBuildConfiguration;
			buildSettings = {
				ALWAYS_SEARCH_USER_PATHS = NO;
				ASSETCATALOG_COMPILER_GENERATE_SWIFT_ASSET_SYMBOL_EXTENSIONS = YES;
				CLANG_ANALYZER_NONNULL = YES;
				CLANG_ANALYZER_NUMBER_OBJECT_CONVERSION = YES_AGGRESSIVE;
				CLANG_CXX_LANGUAGE_STANDARD = "gnu++20";
				CLANG_ENABLE_MODULES = YES;
				CLANG_ENABLE_OBJC_ARC = YES;
				CLANG_ENABLE_OBJC_WEAK = YES;
				CLANG_WARN_BLOCK_CAPTURE_AUTORELEASING = YES;
				CLANG_WARN_BOOL_CONVERSION = YES;
				CLANG_WARN_COMMA = YES;
				CLANG_WARN_CONSTANT_CONVERSION = YES;
				CLANG_WARN_DEPRECATED_OBJC_IMPLEMENTATIONS = YES;
				CLANG_WARN_DIRECT_OBJC_ISA_USAGE = YES_ERROR;
				CLANG_WARN_DOCUMENTATION_COMMENTS = YES;
				CLANG_WARN_EMPTY_BODY = YES;
				CLANG_WARN_ENUM_CONVERSION = YES;
				CLANG_WARN_INFINITE_RECURSION = YES;
				CLANG_WARN_INT_CONVERSION = YES;
				CLANG_WARN_NON_LITERAL_NULL_CONVERSION = YES;
				CLANG_WARN_OBJC_IMPLICIT_RETAIN_SELF = YES;
				CLANG_WARN_OBJC_LITERAL_CONVERSION = YES;
				CLANG_WARN_OBJC_ROOT_CLASS = YES_ERROR;
				CLANG_WARN_QUOTED_INCLUDE_IN_FRAMEWORK_HEADER = YES;
				CLANG_WARN_RANGE_LOOP_ANALYSIS = YES;
				CLANG_WARN_STRICT_PROTOTYPES = YES;
				CLANG_WARN_SUSPICIOUS_MOVE = YES;
				CLANG_WARN_UNGUARDED_AVAILABILITY = YES_AGGRESSIVE;
				CLANG_WARN_UNREACHABLE_CODE = YES;
				CLANG_WARN__DUPLICATE_METHOD_MATCH = YES;
				COPY_PHASE_STRIP = NO;
				DEBUG_INFORMATION_FORMAT = "dwarf-with-dsym";
				ENABLE_NS_ASSERTIONS = NO;
				ENABLE_STRICT_OBJC_MSGSEND = YES;
				ENABLE_USER_SCRIPT_SANDBOXING = YES;
				GCC_C_LANGUAGE_STANDARD = gnu17;
				GCC_NO_COMMON_BLOCKS = YES;
				GCC_WARN_64_TO_32_BIT_CONVERSION = YES;
				GCC_WARN_ABOUT_RETURN_TYPE = YES_ERROR;
				GCC_WARN_UNDECLARED_SELECTOR = YES;
				GCC_WARN_UNINITIALIZED_AUTOS = YES_AGGRESSIVE;
				GCC_WARN_UNUSED_FUNCTION = YES;
				GCC_WARN_UNUSED_VARIABLE = YES;
				IPHONEOS_DEPLOYMENT_TARGET = 16.0;
				LOCALIZATION_PREFERS_STRING_CATALOGS = YES;
				MTL_ENABLE_DEBUG_INFO = NO;
				MTL_FAST_MATH = YES;
				SDKROOT = iphoneos;
				SWIFT_COMPILATION_MODE = wholemodule;
				VALIDATE_PRODUCT = YES;
			};
			name = Release;
		};
		79407D5E2AD7E68E006C7571 /* Debug */ = {
			isa = XCBuildConfiguration;
			buildSettings = {
				ASSETCATALOG_COMPILER_APPICON_NAME = AppIcon;
				ASSETCATALOG_COMPILER_GLOBAL_ACCENT_COLOR_NAME = AccentColor;
				CODE_SIGN_STYLE = Automatic;
				CURRENT_PROJECT_VERSION = 23102402;
				DEVELOPMENT_ASSET_PATHS = "\"FallWin/Preview Content\"";
				DEVELOPMENT_TEAM = 386W4DPD42;
				ENABLE_PREVIEWS = YES;
				GENERATE_INFOPLIST_FILE = YES;
				INFOPLIST_FILE = FallWin/Info.plist;
				INFOPLIST_KEY_CFBundleDisplayName = "오화";
				INFOPLIST_KEY_NSFaceIDUsageDescription = "앱 잠금 해제";
				INFOPLIST_KEY_NSPhotoLibraryUsageDescription = "사진을 저장합니다.";
				INFOPLIST_KEY_UIApplicationSceneManifest_Generation = YES;
				INFOPLIST_KEY_UIApplicationSupportsIndirectInputEvents = YES;
				INFOPLIST_KEY_UILaunchScreen_Generation = YES;
				INFOPLIST_KEY_UISupportedInterfaceOrientations = UIInterfaceOrientationPortrait;
				INFOPLIST_KEY_UISupportedInterfaceOrientations_iPad = "UIInterfaceOrientationLandscapeLeft UIInterfaceOrientationLandscapeRight UIInterfaceOrientationPortrait UIInterfaceOrientationPortraitUpsideDown";
				INFOPLIST_KEY_UIUserInterfaceStyle = Light;
				IPHONEOS_DEPLOYMENT_TARGET = 16.0;
				LD_RUNPATH_SEARCH_PATHS = (
					"$(inherited)",
					"@executable_path/Frameworks",
				);
				MARKETING_VERSION = 1.0.0;
				PRODUCT_BUNDLE_IDENTIFIER = com.semin.ohwa;
				PRODUCT_NAME = "$(TARGET_NAME)";
				SUPPORTED_PLATFORMS = "iphoneos iphonesimulator";
				SUPPORTS_MACCATALYST = NO;
				SUPPORTS_MAC_DESIGNED_FOR_IPHONE_IPAD = NO;
				SWIFT_EMIT_LOC_STRINGS = YES;
				SWIFT_VERSION = 5.0;
				TARGETED_DEVICE_FAMILY = 1;
			};
			name = Debug;
		};
		79407D5F2AD7E68E006C7571 /* Release */ = {
			isa = XCBuildConfiguration;
			buildSettings = {
				ASSETCATALOG_COMPILER_APPICON_NAME = AppIcon;
				ASSETCATALOG_COMPILER_GLOBAL_ACCENT_COLOR_NAME = AccentColor;
				CODE_SIGN_STYLE = Automatic;
				CURRENT_PROJECT_VERSION = 23102402;
				DEVELOPMENT_ASSET_PATHS = "\"FallWin/Preview Content\"";
				DEVELOPMENT_TEAM = 386W4DPD42;
				ENABLE_PREVIEWS = YES;
				GENERATE_INFOPLIST_FILE = YES;
				INFOPLIST_FILE = FallWin/Info.plist;
				INFOPLIST_KEY_CFBundleDisplayName = "오화";
				INFOPLIST_KEY_NSFaceIDUsageDescription = "앱 잠금 해제";
				INFOPLIST_KEY_NSPhotoLibraryUsageDescription = "사진을 저장합니다.";
				INFOPLIST_KEY_UIApplicationSceneManifest_Generation = YES;
				INFOPLIST_KEY_UIApplicationSupportsIndirectInputEvents = YES;
				INFOPLIST_KEY_UILaunchScreen_Generation = YES;
				INFOPLIST_KEY_UISupportedInterfaceOrientations = UIInterfaceOrientationPortrait;
				INFOPLIST_KEY_UISupportedInterfaceOrientations_iPad = "UIInterfaceOrientationLandscapeLeft UIInterfaceOrientationLandscapeRight UIInterfaceOrientationPortrait UIInterfaceOrientationPortraitUpsideDown";
				INFOPLIST_KEY_UIUserInterfaceStyle = Light;
				IPHONEOS_DEPLOYMENT_TARGET = 16.0;
				LD_RUNPATH_SEARCH_PATHS = (
					"$(inherited)",
					"@executable_path/Frameworks",
				);
				MARKETING_VERSION = 1.0.0;
				PRODUCT_BUNDLE_IDENTIFIER = com.semin.ohwa;
				PRODUCT_NAME = "$(TARGET_NAME)";
				SUPPORTED_PLATFORMS = "iphoneos iphonesimulator";
				SUPPORTS_MACCATALYST = NO;
				SUPPORTS_MAC_DESIGNED_FOR_IPHONE_IPAD = NO;
				SWIFT_EMIT_LOC_STRINGS = YES;
				SWIFT_VERSION = 5.0;
				TARGETED_DEVICE_FAMILY = 1;
			};
			name = Release;
		};
/* End XCBuildConfiguration section */

/* Begin XCConfigurationList section */
		79407D4A2AD7E68D006C7571 /* Build configuration list for PBXProject "FallWin" */ = {
			isa = XCConfigurationList;
			buildConfigurations = (
				79407D5B2AD7E68E006C7571 /* Debug */,
				79407D5C2AD7E68E006C7571 /* Release */,
			);
			defaultConfigurationIsVisible = 0;
			defaultConfigurationName = Release;
		};
		79407D5D2AD7E68E006C7571 /* Build configuration list for PBXNativeTarget "FallWin" */ = {
			isa = XCConfigurationList;
			buildConfigurations = (
				79407D5E2AD7E68E006C7571 /* Debug */,
				79407D5F2AD7E68E006C7571 /* Release */,
			);
			defaultConfigurationIsVisible = 0;
			defaultConfigurationName = Release;
		};
/* End XCConfigurationList section */

/* Begin XCRemoteSwiftPackageReference section */
		665837632AF80B7600A5833E /* XCRemoteSwiftPackageReference "firebase-ios-sdk" */ = {
			isa = XCRemoteSwiftPackageReference;
			repositoryURL = "https://github.com/firebase/firebase-ios-sdk.git";
			requirement = {
				kind = upToNextMajorVersion;
				minimumVersion = 10.17.0;
			};
		};
		792751232AF23DC10023123C /* XCRemoteSwiftPackageReference "SwiftKeychainWrapper" */ = {
			isa = XCRemoteSwiftPackageReference;
			repositoryURL = "https://github.com/jrendel/SwiftKeychainWrapper";
			requirement = {
				kind = upToNextMajorVersion;
				minimumVersion = 4.0.1;
			};
		};
		79E5B2CF2ADD501200A86770 /* XCRemoteSwiftPackageReference "swift-composable-architecture" */ = {
			isa = XCRemoteSwiftPackageReference;
			repositoryURL = "https://github.com/pointfreeco/swift-composable-architecture";
			requirement = {
				kind = upToNextMajorVersion;
				minimumVersion = 1.2.0;
			};
		};
		79E5B2D22ADD502100A86770 /* XCRemoteSwiftPackageReference "Alamofire" */ = {
			isa = XCRemoteSwiftPackageReference;
			repositoryURL = "https://github.com/Alamofire/Alamofire.git";
			requirement = {
				kind = upToNextMajorVersion;
				minimumVersion = 5.8.0;
			};
		};
		98202FA52AE6A0360089CF79 /* XCRemoteSwiftPackageReference "lottie-ios" */ = {
			isa = XCRemoteSwiftPackageReference;
			repositoryURL = "https://github.com/airbnb/lottie-ios";
			requirement = {
				kind = upToNextMajorVersion;
				minimumVersion = 4.3.3;
			};
		};
/* End XCRemoteSwiftPackageReference section */

/* Begin XCSwiftPackageProductDependency section */
		665837642AF80B7600A5833E /* FirebaseAnalytics */ = {
			isa = XCSwiftPackageProductDependency;
			package = 665837632AF80B7600A5833E /* XCRemoteSwiftPackageReference "firebase-ios-sdk" */;
			productName = FirebaseAnalytics;
		};
		665837662AF80B7600A5833E /* FirebaseAnalyticsOnDeviceConversion */ = {
			isa = XCSwiftPackageProductDependency;
			package = 665837632AF80B7600A5833E /* XCRemoteSwiftPackageReference "firebase-ios-sdk" */;
			productName = FirebaseAnalyticsOnDeviceConversion;
		};
		665837682AF80B7600A5833E /* FirebaseAnalyticsSwift */ = {
			isa = XCSwiftPackageProductDependency;
			package = 665837632AF80B7600A5833E /* XCRemoteSwiftPackageReference "firebase-ios-sdk" */;
			productName = FirebaseAnalyticsSwift;
		};
		6658376A2AF80B7600A5833E /* FirebaseAnalyticsWithoutAdIdSupport */ = {
			isa = XCSwiftPackageProductDependency;
			package = 665837632AF80B7600A5833E /* XCRemoteSwiftPackageReference "firebase-ios-sdk" */;
			productName = FirebaseAnalyticsWithoutAdIdSupport;
		};
		6658376C2AF80B7600A5833E /* FirebaseAppCheck */ = {
			isa = XCSwiftPackageProductDependency;
			package = 665837632AF80B7600A5833E /* XCRemoteSwiftPackageReference "firebase-ios-sdk" */;
			productName = FirebaseAppCheck;
		};
		665837702AF8110600A5833E /* FirebaseAnalytics */ = {
			isa = XCSwiftPackageProductDependency;
			package = 665837632AF80B7600A5833E /* XCRemoteSwiftPackageReference "firebase-ios-sdk" */;
			productName = FirebaseAnalytics;
		};
		665837722AF8110600A5833E /* FirebaseAnalyticsOnDeviceConversion */ = {
			isa = XCSwiftPackageProductDependency;
			package = 665837632AF80B7600A5833E /* XCRemoteSwiftPackageReference "firebase-ios-sdk" */;
			productName = FirebaseAnalyticsOnDeviceConversion;
		};
		665837742AF8110600A5833E /* FirebaseAnalyticsSwift */ = {
			isa = XCSwiftPackageProductDependency;
			package = 665837632AF80B7600A5833E /* XCRemoteSwiftPackageReference "firebase-ios-sdk" */;
			productName = FirebaseAnalyticsSwift;
		};
		665837762AF8110600A5833E /* FirebaseAnalyticsWithoutAdIdSupport */ = {
			isa = XCSwiftPackageProductDependency;
			package = 665837632AF80B7600A5833E /* XCRemoteSwiftPackageReference "firebase-ios-sdk" */;
			productName = FirebaseAnalyticsWithoutAdIdSupport;
		};
		665837782AF8110600A5833E /* FirebaseAppCheck */ = {
			isa = XCSwiftPackageProductDependency;
			package = 665837632AF80B7600A5833E /* XCRemoteSwiftPackageReference "firebase-ios-sdk" */;
			productName = FirebaseAppCheck;
		};
		792751242AF23DC10023123C /* SwiftKeychainWrapper */ = {
			isa = XCSwiftPackageProductDependency;
			package = 792751232AF23DC10023123C /* XCRemoteSwiftPackageReference "SwiftKeychainWrapper" */;
			productName = SwiftKeychainWrapper;
		};
		79E5B2D02ADD501200A86770 /* ComposableArchitecture */ = {
			isa = XCSwiftPackageProductDependency;
			package = 79E5B2CF2ADD501200A86770 /* XCRemoteSwiftPackageReference "swift-composable-architecture" */;
			productName = ComposableArchitecture;
		};
		79E5B2D32ADD502100A86770 /* Alamofire */ = {
			isa = XCSwiftPackageProductDependency;
			package = 79E5B2D22ADD502100A86770 /* XCRemoteSwiftPackageReference "Alamofire" */;
			productName = Alamofire;
		};
		98202FA62AE6A0360089CF79 /* Lottie */ = {
			isa = XCSwiftPackageProductDependency;
			package = 98202FA52AE6A0360089CF79 /* XCRemoteSwiftPackageReference "lottie-ios" */;
			productName = Lottie;
		};
/* End XCSwiftPackageProductDependency section */

/* Begin XCVersionGroup section */
		79AF693B2ADCC07E0064E410 /* Journal.xcdatamodeld */ = {
			isa = XCVersionGroup;
			children = (
				79AF693C2ADCC07E0064E410 /* Journal.xcdatamodel */,
			);
			currentVersion = 79AF693C2ADCC07E0064E410 /* Journal.xcdatamodel */;
			path = Journal.xcdatamodeld;
			sourceTree = "<group>";
			versionGroupType = wrapper.xcdatamodel;
		};
/* End XCVersionGroup section */
	};
	rootObject = 79407D472AD7E68D006C7571 /* Project object */;
}
